
Microsoft Visual Studio Solution File, Format Version 12.00
# Visual Studio 15
VisualStudioVersion = 15.0.27130.2010
MinimumVisualStudioVersion = 10.0.40219.1
Project("{2150E333-8FDC-42A3-9474-1A3956D46DE8}") = "unity-2017.1.0-mbe", "unity-2017.1.0-mbe", "{F44EEFE0-E70A-4960-AB3E-303B6A6EBFE5}"
EndProject
Project("{8BC9CEB8-8B4A-11D0-8D11-00A0C91BC942}") = "build-init", "unity-2017.1.0-mbe\msvc\build-init.vcxproj", "{56D66E5F-1D99-4D1C-ACAF-37615C17CD19}"
EndProject
Project("{8BC9CEB8-8B4A-11D0-8D11-00A0C91BC942}") = "eglib", "unity-2017.1.0-mbe\msvc\eglib.vcxproj", "{A08BF267-4549-46A5-9486-572E89F06438}"
EndProject
Project("{8BC9CEB8-8B4A-11D0-8D11-00A0C91BC942}") = "genmdesc", "unity-2017.1.0-mbe\msvc\genmdesc.vcxproj", "{0A86CA15-7FAD-44D6-B899-9C8495F30F26}"
EndProject
Project("{8BC9CEB8-8B4A-11D0-8D11-00A0C91BC942}") = "libgcbdwgc", "unity-2017.1.0-mbe\msvc\libgcbdwgc.vcxproj", "{3AB90CCC-30A5-4A97-82CB-D4AC52B24896}"
EndProject
Project("{8BC9CEB8-8B4A-11D0-8D11-00A0C91BC942}") = "libmono", "unity-2017.1.0-mbe\msvc\libmono.vcxproj", "{2F9232CE-1386-4AAB-98F3-B844311FECA5}"
EndProject
Project("{8BC9CEB8-8B4A-11D0-8D11-00A0C91BC942}") = "libmonoruntime", "unity-2017.1.0-mbe\msvc\libmonoruntime.vcxproj", "{2B0F26B2-2012-4DE8-9644-30DEB5C84DC5}"
EndProject
Project("{8BC9CEB8-8B4A-11D0-8D11-00A0C91BC942}") = "libmono-static", "unity-2017.1.0-mbe\msvc\libmono-static.vcxproj", "{4A0FFA29-801A-4C40-82B5-543CCF7E1D01}"
EndProject
Project("{8BC9CEB8-8B4A-11D0-8D11-00A0C91BC942}") = "libmonoutils", "unity-2017.1.0-mbe\msvc\libmonoutils.vcxproj", "{659A1675-0D9B-46CB-A2F3-5ECE076FB46F}"
EndProject
Global
	GlobalSection(SolutionConfigurationPlatforms) = preSolution
		Debug|x64 = Debug|x64
		Debug|x86 = Debug|x86
		Release|x64 = Release|x64
		Release|x86 = Release|x86
	EndGlobalSection
	GlobalSection(ProjectConfigurationPlatforms) = postSolution
		{56D66E5F-1D99-4D1C-ACAF-37615C17CD19}.Debug|x64.ActiveCfg = Debug|x64
		{56D66E5F-1D99-4D1C-ACAF-37615C17CD19}.Debug|x64.Build.0 = Debug|x64
		{56D66E5F-1D99-4D1C-ACAF-37615C17CD19}.Debug|x86.ActiveCfg = Debug|Win32
		{56D66E5F-1D99-4D1C-ACAF-37615C17CD19}.Debug|x86.Build.0 = Debug|Win32
		{56D66E5F-1D99-4D1C-ACAF-37615C17CD19}.Release|x64.ActiveCfg = Release|x64
		{56D66E5F-1D99-4D1C-ACAF-37615C17CD19}.Release|x64.Build.0 = Release|x64
		{56D66E5F-1D99-4D1C-ACAF-37615C17CD19}.Release|x86.ActiveCfg = Release|Win32
		{56D66E5F-1D99-4D1C-ACAF-37615C17CD19}.Release|x86.Build.0 = Release|Win32
		{A08BF267-4549-46A5-9486-572E89F06438}.Debug|x64.ActiveCfg = Debug|x64
		{A08BF267-4549-46A5-9486-572E89F06438}.Debug|x64.Build.0 = Debug|x64
		{A08BF267-4549-46A5-9486-572E89F06438}.Debug|x86.ActiveCfg = Debug|Win32
		{A08BF267-4549-46A5-9486-572E89F06438}.Debug|x86.Build.0 = Debug|Win32
		{A08BF267-4549-46A5-9486-572E89F06438}.Release|x64.ActiveCfg = Release|x64
		{A08BF267-4549-46A5-9486-572E89F06438}.Release|x64.Build.0 = Release|x64
		{A08BF267-4549-46A5-9486-572E89F06438}.Release|x86.ActiveCfg = Release|Win32
		{A08BF267-4549-46A5-9486-572E89F06438}.Release|x86.Build.0 = Release|Win32
		{0A86CA15-7FAD-44D6-B899-9C8495F30F26}.Debug|x64.ActiveCfg = Debug|x64
		{0A86CA15-7FAD-44D6-B899-9C8495F30F26}.Debug|x64.Build.0 = Debug|x64
		{0A86CA15-7FAD-44D6-B899-9C8495F30F26}.Debug|x86.ActiveCfg = Debug|Win32
		{0A86CA15-7FAD-44D6-B899-9C8495F30F26}.Debug|x86.Build.0 = Debug|Win32
		{0A86CA15-7FAD-44D6-B899-9C8495F30F26}.Release|x64.ActiveCfg = Release|x64
		{0A86CA15-7FAD-44D6-B899-9C8495F30F26}.Release|x64.Build.0 = Release|x64
		{0A86CA15-7FAD-44D6-B899-9C8495F30F26}.Release|x86.ActiveCfg = Release|Win32
		{0A86CA15-7FAD-44D6-B899-9C8495F30F26}.Release|x86.Build.0 = Release|Win32
		{3AB90CCC-30A5-4A97-82CB-D4AC52B24896}.Debug|x64.ActiveCfg = Debug|x64
		{3AB90CCC-30A5-4A97-82CB-D4AC52B24896}.Debug|x64.Build.0 = Debug|x64
		{3AB90CCC-30A5-4A97-82CB-D4AC52B24896}.Debug|x86.ActiveCfg = Debug|Win32
		{3AB90CCC-30A5-4A97-82CB-D4AC52B24896}.Debug|x86.Build.0 = Debug|Win32
		{3AB90CCC-30A5-4A97-82CB-D4AC52B24896}.Release|x64.ActiveCfg = Release|x64
		{3AB90CCC-30A5-4A97-82CB-D4AC52B24896}.Release|x64.Build.0 = Release|x64
		{3AB90CCC-30A5-4A97-82CB-D4AC52B24896}.Release|x86.ActiveCfg = Release|Win32
		{3AB90CCC-30A5-4A97-82CB-D4AC52B24896}.Release|x86.Build.0 = Release|Win32
		{2F9232CE-1386-4AAB-98F3-B844311FECA5}.Debug|x64.ActiveCfg = Debug|x64
		{2F9232CE-1386-4AAB-98F3-B844311FECA5}.Debug|x64.Build.0 = Debug|x64
		{2F9232CE-1386-4AAB-98F3-B844311FECA5}.Debug|x86.ActiveCfg = Debug|Win32
		{2F9232CE-1386-4AAB-98F3-B844311FECA5}.Debug|x86.Build.0 = Debug|Win32
		{2F9232CE-1386-4AAB-98F3-B844311FECA5}.Release|x64.ActiveCfg = Release|x64
		{2F9232CE-1386-4AAB-98F3-B844311FECA5}.Release|x64.Build.0 = Release|x64
		{2F9232CE-1386-4AAB-98F3-B844311FECA5}.Release|x86.ActiveCfg = Release|Win32
		{2F9232CE-1386-4AAB-98F3-B844311FECA5}.Release|x86.Build.0 = Release|Win32
		{2B0F26B2-2012-4DE8-9644-30DEB5C84DC5}.Debug|x64.ActiveCfg = Debug|x64
		{2B0F26B2-2012-4DE8-9644-30DEB5C84DC5}.Debug|x64.Build.0 = Debug|x64
		{2B0F26B2-2012-4DE8-9644-30DEB5C84DC5}.Debug|x86.ActiveCfg = Debug|Win32
		{2B0F26B2-2012-4DE8-9644-30DEB5C84DC5}.Debug|x86.Build.0 = Debug|Win32
		{2B0F26B2-2012-4DE8-9644-30DEB5C84DC5}.Release|x64.ActiveCfg = Release|x64
		{2B0F26B2-2012-4DE8-9644-30DEB5C84DC5}.Release|x64.Build.0 = Release|x64
		{2B0F26B2-2012-4DE8-9644-30DEB5C84DC5}.Release|x86.ActiveCfg = Release|Win32
		{2B0F26B2-2012-4DE8-9644-30DEB5C84DC5}.Release|x86.Build.0 = Release|Win32
		{4A0FFA29-801A-4C40-82B5-543CCF7E1D01}.Debug|x64.ActiveCfg = Debug|x64
		{4A0FFA29-801A-4C40-82B5-543CCF7E1D01}.Debug|x64.Build.0 = Debug|x64
		{4A0FFA29-801A-4C40-82B5-543CCF7E1D01}.Debug|x86.ActiveCfg = Debug|Win32
		{4A0FFA29-801A-4C40-82B5-543CCF7E1D01}.Debug|x86.Build.0 = Debug|Win32
		{4A0FFA29-801A-4C40-82B5-543CCF7E1D01}.Release|x64.ActiveCfg = Release|x64
		{4A0FFA29-801A-4C40-82B5-543CCF7E1D01}.Release|x64.Build.0 = Release|x64
		{4A0FFA29-801A-4C40-82B5-543CCF7E1D01}.Release|x86.ActiveCfg = Release|Win32
		{4A0FFA29-801A-4C40-82B5-543CCF7E1D01}.Release|x86.Build.0 = Release|Win32
		{659A1675-0D9B-46CB-A2F3-5ECE076FB46F}.Debug|x64.ActiveCfg = Debug|x64
		{659A1675-0D9B-46CB-A2F3-5ECE076FB46F}.Debug|x64.Build.0 = Debug|x64
		{659A1675-0D9B-46CB-A2F3-5ECE076FB46F}.Debug|x86.ActiveCfg = Debug|Win32
		{659A1675-0D9B-46CB-A2F3-5ECE076FB46F}.Debug|x86.Build.0 = Debug|Win32
		{659A1675-0D9B-46CB-A2F3-5ECE076FB46F}.Release|x64.ActiveCfg = Release|x64
		{659A1675-0D9B-46CB-A2F3-5ECE076FB46F}.Release|x64.Build.0 = Release|x64
		{659A1675-0D9B-46CB-A2F3-5ECE076FB46F}.Release|x86.ActiveCfg = Release|Win32
		{659A1675-0D9B-46CB-A2F3-5ECE076FB46F}.Release|x86.Build.0 = Release|Win32
	EndGlobalSection
	GlobalSection(SolutionProperties) = preSolution
		HideSolutionNode = FALSE
	EndGlobalSection
	GlobalSection(NestedProjects) = preSolution
		{56D66E5F-1D99-4D1C-ACAF-37615C17CD19} = {F44EEFE0-E70A-4960-AB3E-303B6A6EBFE5}
		{A08BF267-4549-46A5-9486-572E89F06438} = {F44EEFE0-E70A-4960-AB3E-303B6A6EBFE5}
		{0A86CA15-7FAD-44D6-B899-9C8495F30F26} = {F44EEFE0-E70A-4960-AB3E-303B6A6EBFE5}
		{3AB90CCC-30A5-4A97-82CB-D4AC52B24896} = {F44EEFE0-E70A-4960-AB3E-303B6A6EBFE5}
		{2F9232CE-1386-4AAB-98F3-B844311FECA5} = {F44EEFE0-E70A-4960-AB3E-303B6A6EBFE5}
		{2B0F26B2-2012-4DE8-9644-30DEB5C84DC5} = {F44EEFE0-E70A-4960-AB3E-303B6A6EBFE5}
		{4A0FFA29-801A-4C40-82B5-543CCF7E1D01} = {F44EEFE0-E70A-4960-AB3E-303B6A6EBFE5}
		{659A1675-0D9B-46CB-A2F3-5ECE076FB46F} = {F44EEFE0-E70A-4960-AB3E-303B6A6EBFE5}
	EndGlobalSection
	GlobalSection(ExtensibilityGlobals) = postSolution
		SolutionGuid = {8FF3AFA1-AF3B-4A69-8F7D-B6E6EADAD5CE}
	EndGlobalSection
EndGlobal
