
Microsoft Visual Studio Solution File, Format Version 12.00
# Visual Studio 15
VisualStudioVersion = 15.0.27130.2010
MinimumVisualStudioVersion = 10.0.40219.1
Project("{2150E333-8FDC-42A3-9474-1A3956D46DE8}") = "dnSpyFiles", "dnSpyFiles", "{BCDFE47C-A4D8-4F5C-BCED-4AEBDC711E34}"
	ProjectSection(SolutionItems) = preProject
		dnSpyFiles\dnSpy.c = dnSpyFiles\dnSpy.c
	EndProjectSection
EndProject
Project("{2150E333-8FDC-42A3-9474-1A3956D46DE8}") = "unity-2019.1.0-mbe", "unity-2019.1.0-mbe", "{A2AD4B9B-510C-42BD-92F8-0BD83D26A3D8}"
EndProject
Project("{8BC9CEB8-8B4A-11D0-8D11-00A0C91BC942}") = "build-init", "unity-2019.1.0-mbe\msvc\build-init.vcxproj", "{BD8DFCE9-B3B9-473B-A01A-DA0589954D95}"
EndProject
Project("{8BC9CEB8-8B4A-11D0-8D11-00A0C91BC942}") = "eglib", "unity-2019.1.0-mbe\msvc\eglib.vcxproj", "{1B651F9F-A7F3-4515-ACAD-87815E719BAC}"
EndProject
Project("{8BC9CEB8-8B4A-11D0-8D11-00A0C91BC942}") = "genmdesc", "unity-2019.1.0-mbe\msvc\genmdesc.vcxproj", "{AAF54264-A8B7-4CD1-B918-16A7A097C49B}"
EndProject
Project("{8BC9CEB8-8B4A-11D0-8D11-00A0C91BC942}") = "libgcbdwgc", "unity-2019.1.0-mbe\msvc\libgcbdwgc.vcxproj", "{F31997CC-1E7D-4F4A-A62D-2A793B438567}"
EndProject
Project("{8BC9CEB8-8B4A-11D0-8D11-00A0C91BC942}") = "libmono-dynamic", "unity-2019.1.0-mbe\msvc\libmono-dynamic.vcxproj", "{7130B8C2-58D4-451B-95C6-8EAC3A6C0155}"
EndProject
Project("{2150E333-8FDC-42A3-9474-1A3956D46DE8}") = "unity-2019.1.1-mbe", "unity-2019.1.1-mbe", "{CA5C035C-D4A6-4E92-AF27-BAAA6FC1B629}"
EndProject
Project("{8BC9CEB8-8B4A-11D0-8D11-00A0C91BC942}") = "build-init", "unity-2019.1.1-mbe\msvc\build-init.vcxproj", "{AC32F627-1F68-4A8E-BACA-43212659CB54}"
EndProject
Project("{8BC9CEB8-8B4A-11D0-8D11-00A0C91BC942}") = "eglib", "unity-2019.1.1-mbe\msvc\eglib.vcxproj", "{566A9C64-D73A-4241-A845-14CB10273C30}"
EndProject
Project("{8BC9CEB8-8B4A-11D0-8D11-00A0C91BC942}") = "genmdesc", "unity-2019.1.1-mbe\msvc\genmdesc.vcxproj", "{7793CA02-6C95-4D2B-8899-888C1C5EAF29}"
EndProject
Project("{8BC9CEB8-8B4A-11D0-8D11-00A0C91BC942}") = "libgcbdwgc", "unity-2019.1.1-mbe\msvc\libgcbdwgc.vcxproj", "{288DDEF3-DF3B-4BB8-A910-D49E7686A3F3}"
EndProject
Project("{8BC9CEB8-8B4A-11D0-8D11-00A0C91BC942}") = "libmono-dynamic", "unity-2019.1.1-mbe\msvc\libmono-dynamic.vcxproj", "{38823906-3ED8-450E-A520-EF44857B88DB}"
EndProject
Project("{2150E333-8FDC-42A3-9474-1A3956D46DE8}") = "unity-2019.1.2-mbe", "unity-2019.1.2-mbe", "{15011927-A4E5-4617-9D09-4D1EFA5B5EC1}"
EndProject
Project("{8BC9CEB8-8B4A-11D0-8D11-00A0C91BC942}") = "build-init", "unity-2019.1.2-mbe\msvc\build-init.vcxproj", "{92FBCDC4-9451-4FAC-91F1-C910CA12F3A1}"
EndProject
Project("{8BC9CEB8-8B4A-11D0-8D11-00A0C91BC942}") = "eglib", "unity-2019.1.2-mbe\msvc\eglib.vcxproj", "{D24AC895-9227-433A-AD4F-8F3A6B096E21}"
EndProject
Project("{8BC9CEB8-8B4A-11D0-8D11-00A0C91BC942}") = "genmdesc", "unity-2019.1.2-mbe\msvc\genmdesc.vcxproj", "{47201ACE-CB30-4D37-A3B2-D2AF790AE5B8}"
EndProject
Project("{8BC9CEB8-8B4A-11D0-8D11-00A0C91BC942}") = "libgcbdwgc", "unity-2019.1.2-mbe\msvc\libgcbdwgc.vcxproj", "{8A7A9AB7-D057-4092-9781-E9C009E97871}"
EndProject
Project("{8BC9CEB8-8B4A-11D0-8D11-00A0C91BC942}") = "libmono-dynamic", "unity-2019.1.2-mbe\msvc\libmono-dynamic.vcxproj", "{A8E460E2-9E55-49F7-BE11-EB901171D34A}"
EndProject
Project("{2150E333-8FDC-42A3-9474-1A3956D46DE8}") = "unity-2019.1.3-mbe", "unity-2019.1.3-mbe", "{5D4B85B7-2718-4414-913B-C88A3AB91F9E}"
EndProject
Project("{8BC9CEB8-8B4A-11D0-8D11-00A0C91BC942}") = "build-init", "unity-2019.1.3-mbe\msvc\build-init.vcxproj", "{6734EB15-D2A2-4D81-A6F6-6CF39FAF52D2}"
EndProject
Project("{8BC9CEB8-8B4A-11D0-8D11-00A0C91BC942}") = "eglib", "unity-2019.1.3-mbe\msvc\eglib.vcxproj", "{0FE7D81E-08E2-4DA1-B4F0-BFF200DCC63B}"
EndProject
Project("{8BC9CEB8-8B4A-11D0-8D11-00A0C91BC942}") = "genmdesc", "unity-2019.1.3-mbe\msvc\genmdesc.vcxproj", "{44A28520-5F64-46A1-840F-2346C305CD31}"
EndProject
Project("{8BC9CEB8-8B4A-11D0-8D11-00A0C91BC942}") = "libgcbdwgc", "unity-2019.1.3-mbe\msvc\libgcbdwgc.vcxproj", "{BA372DF6-193E-47EA-AAAA-D296E4E5EEAC}"
EndProject
Project("{8BC9CEB8-8B4A-11D0-8D11-00A0C91BC942}") = "libmono-dynamic", "unity-2019.1.3-mbe\msvc\libmono-dynamic.vcxproj", "{05759876-2402-4B24-9572-76A560E37A45}"
EndProject
Project("{2150E333-8FDC-42A3-9474-1A3956D46DE8}") = "unity-2019.1.4-mbe", "unity-2019.1.4-mbe", "{D310AA09-F5FC-436D-BB93-4922D901BB7D}"
EndProject
Project("{8BC9CEB8-8B4A-11D0-8D11-00A0C91BC942}") = "build-init", "unity-2019.1.4-mbe\msvc\build-init.vcxproj", "{97265F88-EABB-4D29-A4D8-A6A820DCBB06}"
EndProject
Project("{8BC9CEB8-8B4A-11D0-8D11-00A0C91BC942}") = "eglib", "unity-2019.1.4-mbe\msvc\eglib.vcxproj", "{076616B2-CA07-4F17-8E28-A75A726F933C}"
EndProject
Project("{8BC9CEB8-8B4A-11D0-8D11-00A0C91BC942}") = "genmdesc", "unity-2019.1.4-mbe\msvc\genmdesc.vcxproj", "{C5A358A0-8B50-408E-8CF7-DCDCF2947871}"
EndProject
Project("{8BC9CEB8-8B4A-11D0-8D11-00A0C91BC942}") = "libgcbdwgc", "unity-2019.1.4-mbe\msvc\libgcbdwgc.vcxproj", "{B5069517-4029-4279-9010-CF9F8A76B7CA}"
EndProject
Project("{8BC9CEB8-8B4A-11D0-8D11-00A0C91BC942}") = "libmono-dynamic", "unity-2019.1.4-mbe\msvc\libmono-dynamic.vcxproj", "{7C43A4BE-383B-4346-98BD-A515CB8D8528}"
EndProject
Project("{2150E333-8FDC-42A3-9474-1A3956D46DE8}") = "unity-2019.1.5-mbe", "unity-2019.1.5-mbe", "{7AF2BED0-4B83-41F4-87B8-9D97F7DB9D91}"
EndProject
Project("{8BC9CEB8-8B4A-11D0-8D11-00A0C91BC942}") = "build-init", "unity-2019.1.5-mbe\msvc\build-init.vcxproj", "{F972FAD0-ADE6-496E-A60D-902D04F1CB62}"
EndProject
Project("{8BC9CEB8-8B4A-11D0-8D11-00A0C91BC942}") = "eglib", "unity-2019.1.5-mbe\msvc\eglib.vcxproj", "{0FD7F097-C837-4463-9820-D1E110E31DC0}"
EndProject
Project("{8BC9CEB8-8B4A-11D0-8D11-00A0C91BC942}") = "genmdesc", "unity-2019.1.5-mbe\msvc\genmdesc.vcxproj", "{5A02EE9E-935E-4428-948C-5D4138AF7D98}"
EndProject
Project("{8BC9CEB8-8B4A-11D0-8D11-00A0C91BC942}") = "libgcbdwgc", "unity-2019.1.5-mbe\msvc\libgcbdwgc.vcxproj", "{AEAC8E29-EC1A-41B3-9C40-D8B9BDDC6221}"
EndProject
Project("{8BC9CEB8-8B4A-11D0-8D11-00A0C91BC942}") = "libmono-dynamic", "unity-2019.1.5-mbe\msvc\libmono-dynamic.vcxproj", "{336B5BE6-F34A-45D4-8D13-951D3918844A}"
EndProject
Project("{2150E333-8FDC-42A3-9474-1A3956D46DE8}") = "unity-2019.1.6-mbe", "unity-2019.1.6-mbe", "{ED7C2CE1-6DD5-42B4-868D-6ACDA919F041}"
EndProject
Project("{8BC9CEB8-8B4A-11D0-8D11-00A0C91BC942}") = "build-init", "unity-2019.1.6-mbe\msvc\build-init.vcxproj", "{CF6F50E3-E1AB-46E2-8257-C5B8A4B718A8}"
EndProject
Project("{8BC9CEB8-8B4A-11D0-8D11-00A0C91BC942}") = "eglib", "unity-2019.1.6-mbe\msvc\eglib.vcxproj", "{7C3C512C-8345-4996-819C-D76901437372}"
EndProject
Project("{8BC9CEB8-8B4A-11D0-8D11-00A0C91BC942}") = "genmdesc", "unity-2019.1.6-mbe\msvc\genmdesc.vcxproj", "{E4113E98-B1DD-41A6-B088-D63896EBB5AC}"
EndProject
Project("{8BC9CEB8-8B4A-11D0-8D11-00A0C91BC942}") = "libgcbdwgc", "unity-2019.1.6-mbe\msvc\libgcbdwgc.vcxproj", "{E5996E03-33BB-4CC5-A1A8-114B366BFEB2}"
EndProject
Project("{8BC9CEB8-8B4A-11D0-8D11-00A0C91BC942}") = "libmono-dynamic", "unity-2019.1.6-mbe\msvc\libmono-dynamic.vcxproj", "{31FEBFB1-7571-4BC2-8AD6-7343854DEAF0}"
EndProject
Project("{2150E333-8FDC-42A3-9474-1A3956D46DE8}") = "unity-2019.1.7-mbe", "unity-2019.1.7-mbe", "{FA36BFC6-87BF-493A-9F19-E908609D9BAC}"
EndProject
Project("{8BC9CEB8-8B4A-11D0-8D11-00A0C91BC942}") = "build-init", "unity-2019.1.7-mbe\msvc\build-init.vcxproj", "{BE444692-9E99-4419-8FED-0EAEC8F73C1B}"
EndProject
Project("{8BC9CEB8-8B4A-11D0-8D11-00A0C91BC942}") = "eglib", "unity-2019.1.7-mbe\msvc\eglib.vcxproj", "{6FEFAC7D-57FC-449E-BB99-F8F968D22785}"
EndProject
Project("{8BC9CEB8-8B4A-11D0-8D11-00A0C91BC942}") = "genmdesc", "unity-2019.1.7-mbe\msvc\genmdesc.vcxproj", "{14EBD044-C7EE-4C97-897D-EAFA348ADDF4}"
EndProject
Project("{8BC9CEB8-8B4A-11D0-8D11-00A0C91BC942}") = "libgcbdwgc", "unity-2019.1.7-mbe\msvc\libgcbdwgc.vcxproj", "{6EB51CC7-F976-4B83-A1A9-39C2244A0BFD}"
EndProject
Project("{8BC9CEB8-8B4A-11D0-8D11-00A0C91BC942}") = "libmono-dynamic", "unity-2019.1.7-mbe\msvc\libmono-dynamic.vcxproj", "{4C2D1300-E000-4E81-A6A5-CE42E2C779E8}"
EndProject
Project("{2150E333-8FDC-42A3-9474-1A3956D46DE8}") = "unity-2019.1.8-mbe", "unity-2019.1.8-mbe", "{72ACDC1A-2F32-404A-9498-914B4FAF6BDB}"
EndProject
Project("{8BC9CEB8-8B4A-11D0-8D11-00A0C91BC942}") = "build-init", "unity-2019.1.8-mbe\msvc\build-init.vcxproj", "{B6417D31-F15D-46B6-B36A-68A4A495877F}"
EndProject
Project("{8BC9CEB8-8B4A-11D0-8D11-00A0C91BC942}") = "eglib", "unity-2019.1.8-mbe\msvc\eglib.vcxproj", "{52A6DCCC-BDEC-401F-939F-2A40BE6A44B1}"
EndProject
Project("{8BC9CEB8-8B4A-11D0-8D11-00A0C91BC942}") = "genmdesc", "unity-2019.1.8-mbe\msvc\genmdesc.vcxproj", "{AC5CC054-732E-4991-A2F7-94AB88ACC581}"
EndProject
Project("{8BC9CEB8-8B4A-11D0-8D11-00A0C91BC942}") = "libgcbdwgc", "unity-2019.1.8-mbe\msvc\libgcbdwgc.vcxproj", "{854DA760-E354-403E-BC0B-AC339F621F3D}"
EndProject
Project("{8BC9CEB8-8B4A-11D0-8D11-00A0C91BC942}") = "libmono-dynamic", "unity-2019.1.8-mbe\msvc\libmono-dynamic.vcxproj", "{35E6A8C8-7F50-4D72-A468-ABD593CF5865}"
EndProject
Project("{2150E333-8FDC-42A3-9474-1A3956D46DE8}") = "unity-2019.1.9-mbe", "unity-2019.1.9-mbe", "{5D32EB88-8156-4FE1-AC6B-B0DCFD9BD79B}"
EndProject
Project("{8BC9CEB8-8B4A-11D0-8D11-00A0C91BC942}") = "build-init", "unity-2019.1.9-mbe\msvc\build-init.vcxproj", "{9B446B14-5D57-430E-B7C4-CB00C4421BBD}"
EndProject
Project("{8BC9CEB8-8B4A-11D0-8D11-00A0C91BC942}") = "eglib", "unity-2019.1.9-mbe\msvc\eglib.vcxproj", "{C2F3FF39-7323-4644-8A26-1D77E4613F02}"
EndProject
Project("{8BC9CEB8-8B4A-11D0-8D11-00A0C91BC942}") = "genmdesc", "unity-2019.1.9-mbe\msvc\genmdesc.vcxproj", "{E7765B33-249F-494D-B06B-E5268CD2A770}"
EndProject
Project("{8BC9CEB8-8B4A-11D0-8D11-00A0C91BC942}") = "libgcbdwgc", "unity-2019.1.9-mbe\msvc\libgcbdwgc.vcxproj", "{358DE701-9DAC-443F-9F17-021A37FB8C0F}"
EndProject
Project("{8BC9CEB8-8B4A-11D0-8D11-00A0C91BC942}") = "libmono-dynamic", "unity-2019.1.9-mbe\msvc\libmono-dynamic.vcxproj", "{8C2DA083-0723-4A56-A50E-C740E76C8B61}"
EndProject
Project("{2150E333-8FDC-42A3-9474-1A3956D46DE8}") = "unity-2019.1.10-mbe", "unity-2019.1.10-mbe", "{759BD00A-A851-4A77-9BBC-2A78C0542BAD}"
EndProject
Project("{8BC9CEB8-8B4A-11D0-8D11-00A0C91BC942}") = "build-init", "unity-2019.1.10-mbe\msvc\build-init.vcxproj", "{BD61EE8F-DA9D-4FBD-8743-38BF7C87A509}"
EndProject
Project("{8BC9CEB8-8B4A-11D0-8D11-00A0C91BC942}") = "eglib", "unity-2019.1.10-mbe\msvc\eglib.vcxproj", "{2BB7BF0E-60D0-4B05-86AA-D4F93BCD0768}"
EndProject
Project("{8BC9CEB8-8B4A-11D0-8D11-00A0C91BC942}") = "genmdesc", "unity-2019.1.10-mbe\msvc\genmdesc.vcxproj", "{F152F56A-D55F-4426-ACDE-3E5541AA86BB}"
EndProject
Project("{8BC9CEB8-8B4A-11D0-8D11-00A0C91BC942}") = "libgcbdwgc", "unity-2019.1.10-mbe\msvc\libgcbdwgc.vcxproj", "{6CEDBFDB-9746-40AB-ADF6-1FBDFAFA5148}"
EndProject
Project("{8BC9CEB8-8B4A-11D0-8D11-00A0C91BC942}") = "libmono-dynamic", "unity-2019.1.10-mbe\msvc\libmono-dynamic.vcxproj", "{31D9235F-60E8-4497-9783-2DC9E7BA4FCB}"
EndProject
Project("{2150E333-8FDC-42A3-9474-1A3956D46DE8}") = "unity-2019.1.11-mbe", "unity-2019.1.11-mbe", "{0B906370-D542-448F-8A6C-EFD6417F8789}"
EndProject
Project("{8BC9CEB8-8B4A-11D0-8D11-00A0C91BC942}") = "build-init", "unity-2019.1.11-mbe\msvc\build-init.vcxproj", "{FC1F562E-FC5B-47AA-8186-C3A245C448A1}"
EndProject
Project("{8BC9CEB8-8B4A-11D0-8D11-00A0C91BC942}") = "eglib", "unity-2019.1.11-mbe\msvc\eglib.vcxproj", "{86C64C88-F638-410D-BED1-68A1DD8C3B3E}"
EndProject
Project("{8BC9CEB8-8B4A-11D0-8D11-00A0C91BC942}") = "genmdesc", "unity-2019.1.11-mbe\msvc\genmdesc.vcxproj", "{3F601144-E221-44AD-8338-0225C2DAF0BC}"
EndProject
Project("{8BC9CEB8-8B4A-11D0-8D11-00A0C91BC942}") = "libgcbdwgc", "unity-2019.1.11-mbe\msvc\libgcbdwgc.vcxproj", "{D048580A-8F5F-4F88-A4F8-6E6DB7A9A86B}"
EndProject
Project("{8BC9CEB8-8B4A-11D0-8D11-00A0C91BC942}") = "libmono-dynamic", "unity-2019.1.11-mbe\msvc\libmono-dynamic.vcxproj", "{EC00A0AA-DD83-4965-8BA7-72C71D344EA8}"
EndProject
Global
	GlobalSection(SolutionConfigurationPlatforms) = preSolution
		Debug|x64 = Debug|x64
		Debug|x86 = Debug|x86
		Release|x64 = Release|x64
		Release|x86 = Release|x86
	EndGlobalSection
	GlobalSection(ProjectConfigurationPlatforms) = postSolution
		{BD8DFCE9-B3B9-473B-A01A-DA0589954D95}.Debug|x64.ActiveCfg = Debug|x64
		{BD8DFCE9-B3B9-473B-A01A-DA0589954D95}.Debug|x64.Build.0 = Debug|x64
		{BD8DFCE9-B3B9-473B-A01A-DA0589954D95}.Debug|x86.ActiveCfg = Debug|Win32
		{BD8DFCE9-B3B9-473B-A01A-DA0589954D95}.Debug|x86.Build.0 = Debug|Win32
		{BD8DFCE9-B3B9-473B-A01A-DA0589954D95}.Release|x64.ActiveCfg = Release|x64
		{BD8DFCE9-B3B9-473B-A01A-DA0589954D95}.Release|x64.Build.0 = Release|x64
		{BD8DFCE9-B3B9-473B-A01A-DA0589954D95}.Release|x86.ActiveCfg = Release|Win32
		{BD8DFCE9-B3B9-473B-A01A-DA0589954D95}.Release|x86.Build.0 = Release|Win32
		{1B651F9F-A7F3-4515-ACAD-87815E719BAC}.Debug|x64.ActiveCfg = Debug|x64
		{1B651F9F-A7F3-4515-ACAD-87815E719BAC}.Debug|x64.Build.0 = Debug|x64
		{1B651F9F-A7F3-4515-ACAD-87815E719BAC}.Debug|x86.ActiveCfg = Debug|Win32
		{1B651F9F-A7F3-4515-ACAD-87815E719BAC}.Debug|x86.Build.0 = Debug|Win32
		{1B651F9F-A7F3-4515-ACAD-87815E719BAC}.Release|x64.ActiveCfg = Release|x64
		{1B651F9F-A7F3-4515-ACAD-87815E719BAC}.Release|x64.Build.0 = Release|x64
		{1B651F9F-A7F3-4515-ACAD-87815E719BAC}.Release|x86.ActiveCfg = Release|Win32
		{1B651F9F-A7F3-4515-ACAD-87815E719BAC}.Release|x86.Build.0 = Release|Win32
		{AAF54264-A8B7-4CD1-B918-16A7A097C49B}.Debug|x64.ActiveCfg = Debug|x64
		{AAF54264-A8B7-4CD1-B918-16A7A097C49B}.Debug|x64.Build.0 = Debug|x64
		{AAF54264-A8B7-4CD1-B918-16A7A097C49B}.Debug|x86.ActiveCfg = Debug|Win32
		{AAF54264-A8B7-4CD1-B918-16A7A097C49B}.Debug|x86.Build.0 = Debug|Win32
		{AAF54264-A8B7-4CD1-B918-16A7A097C49B}.Release|x64.ActiveCfg = Release|x64
		{AAF54264-A8B7-4CD1-B918-16A7A097C49B}.Release|x64.Build.0 = Release|x64
		{AAF54264-A8B7-4CD1-B918-16A7A097C49B}.Release|x86.ActiveCfg = Release|Win32
		{AAF54264-A8B7-4CD1-B918-16A7A097C49B}.Release|x86.Build.0 = Release|Win32
		{F31997CC-1E7D-4F4A-A62D-2A793B438567}.Debug|x64.ActiveCfg = Debug|x64
		{F31997CC-1E7D-4F4A-A62D-2A793B438567}.Debug|x64.Build.0 = Debug|x64
		{F31997CC-1E7D-4F4A-A62D-2A793B438567}.Debug|x86.ActiveCfg = Debug|Win32
		{F31997CC-1E7D-4F4A-A62D-2A793B438567}.Debug|x86.Build.0 = Debug|Win32
		{F31997CC-1E7D-4F4A-A62D-2A793B438567}.Release|x64.ActiveCfg = Release|x64
		{F31997CC-1E7D-4F4A-A62D-2A793B438567}.Release|x64.Build.0 = Release|x64
		{F31997CC-1E7D-4F4A-A62D-2A793B438567}.Release|x86.ActiveCfg = Release|Win32
		{F31997CC-1E7D-4F4A-A62D-2A793B438567}.Release|x86.Build.0 = Release|Win32
		{7130B8C2-58D4-451B-95C6-8EAC3A6C0155}.Debug|x64.ActiveCfg = Debug|x64
		{7130B8C2-58D4-451B-95C6-8EAC3A6C0155}.Debug|x64.Build.0 = Debug|x64
		{7130B8C2-58D4-451B-95C6-8EAC3A6C0155}.Debug|x86.ActiveCfg = Debug|Win32
		{7130B8C2-58D4-451B-95C6-8EAC3A6C0155}.Debug|x86.Build.0 = Debug|Win32
		{7130B8C2-58D4-451B-95C6-8EAC3A6C0155}.Release|x64.ActiveCfg = Release|x64
		{7130B8C2-58D4-451B-95C6-8EAC3A6C0155}.Release|x64.Build.0 = Release|x64
		{7130B8C2-58D4-451B-95C6-8EAC3A6C0155}.Release|x86.ActiveCfg = Release|Win32
		{7130B8C2-58D4-451B-95C6-8EAC3A6C0155}.Release|x86.Build.0 = Release|Win32
		{AC32F627-1F68-4A8E-BACA-43212659CB54}.Debug|x64.ActiveCfg = Debug|x64
		{AC32F627-1F68-4A8E-BACA-43212659CB54}.Debug|x64.Build.0 = Debug|x64
		{AC32F627-1F68-4A8E-BACA-43212659CB54}.Debug|x86.ActiveCfg = Debug|Win32
		{AC32F627-1F68-4A8E-BACA-43212659CB54}.Debug|x86.Build.0 = Debug|Win32
		{AC32F627-1F68-4A8E-BACA-43212659CB54}.Release|x64.ActiveCfg = Release|x64
		{AC32F627-1F68-4A8E-BACA-43212659CB54}.Release|x64.Build.0 = Release|x64
		{AC32F627-1F68-4A8E-BACA-43212659CB54}.Release|x86.ActiveCfg = Release|Win32
		{AC32F627-1F68-4A8E-BACA-43212659CB54}.Release|x86.Build.0 = Release|Win32
		{566A9C64-D73A-4241-A845-14CB10273C30}.Debug|x64.ActiveCfg = Debug|x64
		{566A9C64-D73A-4241-A845-14CB10273C30}.Debug|x64.Build.0 = Debug|x64
		{566A9C64-D73A-4241-A845-14CB10273C30}.Debug|x86.ActiveCfg = Debug|Win32
		{566A9C64-D73A-4241-A845-14CB10273C30}.Debug|x86.Build.0 = Debug|Win32
		{566A9C64-D73A-4241-A845-14CB10273C30}.Release|x64.ActiveCfg = Release|x64
		{566A9C64-D73A-4241-A845-14CB10273C30}.Release|x64.Build.0 = Release|x64
		{566A9C64-D73A-4241-A845-14CB10273C30}.Release|x86.ActiveCfg = Release|Win32
		{566A9C64-D73A-4241-A845-14CB10273C30}.Release|x86.Build.0 = Release|Win32
		{7793CA02-6C95-4D2B-8899-888C1C5EAF29}.Debug|x64.ActiveCfg = Debug|x64
		{7793CA02-6C95-4D2B-8899-888C1C5EAF29}.Debug|x64.Build.0 = Debug|x64
		{7793CA02-6C95-4D2B-8899-888C1C5EAF29}.Debug|x86.ActiveCfg = Debug|Win32
		{7793CA02-6C95-4D2B-8899-888C1C5EAF29}.Debug|x86.Build.0 = Debug|Win32
		{7793CA02-6C95-4D2B-8899-888C1C5EAF29}.Release|x64.ActiveCfg = Release|x64
		{7793CA02-6C95-4D2B-8899-888C1C5EAF29}.Release|x64.Build.0 = Release|x64
		{7793CA02-6C95-4D2B-8899-888C1C5EAF29}.Release|x86.ActiveCfg = Release|Win32
		{7793CA02-6C95-4D2B-8899-888C1C5EAF29}.Release|x86.Build.0 = Release|Win32
		{288DDEF3-DF3B-4BB8-A910-D49E7686A3F3}.Debug|x64.ActiveCfg = Debug|x64
		{288DDEF3-DF3B-4BB8-A910-D49E7686A3F3}.Debug|x64.Build.0 = Debug|x64
		{288DDEF3-DF3B-4BB8-A910-D49E7686A3F3}.Debug|x86.ActiveCfg = Debug|Win32
		{288DDEF3-DF3B-4BB8-A910-D49E7686A3F3}.Debug|x86.Build.0 = Debug|Win32
		{288DDEF3-DF3B-4BB8-A910-D49E7686A3F3}.Release|x64.ActiveCfg = Release|x64
		{288DDEF3-DF3B-4BB8-A910-D49E7686A3F3}.Release|x64.Build.0 = Release|x64
		{288DDEF3-DF3B-4BB8-A910-D49E7686A3F3}.Release|x86.ActiveCfg = Release|Win32
		{288DDEF3-DF3B-4BB8-A910-D49E7686A3F3}.Release|x86.Build.0 = Release|Win32
		{38823906-3ED8-450E-A520-EF44857B88DB}.Debug|x64.ActiveCfg = Debug|x64
		{38823906-3ED8-450E-A520-EF44857B88DB}.Debug|x64.Build.0 = Debug|x64
		{38823906-3ED8-450E-A520-EF44857B88DB}.Debug|x86.ActiveCfg = Debug|Win32
		{38823906-3ED8-450E-A520-EF44857B88DB}.Debug|x86.Build.0 = Debug|Win32
		{38823906-3ED8-450E-A520-EF44857B88DB}.Release|x64.ActiveCfg = Release|x64
		{38823906-3ED8-450E-A520-EF44857B88DB}.Release|x64.Build.0 = Release|x64
		{38823906-3ED8-450E-A520-EF44857B88DB}.Release|x86.ActiveCfg = Release|Win32
		{38823906-3ED8-450E-A520-EF44857B88DB}.Release|x86.Build.0 = Release|Win32
		{92FBCDC4-9451-4FAC-91F1-C910CA12F3A1}.Debug|x64.ActiveCfg = Debug|x64
		{92FBCDC4-9451-4FAC-91F1-C910CA12F3A1}.Debug|x64.Build.0 = Debug|x64
		{92FBCDC4-9451-4FAC-91F1-C910CA12F3A1}.Debug|x86.ActiveCfg = Debug|Win32
		{92FBCDC4-9451-4FAC-91F1-C910CA12F3A1}.Debug|x86.Build.0 = Debug|Win32
		{92FBCDC4-9451-4FAC-91F1-C910CA12F3A1}.Release|x64.ActiveCfg = Release|x64
		{92FBCDC4-9451-4FAC-91F1-C910CA12F3A1}.Release|x64.Build.0 = Release|x64
		{92FBCDC4-9451-4FAC-91F1-C910CA12F3A1}.Release|x86.ActiveCfg = Release|Win32
		{92FBCDC4-9451-4FAC-91F1-C910CA12F3A1}.Release|x86.Build.0 = Release|Win32
		{D24AC895-9227-433A-AD4F-8F3A6B096E21}.Debug|x64.ActiveCfg = Debug|x64
		{D24AC895-9227-433A-AD4F-8F3A6B096E21}.Debug|x64.Build.0 = Debug|x64
		{D24AC895-9227-433A-AD4F-8F3A6B096E21}.Debug|x86.ActiveCfg = Debug|Win32
		{D24AC895-9227-433A-AD4F-8F3A6B096E21}.Debug|x86.Build.0 = Debug|Win32
		{D24AC895-9227-433A-AD4F-8F3A6B096E21}.Release|x64.ActiveCfg = Release|x64
		{D24AC895-9227-433A-AD4F-8F3A6B096E21}.Release|x64.Build.0 = Release|x64
		{D24AC895-9227-433A-AD4F-8F3A6B096E21}.Release|x86.ActiveCfg = Release|Win32
		{D24AC895-9227-433A-AD4F-8F3A6B096E21}.Release|x86.Build.0 = Release|Win32
		{47201ACE-CB30-4D37-A3B2-D2AF790AE5B8}.Debug|x64.ActiveCfg = Debug|x64
		{47201ACE-CB30-4D37-A3B2-D2AF790AE5B8}.Debug|x64.Build.0 = Debug|x64
		{47201ACE-CB30-4D37-A3B2-D2AF790AE5B8}.Debug|x86.ActiveCfg = Debug|Win32
		{47201ACE-CB30-4D37-A3B2-D2AF790AE5B8}.Debug|x86.Build.0 = Debug|Win32
		{47201ACE-CB30-4D37-A3B2-D2AF790AE5B8}.Release|x64.ActiveCfg = Release|x64
		{47201ACE-CB30-4D37-A3B2-D2AF790AE5B8}.Release|x64.Build.0 = Release|x64
		{47201ACE-CB30-4D37-A3B2-D2AF790AE5B8}.Release|x86.ActiveCfg = Release|Win32
		{47201ACE-CB30-4D37-A3B2-D2AF790AE5B8}.Release|x86.Build.0 = Release|Win32
		{8A7A9AB7-D057-4092-9781-E9C009E97871}.Debug|x64.ActiveCfg = Debug|x64
		{8A7A9AB7-D057-4092-9781-E9C009E97871}.Debug|x64.Build.0 = Debug|x64
		{8A7A9AB7-D057-4092-9781-E9C009E97871}.Debug|x86.ActiveCfg = Debug|Win32
		{8A7A9AB7-D057-4092-9781-E9C009E97871}.Debug|x86.Build.0 = Debug|Win32
		{8A7A9AB7-D057-4092-9781-E9C009E97871}.Release|x64.ActiveCfg = Release|x64
		{8A7A9AB7-D057-4092-9781-E9C009E97871}.Release|x64.Build.0 = Release|x64
		{8A7A9AB7-D057-4092-9781-E9C009E97871}.Release|x86.ActiveCfg = Release|Win32
		{8A7A9AB7-D057-4092-9781-E9C009E97871}.Release|x86.Build.0 = Release|Win32
		{A8E460E2-9E55-49F7-BE11-EB901171D34A}.Debug|x64.ActiveCfg = Debug|x64
		{A8E460E2-9E55-49F7-BE11-EB901171D34A}.Debug|x64.Build.0 = Debug|x64
		{A8E460E2-9E55-49F7-BE11-EB901171D34A}.Debug|x86.ActiveCfg = Debug|Win32
		{A8E460E2-9E55-49F7-BE11-EB901171D34A}.Debug|x86.Build.0 = Debug|Win32
		{A8E460E2-9E55-49F7-BE11-EB901171D34A}.Release|x64.ActiveCfg = Release|x64
		{A8E460E2-9E55-49F7-BE11-EB901171D34A}.Release|x64.Build.0 = Release|x64
		{A8E460E2-9E55-49F7-BE11-EB901171D34A}.Release|x86.ActiveCfg = Release|Win32
		{A8E460E2-9E55-49F7-BE11-EB901171D34A}.Release|x86.Build.0 = Release|Win32
		{6734EB15-D2A2-4D81-A6F6-6CF39FAF52D2}.Debug|x64.ActiveCfg = Debug|x64
		{6734EB15-D2A2-4D81-A6F6-6CF39FAF52D2}.Debug|x64.Build.0 = Debug|x64
		{6734EB15-D2A2-4D81-A6F6-6CF39FAF52D2}.Debug|x86.ActiveCfg = Debug|Win32
		{6734EB15-D2A2-4D81-A6F6-6CF39FAF52D2}.Debug|x86.Build.0 = Debug|Win32
		{6734EB15-D2A2-4D81-A6F6-6CF39FAF52D2}.Release|x64.ActiveCfg = Release|x64
		{6734EB15-D2A2-4D81-A6F6-6CF39FAF52D2}.Release|x64.Build.0 = Release|x64
		{6734EB15-D2A2-4D81-A6F6-6CF39FAF52D2}.Release|x86.ActiveCfg = Release|Win32
		{6734EB15-D2A2-4D81-A6F6-6CF39FAF52D2}.Release|x86.Build.0 = Release|Win32
		{0FE7D81E-08E2-4DA1-B4F0-BFF200DCC63B}.Debug|x64.ActiveCfg = Debug|x64
		{0FE7D81E-08E2-4DA1-B4F0-BFF200DCC63B}.Debug|x64.Build.0 = Debug|x64
		{0FE7D81E-08E2-4DA1-B4F0-BFF200DCC63B}.Debug|x86.ActiveCfg = Debug|Win32
		{0FE7D81E-08E2-4DA1-B4F0-BFF200DCC63B}.Debug|x86.Build.0 = Debug|Win32
		{0FE7D81E-08E2-4DA1-B4F0-BFF200DCC63B}.Release|x64.ActiveCfg = Release|x64
		{0FE7D81E-08E2-4DA1-B4F0-BFF200DCC63B}.Release|x64.Build.0 = Release|x64
		{0FE7D81E-08E2-4DA1-B4F0-BFF200DCC63B}.Release|x86.ActiveCfg = Release|Win32
		{0FE7D81E-08E2-4DA1-B4F0-BFF200DCC63B}.Release|x86.Build.0 = Release|Win32
		{44A28520-5F64-46A1-840F-2346C305CD31}.Debug|x64.ActiveCfg = Debug|x64
		{44A28520-5F64-46A1-840F-2346C305CD31}.Debug|x64.Build.0 = Debug|x64
		{44A28520-5F64-46A1-840F-2346C305CD31}.Debug|x86.ActiveCfg = Debug|Win32
		{44A28520-5F64-46A1-840F-2346C305CD31}.Debug|x86.Build.0 = Debug|Win32
		{44A28520-5F64-46A1-840F-2346C305CD31}.Release|x64.ActiveCfg = Release|x64
		{44A28520-5F64-46A1-840F-2346C305CD31}.Release|x64.Build.0 = Release|x64
		{44A28520-5F64-46A1-840F-2346C305CD31}.Release|x86.ActiveCfg = Release|Win32
		{44A28520-5F64-46A1-840F-2346C305CD31}.Release|x86.Build.0 = Release|Win32
		{BA372DF6-193E-47EA-AAAA-D296E4E5EEAC}.Debug|x64.ActiveCfg = Debug|x64
		{BA372DF6-193E-47EA-AAAA-D296E4E5EEAC}.Debug|x64.Build.0 = Debug|x64
		{BA372DF6-193E-47EA-AAAA-D296E4E5EEAC}.Debug|x86.ActiveCfg = Debug|Win32
		{BA372DF6-193E-47EA-AAAA-D296E4E5EEAC}.Debug|x86.Build.0 = Debug|Win32
		{BA372DF6-193E-47EA-AAAA-D296E4E5EEAC}.Release|x64.ActiveCfg = Release|x64
		{BA372DF6-193E-47EA-AAAA-D296E4E5EEAC}.Release|x64.Build.0 = Release|x64
		{BA372DF6-193E-47EA-AAAA-D296E4E5EEAC}.Release|x86.ActiveCfg = Release|Win32
		{BA372DF6-193E-47EA-AAAA-D296E4E5EEAC}.Release|x86.Build.0 = Release|Win32
		{05759876-2402-4B24-9572-76A560E37A45}.Debug|x64.ActiveCfg = Debug|x64
		{05759876-2402-4B24-9572-76A560E37A45}.Debug|x64.Build.0 = Debug|x64
		{05759876-2402-4B24-9572-76A560E37A45}.Debug|x86.ActiveCfg = Debug|Win32
		{05759876-2402-4B24-9572-76A560E37A45}.Debug|x86.Build.0 = Debug|Win32
		{05759876-2402-4B24-9572-76A560E37A45}.Release|x64.ActiveCfg = Release|x64
		{05759876-2402-4B24-9572-76A560E37A45}.Release|x64.Build.0 = Release|x64
		{05759876-2402-4B24-9572-76A560E37A45}.Release|x86.ActiveCfg = Release|Win32
		{05759876-2402-4B24-9572-76A560E37A45}.Release|x86.Build.0 = Release|Win32
		{97265F88-EABB-4D29-A4D8-A6A820DCBB06}.Debug|x64.ActiveCfg = Debug|x64
		{97265F88-EABB-4D29-A4D8-A6A820DCBB06}.Debug|x64.Build.0 = Debug|x64
		{97265F88-EABB-4D29-A4D8-A6A820DCBB06}.Debug|x86.ActiveCfg = Debug|Win32
		{97265F88-EABB-4D29-A4D8-A6A820DCBB06}.Debug|x86.Build.0 = Debug|Win32
		{97265F88-EABB-4D29-A4D8-A6A820DCBB06}.Release|x64.ActiveCfg = Release|x64
		{97265F88-EABB-4D29-A4D8-A6A820DCBB06}.Release|x64.Build.0 = Release|x64
		{97265F88-EABB-4D29-A4D8-A6A820DCBB06}.Release|x86.ActiveCfg = Release|Win32
		{97265F88-EABB-4D29-A4D8-A6A820DCBB06}.Release|x86.Build.0 = Release|Win32
		{076616B2-CA07-4F17-8E28-A75A726F933C}.Debug|x64.ActiveCfg = Debug|x64
		{076616B2-CA07-4F17-8E28-A75A726F933C}.Debug|x64.Build.0 = Debug|x64
		{076616B2-CA07-4F17-8E28-A75A726F933C}.Debug|x86.ActiveCfg = Debug|Win32
		{076616B2-CA07-4F17-8E28-A75A726F933C}.Debug|x86.Build.0 = Debug|Win32
		{076616B2-CA07-4F17-8E28-A75A726F933C}.Release|x64.ActiveCfg = Release|x64
		{076616B2-CA07-4F17-8E28-A75A726F933C}.Release|x64.Build.0 = Release|x64
		{076616B2-CA07-4F17-8E28-A75A726F933C}.Release|x86.ActiveCfg = Release|Win32
		{076616B2-CA07-4F17-8E28-A75A726F933C}.Release|x86.Build.0 = Release|Win32
		{C5A358A0-8B50-408E-8CF7-DCDCF2947871}.Debug|x64.ActiveCfg = Debug|x64
		{C5A358A0-8B50-408E-8CF7-DCDCF2947871}.Debug|x64.Build.0 = Debug|x64
		{C5A358A0-8B50-408E-8CF7-DCDCF2947871}.Debug|x86.ActiveCfg = Debug|Win32
		{C5A358A0-8B50-408E-8CF7-DCDCF2947871}.Debug|x86.Build.0 = Debug|Win32
		{C5A358A0-8B50-408E-8CF7-DCDCF2947871}.Release|x64.ActiveCfg = Release|x64
		{C5A358A0-8B50-408E-8CF7-DCDCF2947871}.Release|x64.Build.0 = Release|x64
		{C5A358A0-8B50-408E-8CF7-DCDCF2947871}.Release|x86.ActiveCfg = Release|Win32
		{C5A358A0-8B50-408E-8CF7-DCDCF2947871}.Release|x86.Build.0 = Release|Win32
		{B5069517-4029-4279-9010-CF9F8A76B7CA}.Debug|x64.ActiveCfg = Debug|x64
		{B5069517-4029-4279-9010-CF9F8A76B7CA}.Debug|x64.Build.0 = Debug|x64
		{B5069517-4029-4279-9010-CF9F8A76B7CA}.Debug|x86.ActiveCfg = Debug|Win32
		{B5069517-4029-4279-9010-CF9F8A76B7CA}.Debug|x86.Build.0 = Debug|Win32
		{B5069517-4029-4279-9010-CF9F8A76B7CA}.Release|x64.ActiveCfg = Release|x64
		{B5069517-4029-4279-9010-CF9F8A76B7CA}.Release|x64.Build.0 = Release|x64
		{B5069517-4029-4279-9010-CF9F8A76B7CA}.Release|x86.ActiveCfg = Release|Win32
		{B5069517-4029-4279-9010-CF9F8A76B7CA}.Release|x86.Build.0 = Release|Win32
		{7C43A4BE-383B-4346-98BD-A515CB8D8528}.Debug|x64.ActiveCfg = Debug|x64
		{7C43A4BE-383B-4346-98BD-A515CB8D8528}.Debug|x64.Build.0 = Debug|x64
		{7C43A4BE-383B-4346-98BD-A515CB8D8528}.Debug|x86.ActiveCfg = Debug|Win32
		{7C43A4BE-383B-4346-98BD-A515CB8D8528}.Debug|x86.Build.0 = Debug|Win32
		{7C43A4BE-383B-4346-98BD-A515CB8D8528}.Release|x64.ActiveCfg = Release|x64
		{7C43A4BE-383B-4346-98BD-A515CB8D8528}.Release|x64.Build.0 = Release|x64
		{7C43A4BE-383B-4346-98BD-A515CB8D8528}.Release|x86.ActiveCfg = Release|Win32
		{7C43A4BE-383B-4346-98BD-A515CB8D8528}.Release|x86.Build.0 = Release|Win32
		{F972FAD0-ADE6-496E-A60D-902D04F1CB62}.Debug|x64.ActiveCfg = Debug|x64
		{F972FAD0-ADE6-496E-A60D-902D04F1CB62}.Debug|x64.Build.0 = Debug|x64
		{F972FAD0-ADE6-496E-A60D-902D04F1CB62}.Debug|x86.ActiveCfg = Debug|Win32
		{F972FAD0-ADE6-496E-A60D-902D04F1CB62}.Debug|x86.Build.0 = Debug|Win32
		{F972FAD0-ADE6-496E-A60D-902D04F1CB62}.Release|x64.ActiveCfg = Release|x64
		{F972FAD0-ADE6-496E-A60D-902D04F1CB62}.Release|x64.Build.0 = Release|x64
		{F972FAD0-ADE6-496E-A60D-902D04F1CB62}.Release|x86.ActiveCfg = Release|Win32
		{F972FAD0-ADE6-496E-A60D-902D04F1CB62}.Release|x86.Build.0 = Release|Win32
		{0FD7F097-C837-4463-9820-D1E110E31DC0}.Debug|x64.ActiveCfg = Debug|x64
		{0FD7F097-C837-4463-9820-D1E110E31DC0}.Debug|x64.Build.0 = Debug|x64
		{0FD7F097-C837-4463-9820-D1E110E31DC0}.Debug|x86.ActiveCfg = Debug|Win32
		{0FD7F097-C837-4463-9820-D1E110E31DC0}.Debug|x86.Build.0 = Debug|Win32
		{0FD7F097-C837-4463-9820-D1E110E31DC0}.Release|x64.ActiveCfg = Release|x64
		{0FD7F097-C837-4463-9820-D1E110E31DC0}.Release|x64.Build.0 = Release|x64
		{0FD7F097-C837-4463-9820-D1E110E31DC0}.Release|x86.ActiveCfg = Release|Win32
		{0FD7F097-C837-4463-9820-D1E110E31DC0}.Release|x86.Build.0 = Release|Win32
		{5A02EE9E-935E-4428-948C-5D4138AF7D98}.Debug|x64.ActiveCfg = Debug|x64
		{5A02EE9E-935E-4428-948C-5D4138AF7D98}.Debug|x64.Build.0 = Debug|x64
		{5A02EE9E-935E-4428-948C-5D4138AF7D98}.Debug|x86.ActiveCfg = Debug|Win32
		{5A02EE9E-935E-4428-948C-5D4138AF7D98}.Debug|x86.Build.0 = Debug|Win32
		{5A02EE9E-935E-4428-948C-5D4138AF7D98}.Release|x64.ActiveCfg = Release|x64
		{5A02EE9E-935E-4428-948C-5D4138AF7D98}.Release|x64.Build.0 = Release|x64
		{5A02EE9E-935E-4428-948C-5D4138AF7D98}.Release|x86.ActiveCfg = Release|Win32
		{5A02EE9E-935E-4428-948C-5D4138AF7D98}.Release|x86.Build.0 = Release|Win32
		{AEAC8E29-EC1A-41B3-9C40-D8B9BDDC6221}.Debug|x64.ActiveCfg = Debug|x64
		{AEAC8E29-EC1A-41B3-9C40-D8B9BDDC6221}.Debug|x64.Build.0 = Debug|x64
		{AEAC8E29-EC1A-41B3-9C40-D8B9BDDC6221}.Debug|x86.ActiveCfg = Debug|Win32
		{AEAC8E29-EC1A-41B3-9C40-D8B9BDDC6221}.Debug|x86.Build.0 = Debug|Win32
		{AEAC8E29-EC1A-41B3-9C40-D8B9BDDC6221}.Release|x64.ActiveCfg = Release|x64
		{AEAC8E29-EC1A-41B3-9C40-D8B9BDDC6221}.Release|x64.Build.0 = Release|x64
		{AEAC8E29-EC1A-41B3-9C40-D8B9BDDC6221}.Release|x86.ActiveCfg = Release|Win32
		{AEAC8E29-EC1A-41B3-9C40-D8B9BDDC6221}.Release|x86.Build.0 = Release|Win32
		{336B5BE6-F34A-45D4-8D13-951D3918844A}.Debug|x64.ActiveCfg = Debug|x64
		{336B5BE6-F34A-45D4-8D13-951D3918844A}.Debug|x64.Build.0 = Debug|x64
		{336B5BE6-F34A-45D4-8D13-951D3918844A}.Debug|x86.ActiveCfg = Debug|Win32
		{336B5BE6-F34A-45D4-8D13-951D3918844A}.Debug|x86.Build.0 = Debug|Win32
		{336B5BE6-F34A-45D4-8D13-951D3918844A}.Release|x64.ActiveCfg = Release|x64
		{336B5BE6-F34A-45D4-8D13-951D3918844A}.Release|x64.Build.0 = Release|x64
		{336B5BE6-F34A-45D4-8D13-951D3918844A}.Release|x86.ActiveCfg = Release|Win32
		{336B5BE6-F34A-45D4-8D13-951D3918844A}.Release|x86.Build.0 = Release|Win32
		{CF6F50E3-E1AB-46E2-8257-C5B8A4B718A8}.Debug|x64.ActiveCfg = Debug|x64
		{CF6F50E3-E1AB-46E2-8257-C5B8A4B718A8}.Debug|x64.Build.0 = Debug|x64
		{CF6F50E3-E1AB-46E2-8257-C5B8A4B718A8}.Debug|x86.ActiveCfg = Debug|Win32
		{CF6F50E3-E1AB-46E2-8257-C5B8A4B718A8}.Debug|x86.Build.0 = Debug|Win32
		{CF6F50E3-E1AB-46E2-8257-C5B8A4B718A8}.Release|x64.ActiveCfg = Release|x64
		{CF6F50E3-E1AB-46E2-8257-C5B8A4B718A8}.Release|x64.Build.0 = Release|x64
		{CF6F50E3-E1AB-46E2-8257-C5B8A4B718A8}.Release|x86.ActiveCfg = Release|Win32
		{CF6F50E3-E1AB-46E2-8257-C5B8A4B718A8}.Release|x86.Build.0 = Release|Win32
		{7C3C512C-8345-4996-819C-D76901437372}.Debug|x64.ActiveCfg = Debug|x64
		{7C3C512C-8345-4996-819C-D76901437372}.Debug|x64.Build.0 = Debug|x64
		{7C3C512C-8345-4996-819C-D76901437372}.Debug|x86.ActiveCfg = Debug|Win32
		{7C3C512C-8345-4996-819C-D76901437372}.Debug|x86.Build.0 = Debug|Win32
		{7C3C512C-8345-4996-819C-D76901437372}.Release|x64.ActiveCfg = Release|x64
		{7C3C512C-8345-4996-819C-D76901437372}.Release|x64.Build.0 = Release|x64
		{7C3C512C-8345-4996-819C-D76901437372}.Release|x86.ActiveCfg = Release|Win32
		{7C3C512C-8345-4996-819C-D76901437372}.Release|x86.Build.0 = Release|Win32
		{E4113E98-B1DD-41A6-B088-D63896EBB5AC}.Debug|x64.ActiveCfg = Debug|x64
		{E4113E98-B1DD-41A6-B088-D63896EBB5AC}.Debug|x64.Build.0 = Debug|x64
		{E4113E98-B1DD-41A6-B088-D63896EBB5AC}.Debug|x86.ActiveCfg = Debug|Win32
		{E4113E98-B1DD-41A6-B088-D63896EBB5AC}.Debug|x86.Build.0 = Debug|Win32
		{E4113E98-B1DD-41A6-B088-D63896EBB5AC}.Release|x64.ActiveCfg = Release|x64
		{E4113E98-B1DD-41A6-B088-D63896EBB5AC}.Release|x64.Build.0 = Release|x64
		{E4113E98-B1DD-41A6-B088-D63896EBB5AC}.Release|x86.ActiveCfg = Release|Win32
		{E4113E98-B1DD-41A6-B088-D63896EBB5AC}.Release|x86.Build.0 = Release|Win32
		{E5996E03-33BB-4CC5-A1A8-114B366BFEB2}.Debug|x64.ActiveCfg = Debug|x64
		{E5996E03-33BB-4CC5-A1A8-114B366BFEB2}.Debug|x64.Build.0 = Debug|x64
		{E5996E03-33BB-4CC5-A1A8-114B366BFEB2}.Debug|x86.ActiveCfg = Debug|Win32
		{E5996E03-33BB-4CC5-A1A8-114B366BFEB2}.Debug|x86.Build.0 = Debug|Win32
		{E5996E03-33BB-4CC5-A1A8-114B366BFEB2}.Release|x64.ActiveCfg = Release|x64
		{E5996E03-33BB-4CC5-A1A8-114B366BFEB2}.Release|x64.Build.0 = Release|x64
		{E5996E03-33BB-4CC5-A1A8-114B366BFEB2}.Release|x86.ActiveCfg = Release|Win32
		{E5996E03-33BB-4CC5-A1A8-114B366BFEB2}.Release|x86.Build.0 = Release|Win32
		{31FEBFB1-7571-4BC2-8AD6-7343854DEAF0}.Debug|x64.ActiveCfg = Debug|x64
		{31FEBFB1-7571-4BC2-8AD6-7343854DEAF0}.Debug|x64.Build.0 = Debug|x64
		{31FEBFB1-7571-4BC2-8AD6-7343854DEAF0}.Debug|x86.ActiveCfg = Debug|Win32
		{31FEBFB1-7571-4BC2-8AD6-7343854DEAF0}.Debug|x86.Build.0 = Debug|Win32
		{31FEBFB1-7571-4BC2-8AD6-7343854DEAF0}.Release|x64.ActiveCfg = Release|x64
		{31FEBFB1-7571-4BC2-8AD6-7343854DEAF0}.Release|x64.Build.0 = Release|x64
		{31FEBFB1-7571-4BC2-8AD6-7343854DEAF0}.Release|x86.ActiveCfg = Release|Win32
		{31FEBFB1-7571-4BC2-8AD6-7343854DEAF0}.Release|x86.Build.0 = Release|Win32
		{BE444692-9E99-4419-8FED-0EAEC8F73C1B}.Debug|x64.ActiveCfg = Debug|x64
		{BE444692-9E99-4419-8FED-0EAEC8F73C1B}.Debug|x64.Build.0 = Debug|x64
		{BE444692-9E99-4419-8FED-0EAEC8F73C1B}.Debug|x86.ActiveCfg = Debug|Win32
		{BE444692-9E99-4419-8FED-0EAEC8F73C1B}.Debug|x86.Build.0 = Debug|Win32
		{BE444692-9E99-4419-8FED-0EAEC8F73C1B}.Release|x64.ActiveCfg = Release|x64
		{BE444692-9E99-4419-8FED-0EAEC8F73C1B}.Release|x64.Build.0 = Release|x64
		{BE444692-9E99-4419-8FED-0EAEC8F73C1B}.Release|x86.ActiveCfg = Release|Win32
		{BE444692-9E99-4419-8FED-0EAEC8F73C1B}.Release|x86.Build.0 = Release|Win32
		{6FEFAC7D-57FC-449E-BB99-F8F968D22785}.Debug|x64.ActiveCfg = Debug|x64
		{6FEFAC7D-57FC-449E-BB99-F8F968D22785}.Debug|x64.Build.0 = Debug|x64
		{6FEFAC7D-57FC-449E-BB99-F8F968D22785}.Debug|x86.ActiveCfg = Debug|Win32
		{6FEFAC7D-57FC-449E-BB99-F8F968D22785}.Debug|x86.Build.0 = Debug|Win32
		{6FEFAC7D-57FC-449E-BB99-F8F968D22785}.Release|x64.ActiveCfg = Release|x64
		{6FEFAC7D-57FC-449E-BB99-F8F968D22785}.Release|x64.Build.0 = Release|x64
		{6FEFAC7D-57FC-449E-BB99-F8F968D22785}.Release|x86.ActiveCfg = Release|Win32
		{6FEFAC7D-57FC-449E-BB99-F8F968D22785}.Release|x86.Build.0 = Release|Win32
		{14EBD044-C7EE-4C97-897D-EAFA348ADDF4}.Debug|x64.ActiveCfg = Debug|x64
		{14EBD044-C7EE-4C97-897D-EAFA348ADDF4}.Debug|x64.Build.0 = Debug|x64
		{14EBD044-C7EE-4C97-897D-EAFA348ADDF4}.Debug|x86.ActiveCfg = Debug|Win32
		{14EBD044-C7EE-4C97-897D-EAFA348ADDF4}.Debug|x86.Build.0 = Debug|Win32
		{14EBD044-C7EE-4C97-897D-EAFA348ADDF4}.Release|x64.ActiveCfg = Release|x64
		{14EBD044-C7EE-4C97-897D-EAFA348ADDF4}.Release|x64.Build.0 = Release|x64
		{14EBD044-C7EE-4C97-897D-EAFA348ADDF4}.Release|x86.ActiveCfg = Release|Win32
		{14EBD044-C7EE-4C97-897D-EAFA348ADDF4}.Release|x86.Build.0 = Release|Win32
		{6EB51CC7-F976-4B83-A1A9-39C2244A0BFD}.Debug|x64.ActiveCfg = Debug|x64
		{6EB51CC7-F976-4B83-A1A9-39C2244A0BFD}.Debug|x64.Build.0 = Debug|x64
		{6EB51CC7-F976-4B83-A1A9-39C2244A0BFD}.Debug|x86.ActiveCfg = Debug|Win32
		{6EB51CC7-F976-4B83-A1A9-39C2244A0BFD}.Debug|x86.Build.0 = Debug|Win32
		{6EB51CC7-F976-4B83-A1A9-39C2244A0BFD}.Release|x64.ActiveCfg = Release|x64
		{6EB51CC7-F976-4B83-A1A9-39C2244A0BFD}.Release|x64.Build.0 = Release|x64
		{6EB51CC7-F976-4B83-A1A9-39C2244A0BFD}.Release|x86.ActiveCfg = Release|Win32
		{6EB51CC7-F976-4B83-A1A9-39C2244A0BFD}.Release|x86.Build.0 = Release|Win32
		{4C2D1300-E000-4E81-A6A5-CE42E2C779E8}.Debug|x64.ActiveCfg = Debug|x64
		{4C2D1300-E000-4E81-A6A5-CE42E2C779E8}.Debug|x64.Build.0 = Debug|x64
		{4C2D1300-E000-4E81-A6A5-CE42E2C779E8}.Debug|x86.ActiveCfg = Debug|Win32
		{4C2D1300-E000-4E81-A6A5-CE42E2C779E8}.Debug|x86.Build.0 = Debug|Win32
		{4C2D1300-E000-4E81-A6A5-CE42E2C779E8}.Release|x64.ActiveCfg = Release|x64
		{4C2D1300-E000-4E81-A6A5-CE42E2C779E8}.Release|x64.Build.0 = Release|x64
		{4C2D1300-E000-4E81-A6A5-CE42E2C779E8}.Release|x86.ActiveCfg = Release|Win32
		{4C2D1300-E000-4E81-A6A5-CE42E2C779E8}.Release|x86.Build.0 = Release|Win32
		{B6417D31-F15D-46B6-B36A-68A4A495877F}.Debug|x64.ActiveCfg = Debug|x64
		{B6417D31-F15D-46B6-B36A-68A4A495877F}.Debug|x64.Build.0 = Debug|x64
		{B6417D31-F15D-46B6-B36A-68A4A495877F}.Debug|x86.ActiveCfg = Debug|Win32
		{B6417D31-F15D-46B6-B36A-68A4A495877F}.Debug|x86.Build.0 = Debug|Win32
		{B6417D31-F15D-46B6-B36A-68A4A495877F}.Release|x64.ActiveCfg = Release|x64
		{B6417D31-F15D-46B6-B36A-68A4A495877F}.Release|x64.Build.0 = Release|x64
		{B6417D31-F15D-46B6-B36A-68A4A495877F}.Release|x86.ActiveCfg = Release|Win32
		{B6417D31-F15D-46B6-B36A-68A4A495877F}.Release|x86.Build.0 = Release|Win32
		{52A6DCCC-BDEC-401F-939F-2A40BE6A44B1}.Debug|x64.ActiveCfg = Debug|x64
		{52A6DCCC-BDEC-401F-939F-2A40BE6A44B1}.Debug|x64.Build.0 = Debug|x64
		{52A6DCCC-BDEC-401F-939F-2A40BE6A44B1}.Debug|x86.ActiveCfg = Debug|Win32
		{52A6DCCC-BDEC-401F-939F-2A40BE6A44B1}.Debug|x86.Build.0 = Debug|Win32
		{52A6DCCC-BDEC-401F-939F-2A40BE6A44B1}.Release|x64.ActiveCfg = Release|x64
		{52A6DCCC-BDEC-401F-939F-2A40BE6A44B1}.Release|x64.Build.0 = Release|x64
		{52A6DCCC-BDEC-401F-939F-2A40BE6A44B1}.Release|x86.ActiveCfg = Release|Win32
		{52A6DCCC-BDEC-401F-939F-2A40BE6A44B1}.Release|x86.Build.0 = Release|Win32
		{AC5CC054-732E-4991-A2F7-94AB88ACC581}.Debug|x64.ActiveCfg = Debug|x64
		{AC5CC054-732E-4991-A2F7-94AB88ACC581}.Debug|x64.Build.0 = Debug|x64
		{AC5CC054-732E-4991-A2F7-94AB88ACC581}.Debug|x86.ActiveCfg = Debug|Win32
		{AC5CC054-732E-4991-A2F7-94AB88ACC581}.Debug|x86.Build.0 = Debug|Win32
		{AC5CC054-732E-4991-A2F7-94AB88ACC581}.Release|x64.ActiveCfg = Release|x64
		{AC5CC054-732E-4991-A2F7-94AB88ACC581}.Release|x64.Build.0 = Release|x64
		{AC5CC054-732E-4991-A2F7-94AB88ACC581}.Release|x86.ActiveCfg = Release|Win32
		{AC5CC054-732E-4991-A2F7-94AB88ACC581}.Release|x86.Build.0 = Release|Win32
		{854DA760-E354-403E-BC0B-AC339F621F3D}.Debug|x64.ActiveCfg = Debug|x64
		{854DA760-E354-403E-BC0B-AC339F621F3D}.Debug|x64.Build.0 = Debug|x64
		{854DA760-E354-403E-BC0B-AC339F621F3D}.Debug|x86.ActiveCfg = Debug|Win32
		{854DA760-E354-403E-BC0B-AC339F621F3D}.Debug|x86.Build.0 = Debug|Win32
		{854DA760-E354-403E-BC0B-AC339F621F3D}.Release|x64.ActiveCfg = Release|x64
		{854DA760-E354-403E-BC0B-AC339F621F3D}.Release|x64.Build.0 = Release|x64
		{854DA760-E354-403E-BC0B-AC339F621F3D}.Release|x86.ActiveCfg = Release|Win32
		{854DA760-E354-403E-BC0B-AC339F621F3D}.Release|x86.Build.0 = Release|Win32
		{35E6A8C8-7F50-4D72-A468-ABD593CF5865}.Debug|x64.ActiveCfg = Debug|x64
		{35E6A8C8-7F50-4D72-A468-ABD593CF5865}.Debug|x64.Build.0 = Debug|x64
		{35E6A8C8-7F50-4D72-A468-ABD593CF5865}.Debug|x86.ActiveCfg = Debug|Win32
		{35E6A8C8-7F50-4D72-A468-ABD593CF5865}.Debug|x86.Build.0 = Debug|Win32
		{35E6A8C8-7F50-4D72-A468-ABD593CF5865}.Release|x64.ActiveCfg = Release|x64
		{35E6A8C8-7F50-4D72-A468-ABD593CF5865}.Release|x64.Build.0 = Release|x64
		{35E6A8C8-7F50-4D72-A468-ABD593CF5865}.Release|x86.ActiveCfg = Release|Win32
		{35E6A8C8-7F50-4D72-A468-ABD593CF5865}.Release|x86.Build.0 = Release|Win32
		{9B446B14-5D57-430E-B7C4-CB00C4421BBD}.Debug|x64.ActiveCfg = Debug|x64
		{9B446B14-5D57-430E-B7C4-CB00C4421BBD}.Debug|x64.Build.0 = Debug|x64
		{9B446B14-5D57-430E-B7C4-CB00C4421BBD}.Debug|x86.ActiveCfg = Debug|Win32
		{9B446B14-5D57-430E-B7C4-CB00C4421BBD}.Debug|x86.Build.0 = Debug|Win32
		{9B446B14-5D57-430E-B7C4-CB00C4421BBD}.Release|x64.ActiveCfg = Release|x64
		{9B446B14-5D57-430E-B7C4-CB00C4421BBD}.Release|x64.Build.0 = Release|x64
		{9B446B14-5D57-430E-B7C4-CB00C4421BBD}.Release|x86.ActiveCfg = Release|Win32
		{9B446B14-5D57-430E-B7C4-CB00C4421BBD}.Release|x86.Build.0 = Release|Win32
		{C2F3FF39-7323-4644-8A26-1D77E4613F02}.Debug|x64.ActiveCfg = Debug|x64
		{C2F3FF39-7323-4644-8A26-1D77E4613F02}.Debug|x64.Build.0 = Debug|x64
		{C2F3FF39-7323-4644-8A26-1D77E4613F02}.Debug|x86.ActiveCfg = Debug|Win32
		{C2F3FF39-7323-4644-8A26-1D77E4613F02}.Debug|x86.Build.0 = Debug|Win32
		{C2F3FF39-7323-4644-8A26-1D77E4613F02}.Release|x64.ActiveCfg = Release|x64
		{C2F3FF39-7323-4644-8A26-1D77E4613F02}.Release|x64.Build.0 = Release|x64
		{C2F3FF39-7323-4644-8A26-1D77E4613F02}.Release|x86.ActiveCfg = Release|Win32
		{C2F3FF39-7323-4644-8A26-1D77E4613F02}.Release|x86.Build.0 = Release|Win32
		{E7765B33-249F-494D-B06B-E5268CD2A770}.Debug|x64.ActiveCfg = Debug|x64
		{E7765B33-249F-494D-B06B-E5268CD2A770}.Debug|x64.Build.0 = Debug|x64
		{E7765B33-249F-494D-B06B-E5268CD2A770}.Debug|x86.ActiveCfg = Debug|Win32
		{E7765B33-249F-494D-B06B-E5268CD2A770}.Debug|x86.Build.0 = Debug|Win32
		{E7765B33-249F-494D-B06B-E5268CD2A770}.Release|x64.ActiveCfg = Release|x64
		{E7765B33-249F-494D-B06B-E5268CD2A770}.Release|x64.Build.0 = Release|x64
		{E7765B33-249F-494D-B06B-E5268CD2A770}.Release|x86.ActiveCfg = Release|Win32
		{E7765B33-249F-494D-B06B-E5268CD2A770}.Release|x86.Build.0 = Release|Win32
		{358DE701-9DAC-443F-9F17-021A37FB8C0F}.Debug|x64.ActiveCfg = Debug|x64
		{358DE701-9DAC-443F-9F17-021A37FB8C0F}.Debug|x64.Build.0 = Debug|x64
		{358DE701-9DAC-443F-9F17-021A37FB8C0F}.Debug|x86.ActiveCfg = Debug|Win32
		{358DE701-9DAC-443F-9F17-021A37FB8C0F}.Debug|x86.Build.0 = Debug|Win32
		{358DE701-9DAC-443F-9F17-021A37FB8C0F}.Release|x64.ActiveCfg = Release|x64
		{358DE701-9DAC-443F-9F17-021A37FB8C0F}.Release|x64.Build.0 = Release|x64
		{358DE701-9DAC-443F-9F17-021A37FB8C0F}.Release|x86.ActiveCfg = Release|Win32
		{358DE701-9DAC-443F-9F17-021A37FB8C0F}.Release|x86.Build.0 = Release|Win32
		{8C2DA083-0723-4A56-A50E-C740E76C8B61}.Debug|x64.ActiveCfg = Debug|x64
		{8C2DA083-0723-4A56-A50E-C740E76C8B61}.Debug|x64.Build.0 = Debug|x64
		{8C2DA083-0723-4A56-A50E-C740E76C8B61}.Debug|x86.ActiveCfg = Debug|Win32
		{8C2DA083-0723-4A56-A50E-C740E76C8B61}.Debug|x86.Build.0 = Debug|Win32
		{8C2DA083-0723-4A56-A50E-C740E76C8B61}.Release|x64.ActiveCfg = Release|x64
		{8C2DA083-0723-4A56-A50E-C740E76C8B61}.Release|x64.Build.0 = Release|x64
		{8C2DA083-0723-4A56-A50E-C740E76C8B61}.Release|x86.ActiveCfg = Release|Win32
		{8C2DA083-0723-4A56-A50E-C740E76C8B61}.Release|x86.Build.0 = Release|Win32
		{BD61EE8F-DA9D-4FBD-8743-38BF7C87A509}.Debug|x64.ActiveCfg = Debug|x64
		{BD61EE8F-DA9D-4FBD-8743-38BF7C87A509}.Debug|x64.Build.0 = Debug|x64
		{BD61EE8F-DA9D-4FBD-8743-38BF7C87A509}.Debug|x86.ActiveCfg = Debug|Win32
		{BD61EE8F-DA9D-4FBD-8743-38BF7C87A509}.Debug|x86.Build.0 = Debug|Win32
		{BD61EE8F-DA9D-4FBD-8743-38BF7C87A509}.Release|x64.ActiveCfg = Release|x64
		{BD61EE8F-DA9D-4FBD-8743-38BF7C87A509}.Release|x64.Build.0 = Release|x64
		{BD61EE8F-DA9D-4FBD-8743-38BF7C87A509}.Release|x86.ActiveCfg = Release|Win32
		{BD61EE8F-DA9D-4FBD-8743-38BF7C87A509}.Release|x86.Build.0 = Release|Win32
		{2BB7BF0E-60D0-4B05-86AA-D4F93BCD0768}.Debug|x64.ActiveCfg = Debug|x64
		{2BB7BF0E-60D0-4B05-86AA-D4F93BCD0768}.Debug|x64.Build.0 = Debug|x64
		{2BB7BF0E-60D0-4B05-86AA-D4F93BCD0768}.Debug|x86.ActiveCfg = Debug|Win32
		{2BB7BF0E-60D0-4B05-86AA-D4F93BCD0768}.Debug|x86.Build.0 = Debug|Win32
		{2BB7BF0E-60D0-4B05-86AA-D4F93BCD0768}.Release|x64.ActiveCfg = Release|x64
		{2BB7BF0E-60D0-4B05-86AA-D4F93BCD0768}.Release|x64.Build.0 = Release|x64
		{2BB7BF0E-60D0-4B05-86AA-D4F93BCD0768}.Release|x86.ActiveCfg = Release|Win32
		{2BB7BF0E-60D0-4B05-86AA-D4F93BCD0768}.Release|x86.Build.0 = Release|Win32
		{F152F56A-D55F-4426-ACDE-3E5541AA86BB}.Debug|x64.ActiveCfg = Debug|x64
		{F152F56A-D55F-4426-ACDE-3E5541AA86BB}.Debug|x64.Build.0 = Debug|x64
		{F152F56A-D55F-4426-ACDE-3E5541AA86BB}.Debug|x86.ActiveCfg = Debug|Win32
		{F152F56A-D55F-4426-ACDE-3E5541AA86BB}.Debug|x86.Build.0 = Debug|Win32
		{F152F56A-D55F-4426-ACDE-3E5541AA86BB}.Release|x64.ActiveCfg = Release|x64
		{F152F56A-D55F-4426-ACDE-3E5541AA86BB}.Release|x64.Build.0 = Release|x64
		{F152F56A-D55F-4426-ACDE-3E5541AA86BB}.Release|x86.ActiveCfg = Release|Win32
		{F152F56A-D55F-4426-ACDE-3E5541AA86BB}.Release|x86.Build.0 = Release|Win32
		{6CEDBFDB-9746-40AB-ADF6-1FBDFAFA5148}.Debug|x64.ActiveCfg = Debug|x64
		{6CEDBFDB-9746-40AB-ADF6-1FBDFAFA5148}.Debug|x64.Build.0 = Debug|x64
		{6CEDBFDB-9746-40AB-ADF6-1FBDFAFA5148}.Debug|x86.ActiveCfg = Debug|Win32
		{6CEDBFDB-9746-40AB-ADF6-1FBDFAFA5148}.Debug|x86.Build.0 = Debug|Win32
		{6CEDBFDB-9746-40AB-ADF6-1FBDFAFA5148}.Release|x64.ActiveCfg = Release|x64
		{6CEDBFDB-9746-40AB-ADF6-1FBDFAFA5148}.Release|x64.Build.0 = Release|x64
		{6CEDBFDB-9746-40AB-ADF6-1FBDFAFA5148}.Release|x86.ActiveCfg = Release|Win32
		{6CEDBFDB-9746-40AB-ADF6-1FBDFAFA5148}.Release|x86.Build.0 = Release|Win32
		{31D9235F-60E8-4497-9783-2DC9E7BA4FCB}.Debug|x64.ActiveCfg = Debug|x64
		{31D9235F-60E8-4497-9783-2DC9E7BA4FCB}.Debug|x64.Build.0 = Debug|x64
		{31D9235F-60E8-4497-9783-2DC9E7BA4FCB}.Debug|x86.ActiveCfg = Debug|Win32
		{31D9235F-60E8-4497-9783-2DC9E7BA4FCB}.Debug|x86.Build.0 = Debug|Win32
		{31D9235F-60E8-4497-9783-2DC9E7BA4FCB}.Release|x64.ActiveCfg = Release|x64
		{31D9235F-60E8-4497-9783-2DC9E7BA4FCB}.Release|x64.Build.0 = Release|x64
		{31D9235F-60E8-4497-9783-2DC9E7BA4FCB}.Release|x86.ActiveCfg = Release|Win32
		{31D9235F-60E8-4497-9783-2DC9E7BA4FCB}.Release|x86.Build.0 = Release|Win32
		{FC1F562E-FC5B-47AA-8186-C3A245C448A1}.Debug|x64.ActiveCfg = Debug|x64
		{FC1F562E-FC5B-47AA-8186-C3A245C448A1}.Debug|x64.Build.0 = Debug|x64
		{FC1F562E-FC5B-47AA-8186-C3A245C448A1}.Debug|x86.ActiveCfg = Debug|Win32
		{FC1F562E-FC5B-47AA-8186-C3A245C448A1}.Debug|x86.Build.0 = Debug|Win32
		{FC1F562E-FC5B-47AA-8186-C3A245C448A1}.Release|x64.ActiveCfg = Release|x64
		{FC1F562E-FC5B-47AA-8186-C3A245C448A1}.Release|x64.Build.0 = Release|x64
		{FC1F562E-FC5B-47AA-8186-C3A245C448A1}.Release|x86.ActiveCfg = Release|Win32
		{FC1F562E-FC5B-47AA-8186-C3A245C448A1}.Release|x86.Build.0 = Release|Win32
		{86C64C88-F638-410D-BED1-68A1DD8C3B3E}.Debug|x64.ActiveCfg = Debug|x64
		{86C64C88-F638-410D-BED1-68A1DD8C3B3E}.Debug|x64.Build.0 = Debug|x64
		{86C64C88-F638-410D-BED1-68A1DD8C3B3E}.Debug|x86.ActiveCfg = Debug|Win32
		{86C64C88-F638-410D-BED1-68A1DD8C3B3E}.Debug|x86.Build.0 = Debug|Win32
		{86C64C88-F638-410D-BED1-68A1DD8C3B3E}.Release|x64.ActiveCfg = Release|x64
		{86C64C88-F638-410D-BED1-68A1DD8C3B3E}.Release|x64.Build.0 = Release|x64
		{86C64C88-F638-410D-BED1-68A1DD8C3B3E}.Release|x86.ActiveCfg = Release|Win32
		{86C64C88-F638-410D-BED1-68A1DD8C3B3E}.Release|x86.Build.0 = Release|Win32
		{3F601144-E221-44AD-8338-0225C2DAF0BC}.Debug|x64.ActiveCfg = Debug|x64
		{3F601144-E221-44AD-8338-0225C2DAF0BC}.Debug|x64.Build.0 = Debug|x64
		{3F601144-E221-44AD-8338-0225C2DAF0BC}.Debug|x86.ActiveCfg = Debug|Win32
		{3F601144-E221-44AD-8338-0225C2DAF0BC}.Debug|x86.Build.0 = Debug|Win32
		{3F601144-E221-44AD-8338-0225C2DAF0BC}.Release|x64.ActiveCfg = Release|x64
		{3F601144-E221-44AD-8338-0225C2DAF0BC}.Release|x64.Build.0 = Release|x64
		{3F601144-E221-44AD-8338-0225C2DAF0BC}.Release|x86.ActiveCfg = Release|Win32
		{3F601144-E221-44AD-8338-0225C2DAF0BC}.Release|x86.Build.0 = Release|Win32
		{D048580A-8F5F-4F88-A4F8-6E6DB7A9A86B}.Debug|x64.ActiveCfg = Debug|x64
		{D048580A-8F5F-4F88-A4F8-6E6DB7A9A86B}.Debug|x64.Build.0 = Debug|x64
		{D048580A-8F5F-4F88-A4F8-6E6DB7A9A86B}.Debug|x86.ActiveCfg = Debug|Win32
		{D048580A-8F5F-4F88-A4F8-6E6DB7A9A86B}.Debug|x86.Build.0 = Debug|Win32
		{D048580A-8F5F-4F88-A4F8-6E6DB7A9A86B}.Release|x64.ActiveCfg = Release|x64
		{D048580A-8F5F-4F88-A4F8-6E6DB7A9A86B}.Release|x64.Build.0 = Release|x64
		{D048580A-8F5F-4F88-A4F8-6E6DB7A9A86B}.Release|x86.ActiveCfg = Release|Win32
		{D048580A-8F5F-4F88-A4F8-6E6DB7A9A86B}.Release|x86.Build.0 = Release|Win32
		{EC00A0AA-DD83-4965-8BA7-72C71D344EA8}.Debug|x64.ActiveCfg = Debug|x64
		{EC00A0AA-DD83-4965-8BA7-72C71D344EA8}.Debug|x64.Build.0 = Debug|x64
		{EC00A0AA-DD83-4965-8BA7-72C71D344EA8}.Debug|x86.ActiveCfg = Debug|Win32
		{EC00A0AA-DD83-4965-8BA7-72C71D344EA8}.Debug|x86.Build.0 = Debug|Win32
		{EC00A0AA-DD83-4965-8BA7-72C71D344EA8}.Release|x64.ActiveCfg = Release|x64
		{EC00A0AA-DD83-4965-8BA7-72C71D344EA8}.Release|x64.Build.0 = Release|x64
		{EC00A0AA-DD83-4965-8BA7-72C71D344EA8}.Release|x86.ActiveCfg = Release|Win32
		{EC00A0AA-DD83-4965-8BA7-72C71D344EA8}.Release|x86.Build.0 = Release|Win32
	EndGlobalSection
	GlobalSection(SolutionProperties) = preSolution
		HideSolutionNode = FALSE
	EndGlobalSection
	GlobalSection(NestedProjects) = preSolution
		{BD8DFCE9-B3B9-473B-A01A-DA0589954D95} = {A2AD4B9B-510C-42BD-92F8-0BD83D26A3D8}
		{1B651F9F-A7F3-4515-ACAD-87815E719BAC} = {A2AD4B9B-510C-42BD-92F8-0BD83D26A3D8}
		{AAF54264-A8B7-4CD1-B918-16A7A097C49B} = {A2AD4B9B-510C-42BD-92F8-0BD83D26A3D8}
		{F31997CC-1E7D-4F4A-A62D-2A793B438567} = {A2AD4B9B-510C-42BD-92F8-0BD83D26A3D8}
		{7130B8C2-58D4-451B-95C6-8EAC3A6C0155} = {A2AD4B9B-510C-42BD-92F8-0BD83D26A3D8}
		{AC32F627-1F68-4A8E-BACA-43212659CB54} = {CA5C035C-D4A6-4E92-AF27-BAAA6FC1B629}
		{566A9C64-D73A-4241-A845-14CB10273C30} = {CA5C035C-D4A6-4E92-AF27-BAAA6FC1B629}
		{7793CA02-6C95-4D2B-8899-888C1C5EAF29} = {CA5C035C-D4A6-4E92-AF27-BAAA6FC1B629}
		{288DDEF3-DF3B-4BB8-A910-D49E7686A3F3} = {CA5C035C-D4A6-4E92-AF27-BAAA6FC1B629}
		{38823906-3ED8-450E-A520-EF44857B88DB} = {CA5C035C-D4A6-4E92-AF27-BAAA6FC1B629}
		{92FBCDC4-9451-4FAC-91F1-C910CA12F3A1} = {15011927-A4E5-4617-9D09-4D1EFA5B5EC1}
		{D24AC895-9227-433A-AD4F-8F3A6B096E21} = {15011927-A4E5-4617-9D09-4D1EFA5B5EC1}
		{47201ACE-CB30-4D37-A3B2-D2AF790AE5B8} = {15011927-A4E5-4617-9D09-4D1EFA5B5EC1}
		{8A7A9AB7-D057-4092-9781-E9C009E97871} = {15011927-A4E5-4617-9D09-4D1EFA5B5EC1}
		{A8E460E2-9E55-49F7-BE11-EB901171D34A} = {15011927-A4E5-4617-9D09-4D1EFA5B5EC1}
		{6734EB15-D2A2-4D81-A6F6-6CF39FAF52D2} = {5D4B85B7-2718-4414-913B-C88A3AB91F9E}
		{0FE7D81E-08E2-4DA1-B4F0-BFF200DCC63B} = {5D4B85B7-2718-4414-913B-C88A3AB91F9E}
		{44A28520-5F64-46A1-840F-2346C305CD31} = {5D4B85B7-2718-4414-913B-C88A3AB91F9E}
		{BA372DF6-193E-47EA-AAAA-D296E4E5EEAC} = {5D4B85B7-2718-4414-913B-C88A3AB91F9E}
		{05759876-2402-4B24-9572-76A560E37A45} = {5D4B85B7-2718-4414-913B-C88A3AB91F9E}
		{97265F88-EABB-4D29-A4D8-A6A820DCBB06} = {D310AA09-F5FC-436D-BB93-4922D901BB7D}
		{076616B2-CA07-4F17-8E28-A75A726F933C} = {D310AA09-F5FC-436D-BB93-4922D901BB7D}
		{C5A358A0-8B50-408E-8CF7-DCDCF2947871} = {D310AA09-F5FC-436D-BB93-4922D901BB7D}
		{B5069517-4029-4279-9010-CF9F8A76B7CA} = {D310AA09-F5FC-436D-BB93-4922D901BB7D}
		{7C43A4BE-383B-4346-98BD-A515CB8D8528} = {D310AA09-F5FC-436D-BB93-4922D901BB7D}
		{F972FAD0-ADE6-496E-A60D-902D04F1CB62} = {7AF2BED0-4B83-41F4-87B8-9D97F7DB9D91}
		{0FD7F097-C837-4463-9820-D1E110E31DC0} = {7AF2BED0-4B83-41F4-87B8-9D97F7DB9D91}
		{5A02EE9E-935E-4428-948C-5D4138AF7D98} = {7AF2BED0-4B83-41F4-87B8-9D97F7DB9D91}
		{AEAC8E29-EC1A-41B3-9C40-D8B9BDDC6221} = {7AF2BED0-4B83-41F4-87B8-9D97F7DB9D91}
		{336B5BE6-F34A-45D4-8D13-951D3918844A} = {7AF2BED0-4B83-41F4-87B8-9D97F7DB9D91}
		{CF6F50E3-E1AB-46E2-8257-C5B8A4B718A8} = {ED7C2CE1-6DD5-42B4-868D-6ACDA919F041}
		{7C3C512C-8345-4996-819C-D76901437372} = {ED7C2CE1-6DD5-42B4-868D-6ACDA919F041}
		{E4113E98-B1DD-41A6-B088-D63896EBB5AC} = {ED7C2CE1-6DD5-42B4-868D-6ACDA919F041}
		{E5996E03-33BB-4CC5-A1A8-114B366BFEB2} = {ED7C2CE1-6DD5-42B4-868D-6ACDA919F041}
		{31FEBFB1-7571-4BC2-8AD6-7343854DEAF0} = {ED7C2CE1-6DD5-42B4-868D-6ACDA919F041}
		{BE444692-9E99-4419-8FED-0EAEC8F73C1B} = {FA36BFC6-87BF-493A-9F19-E908609D9BAC}
		{6FEFAC7D-57FC-449E-BB99-F8F968D22785} = {FA36BFC6-87BF-493A-9F19-E908609D9BAC}
		{14EBD044-C7EE-4C97-897D-EAFA348ADDF4} = {FA36BFC6-87BF-493A-9F19-E908609D9BAC}
		{6EB51CC7-F976-4B83-A1A9-39C2244A0BFD} = {FA36BFC6-87BF-493A-9F19-E908609D9BAC}
		{4C2D1300-E000-4E81-A6A5-CE42E2C779E8} = {FA36BFC6-87BF-493A-9F19-E908609D9BAC}
		{B6417D31-F15D-46B6-B36A-68A4A495877F} = {72ACDC1A-2F32-404A-9498-914B4FAF6BDB}
		{52A6DCCC-BDEC-401F-939F-2A40BE6A44B1} = {72ACDC1A-2F32-404A-9498-914B4FAF6BDB}
		{AC5CC054-732E-4991-A2F7-94AB88ACC581} = {72ACDC1A-2F32-404A-9498-914B4FAF6BDB}
		{854DA760-E354-403E-BC0B-AC339F621F3D} = {72ACDC1A-2F32-404A-9498-914B4FAF6BDB}
		{35E6A8C8-7F50-4D72-A468-ABD593CF5865} = {72ACDC1A-2F32-404A-9498-914B4FAF6BDB}
		{9B446B14-5D57-430E-B7C4-CB00C4421BBD} = {5D32EB88-8156-4FE1-AC6B-B0DCFD9BD79B}
		{C2F3FF39-7323-4644-8A26-1D77E4613F02} = {5D32EB88-8156-4FE1-AC6B-B0DCFD9BD79B}
		{E7765B33-249F-494D-B06B-E5268CD2A770} = {5D32EB88-8156-4FE1-AC6B-B0DCFD9BD79B}
		{358DE701-9DAC-443F-9F17-021A37FB8C0F} = {5D32EB88-8156-4FE1-AC6B-B0DCFD9BD79B}
		{8C2DA083-0723-4A56-A50E-C740E76C8B61} = {5D32EB88-8156-4FE1-AC6B-B0DCFD9BD79B}
		{BD61EE8F-DA9D-4FBD-8743-38BF7C87A509} = {759BD00A-A851-4A77-9BBC-2A78C0542BAD}
		{2BB7BF0E-60D0-4B05-86AA-D4F93BCD0768} = {759BD00A-A851-4A77-9BBC-2A78C0542BAD}
		{F152F56A-D55F-4426-ACDE-3E5541AA86BB} = {759BD00A-A851-4A77-9BBC-2A78C0542BAD}
		{6CEDBFDB-9746-40AB-ADF6-1FBDFAFA5148} = {759BD00A-A851-4A77-9BBC-2A78C0542BAD}
		{31D9235F-60E8-4497-9783-2DC9E7BA4FCB} = {759BD00A-A851-4A77-9BBC-2A78C0542BAD}
		{FC1F562E-FC5B-47AA-8186-C3A245C448A1} = {0B906370-D542-448F-8A6C-EFD6417F8789}
		{86C64C88-F638-410D-BED1-68A1DD8C3B3E} = {0B906370-D542-448F-8A6C-EFD6417F8789}
		{3F601144-E221-44AD-8338-0225C2DAF0BC} = {0B906370-D542-448F-8A6C-EFD6417F8789}
		{D048580A-8F5F-4F88-A4F8-6E6DB7A9A86B} = {0B906370-D542-448F-8A6C-EFD6417F8789}
		{EC00A0AA-DD83-4965-8BA7-72C71D344EA8} = {0B906370-D542-448F-8A6C-EFD6417F8789}
	EndGlobalSection
	GlobalSection(ExtensibilityGlobals) = postSolution
		SolutionGuid = {8FF3AFA1-AF3B-4A69-8F7D-B6E6EADAD5CE}
	EndGlobalSection
EndGlobal
