
Microsoft Visual Studio Solution File, Format Version 12.00
# Visual Studio 15
VisualStudioVersion = 15.0.27130.2010
MinimumVisualStudioVersion = 10.0.40219.1
Project("{2150E333-8FDC-42A3-9474-1A3956D46DE8}") = "unity-2017.1.0-mbe", "unity-2017.1.0-mbe", "{F44EEFE0-E70A-4960-AB3E-303B6A6EBFE5}"
EndProject
Project("{8BC9CEB8-8B4A-11D0-8D11-00A0C91BC942}") = "build-init", "unity-2017.1.0-mbe\msvc\build-init.vcxproj", "{56D66E5F-1D99-4D1C-ACAF-37615C17CD19}"
EndProject
Project("{8BC9CEB8-8B4A-11D0-8D11-00A0C91BC942}") = "eglib", "unity-2017.1.0-mbe\msvc\eglib.vcxproj", "{A08BF267-4549-46A5-9486-572E89F06438}"
EndProject
Project("{8BC9CEB8-8B4A-11D0-8D11-00A0C91BC942}") = "genmdesc", "unity-2017.1.0-mbe\msvc\genmdesc.vcxproj", "{0A86CA15-7FAD-44D6-B899-9C8495F30F26}"
EndProject
Project("{8BC9CEB8-8B4A-11D0-8D11-00A0C91BC942}") = "libgcbdwgc", "unity-2017.1.0-mbe\msvc\libgcbdwgc.vcxproj", "{3AB90CCC-30A5-4A97-82CB-D4AC52B24896}"
EndProject
Project("{8BC9CEB8-8B4A-11D0-8D11-00A0C91BC942}") = "libmono", "unity-2017.1.0-mbe\msvc\libmono.vcxproj", "{2F9232CE-1386-4AAB-98F3-B844311FECA5}"
EndProject
Project("{8BC9CEB8-8B4A-11D0-8D11-00A0C91BC942}") = "libmonoruntime", "unity-2017.1.0-mbe\msvc\libmonoruntime.vcxproj", "{2B0F26B2-2012-4DE8-9644-30DEB5C84DC5}"
EndProject
Project("{8BC9CEB8-8B4A-11D0-8D11-00A0C91BC942}") = "libmono-static", "unity-2017.1.0-mbe\msvc\libmono-static.vcxproj", "{4A0FFA29-801A-4C40-82B5-543CCF7E1D01}"
EndProject
Project("{8BC9CEB8-8B4A-11D0-8D11-00A0C91BC942}") = "libmonoutils", "unity-2017.1.0-mbe\msvc\libmonoutils.vcxproj", "{659A1675-0D9B-46CB-A2F3-5ECE076FB46F}"
EndProject
Project("{2150E333-8FDC-42A3-9474-1A3956D46DE8}") = "unity-2017.1.1-mbe", "unity-2017.1.1-mbe", "{871170EA-B237-49ED-BE46-1504104A065A}"
EndProject
Project("{8BC9CEB8-8B4A-11D0-8D11-00A0C91BC942}") = "build-init", "unity-2017.1.1-mbe\msvc\build-init.vcxproj", "{1527CB3B-4B0F-486D-8FC4-A8C54EA06B65}"
EndProject
Project("{8BC9CEB8-8B4A-11D0-8D11-00A0C91BC942}") = "eglib", "unity-2017.1.1-mbe\msvc\eglib.vcxproj", "{E69E7F37-FB84-4285-A706-0A2949518F63}"
EndProject
Project("{8BC9CEB8-8B4A-11D0-8D11-00A0C91BC942}") = "genmdesc", "unity-2017.1.1-mbe\msvc\genmdesc.vcxproj", "{38F1D31F-EB03-4ECC-A75A-7C115A9841AC}"
EndProject
Project("{8BC9CEB8-8B4A-11D0-8D11-00A0C91BC942}") = "libgcbdwgc", "unity-2017.1.1-mbe\msvc\libgcbdwgc.vcxproj", "{69E77B41-21FB-463E-A7A1-087C59EA9698}"
EndProject
Project("{8BC9CEB8-8B4A-11D0-8D11-00A0C91BC942}") = "libmono", "unity-2017.1.1-mbe\msvc\libmono.vcxproj", "{177426E7-580C-4B31-8ED9-32491C1062F0}"
EndProject
Project("{8BC9CEB8-8B4A-11D0-8D11-00A0C91BC942}") = "libmonoruntime", "unity-2017.1.1-mbe\msvc\libmonoruntime.vcxproj", "{2820B03D-6C6C-47E5-9DF3-2CFFDDA8B554}"
EndProject
Project("{8BC9CEB8-8B4A-11D0-8D11-00A0C91BC942}") = "libmono-static", "unity-2017.1.1-mbe\msvc\libmono-static.vcxproj", "{D5FBCA4D-FFDF-4A92-A5DE-E6EB4178560A}"
EndProject
Project("{8BC9CEB8-8B4A-11D0-8D11-00A0C91BC942}") = "libmonoutils", "unity-2017.1.1-mbe\msvc\libmonoutils.vcxproj", "{E47E8420-8628-43FF-89F7-068A60384151}"
EndProject
Project("{2150E333-8FDC-42A3-9474-1A3956D46DE8}") = "unity-2017.1.2-mbe", "unity-2017.1.2-mbe", "{A9CFE1B7-CF42-4739-8AC5-B40FF63A0605}"
EndProject
Project("{8BC9CEB8-8B4A-11D0-8D11-00A0C91BC942}") = "build-init", "unity-2017.1.2-mbe\msvc\build-init.vcxproj", "{2060E545-CD4A-4BDE-8C5B-D3E550770651}"
EndProject
Project("{8BC9CEB8-8B4A-11D0-8D11-00A0C91BC942}") = "eglib", "unity-2017.1.2-mbe\msvc\eglib.vcxproj", "{A1E5B16F-EBBE-427E-8139-AFBBB558E223}"
EndProject
Project("{8BC9CEB8-8B4A-11D0-8D11-00A0C91BC942}") = "genmdesc", "unity-2017.1.2-mbe\msvc\genmdesc.vcxproj", "{33076772-2255-4613-9D06-CD2708318E53}"
EndProject
Project("{8BC9CEB8-8B4A-11D0-8D11-00A0C91BC942}") = "libgcbdwgc", "unity-2017.1.2-mbe\msvc\libgcbdwgc.vcxproj", "{B18FB933-30FA-4F11-B31D-D13F0F70F783}"
EndProject
Project("{8BC9CEB8-8B4A-11D0-8D11-00A0C91BC942}") = "libmono", "unity-2017.1.2-mbe\msvc\libmono.vcxproj", "{6830D8A1-6BEE-4586-908A-C4A8D489F9AA}"
EndProject
Project("{8BC9CEB8-8B4A-11D0-8D11-00A0C91BC942}") = "libmonoruntime", "unity-2017.1.2-mbe\msvc\libmonoruntime.vcxproj", "{B29C2EE1-85FD-4426-A0C4-4C9F5BFE408C}"
EndProject
Project("{8BC9CEB8-8B4A-11D0-8D11-00A0C91BC942}") = "libmono-static", "unity-2017.1.2-mbe\msvc\libmono-static.vcxproj", "{C23B3524-F56C-4203-AD50-E730718B9D71}"
EndProject
Project("{8BC9CEB8-8B4A-11D0-8D11-00A0C91BC942}") = "libmonoutils", "unity-2017.1.2-mbe\msvc\libmonoutils.vcxproj", "{F4B7E269-8D96-4739-83E9-8750F56A91E0}"
EndProject
Project("{2150E333-8FDC-42A3-9474-1A3956D46DE8}") = "unity-2017.1.3-mbe", "unity-2017.1.3-mbe", "{EC4529BA-298B-4E21-8FF4-E90C616B5F24}"
EndProject
Project("{8BC9CEB8-8B4A-11D0-8D11-00A0C91BC942}") = "build-init", "unity-2017.1.3-mbe\msvc\build-init.vcxproj", "{74498D46-F348-4D57-A2CA-0892A91C9EE5}"
EndProject
Project("{8BC9CEB8-8B4A-11D0-8D11-00A0C91BC942}") = "eglib", "unity-2017.1.3-mbe\msvc\eglib.vcxproj", "{14A073BE-B8EB-4DF0-B64E-14A5288721A7}"
EndProject
Project("{8BC9CEB8-8B4A-11D0-8D11-00A0C91BC942}") = "genmdesc", "unity-2017.1.3-mbe\msvc\genmdesc.vcxproj", "{897AB4CD-055D-40FA-ADB0-E6E576BE733C}"
EndProject
Project("{8BC9CEB8-8B4A-11D0-8D11-00A0C91BC942}") = "libgcbdwgc", "unity-2017.1.3-mbe\msvc\libgcbdwgc.vcxproj", "{8B8BADEC-05FA-4B5A-A6D9-EC85B08BFE63}"
EndProject
Project("{8BC9CEB8-8B4A-11D0-8D11-00A0C91BC942}") = "libmono", "unity-2017.1.3-mbe\msvc\libmono.vcxproj", "{7AF81838-B1EE-4577-B006-566C1598A94D}"
EndProject
Project("{8BC9CEB8-8B4A-11D0-8D11-00A0C91BC942}") = "libmonoruntime", "unity-2017.1.3-mbe\msvc\libmonoruntime.vcxproj", "{C7061B95-229B-4BC1-90C2-D2E939D096B7}"
EndProject
Project("{8BC9CEB8-8B4A-11D0-8D11-00A0C91BC942}") = "libmono-static", "unity-2017.1.3-mbe\msvc\libmono-static.vcxproj", "{8C3E66F5-53D8-47D6-9C3F-0B0E56AE73C6}"
EndProject
Project("{8BC9CEB8-8B4A-11D0-8D11-00A0C91BC942}") = "libmonoutils", "unity-2017.1.3-mbe\msvc\libmonoutils.vcxproj", "{9D1078F2-13D9-4D66-9653-949AAEC1D430}"
EndProject
Project("{2150E333-8FDC-42A3-9474-1A3956D46DE8}") = "unity-2017.1.4-mbe", "unity-2017.1.4-mbe", "{6335F579-B7D9-49CA-8970-CAE10A612A0E}"
EndProject
Project("{8BC9CEB8-8B4A-11D0-8D11-00A0C91BC942}") = "build-init", "unity-2017.1.4-mbe\msvc\build-init.vcxproj", "{087D3619-7988-4EF2-ACA1-21A8E99B5CC7}"
EndProject
Project("{8BC9CEB8-8B4A-11D0-8D11-00A0C91BC942}") = "eglib", "unity-2017.1.4-mbe\msvc\eglib.vcxproj", "{C9911C39-BA13-4938-B3A3-881A002ED260}"
EndProject
Project("{8BC9CEB8-8B4A-11D0-8D11-00A0C91BC942}") = "genmdesc", "unity-2017.1.4-mbe\msvc\genmdesc.vcxproj", "{154743C7-FE42-4B67-8490-181BF208A577}"
EndProject
Project("{8BC9CEB8-8B4A-11D0-8D11-00A0C91BC942}") = "libgcbdwgc", "unity-2017.1.4-mbe\msvc\libgcbdwgc.vcxproj", "{780CC24C-8C13-4900-8968-1F15C8D5BF4B}"
EndProject
Project("{8BC9CEB8-8B4A-11D0-8D11-00A0C91BC942}") = "libmono", "unity-2017.1.4-mbe\msvc\libmono.vcxproj", "{98D82780-365D-4EBA-8D78-3C5DA1AE0090}"
EndProject
Project("{8BC9CEB8-8B4A-11D0-8D11-00A0C91BC942}") = "libmonoruntime", "unity-2017.1.4-mbe\msvc\libmonoruntime.vcxproj", "{889B15AA-B3B0-4A97-9B41-B476FADEE57B}"
EndProject
Project("{8BC9CEB8-8B4A-11D0-8D11-00A0C91BC942}") = "libmono-static", "unity-2017.1.4-mbe\msvc\libmono-static.vcxproj", "{F4A4A324-BAF1-4037-80F7-600B2E955809}"
EndProject
Project("{8BC9CEB8-8B4A-11D0-8D11-00A0C91BC942}") = "libmonoutils", "unity-2017.1.4-mbe\msvc\libmonoutils.vcxproj", "{8D8C037E-FAEB-4FD3-A166-443778881069}"
EndProject
Project("{2150E333-8FDC-42A3-9474-1A3956D46DE8}") = "unity-2017.1.5-mbe", "unity-2017.1.5-mbe", "{62D1173E-F95E-4BEE-9EC3-A0DF9F79E75F}"
EndProject
Project("{8BC9CEB8-8B4A-11D0-8D11-00A0C91BC942}") = "build-init", "unity-2017.1.5-mbe\msvc\build-init.vcxproj", "{9F7242E4-A1ED-4B82-B9CA-5971CE7AB05D}"
EndProject
Project("{8BC9CEB8-8B4A-11D0-8D11-00A0C91BC942}") = "eglib", "unity-2017.1.5-mbe\msvc\eglib.vcxproj", "{D1FA5C77-2140-4B5C-8B7A-B920F46975ED}"
EndProject
Project("{8BC9CEB8-8B4A-11D0-8D11-00A0C91BC942}") = "genmdesc", "unity-2017.1.5-mbe\msvc\genmdesc.vcxproj", "{E1C44D60-1626-4C39-B228-65BC88568B6C}"
EndProject
Project("{8BC9CEB8-8B4A-11D0-8D11-00A0C91BC942}") = "libgcbdwgc", "unity-2017.1.5-mbe\msvc\libgcbdwgc.vcxproj", "{B0887CBC-2046-4AE6-BB9F-6240188FF380}"
EndProject
Project("{8BC9CEB8-8B4A-11D0-8D11-00A0C91BC942}") = "libmono", "unity-2017.1.5-mbe\msvc\libmono.vcxproj", "{1F1D38BA-A6DB-4F59-925E-612D6B8FBDE3}"
EndProject
Project("{8BC9CEB8-8B4A-11D0-8D11-00A0C91BC942}") = "libmonoruntime", "unity-2017.1.5-mbe\msvc\libmonoruntime.vcxproj", "{0D6DF20E-69A0-40F8-9E0E-D1B68B735CB2}"
EndProject
Project("{8BC9CEB8-8B4A-11D0-8D11-00A0C91BC942}") = "libmono-static", "unity-2017.1.5-mbe\msvc\libmono-static.vcxproj", "{2F256318-A289-4612-A588-D813DE3EB620}"
EndProject
Project("{8BC9CEB8-8B4A-11D0-8D11-00A0C91BC942}") = "libmonoutils", "unity-2017.1.5-mbe\msvc\libmonoutils.vcxproj", "{FBF17960-BAF1-4236-89F8-B8EDE1AC0D1E}"
EndProject
Project("{2150E333-8FDC-42A3-9474-1A3956D46DE8}") = "unity-2017.2.0-mbe", "unity-2017.2.0-mbe", "{6DB237B1-A27D-4EA6-BA55-C66EBFFF05B7}"
EndProject
Project("{8BC9CEB8-8B4A-11D0-8D11-00A0C91BC942}") = "build-init", "unity-2017.2.0-mbe\msvc\build-init.vcxproj", "{6A2BCCEA-3A21-448B-9421-6DAEFE3EA975}"
EndProject
Project("{8BC9CEB8-8B4A-11D0-8D11-00A0C91BC942}") = "eglib", "unity-2017.2.0-mbe\msvc\eglib.vcxproj", "{9113FAFD-8F51-42D0-8F96-BFE8D5638C14}"
EndProject
Project("{8BC9CEB8-8B4A-11D0-8D11-00A0C91BC942}") = "genmdesc", "unity-2017.2.0-mbe\msvc\genmdesc.vcxproj", "{91ED2D12-0441-46EB-9537-FD9B375253D7}"
EndProject
Project("{8BC9CEB8-8B4A-11D0-8D11-00A0C91BC942}") = "libgcbdwgc", "unity-2017.2.0-mbe\msvc\libgcbdwgc.vcxproj", "{C6D5A60C-79E3-4206-9535-CB6FD52D38C6}"
EndProject
Project("{8BC9CEB8-8B4A-11D0-8D11-00A0C91BC942}") = "libmono", "unity-2017.2.0-mbe\msvc\libmono.vcxproj", "{157233D6-F313-40FC-9753-A2A3EE1F5D02}"
EndProject
Project("{8BC9CEB8-8B4A-11D0-8D11-00A0C91BC942}") = "libmonoruntime", "unity-2017.2.0-mbe\msvc\libmonoruntime.vcxproj", "{338E797E-3E2F-4987-8BD6-769834CB3C39}"
EndProject
Project("{8BC9CEB8-8B4A-11D0-8D11-00A0C91BC942}") = "libmono-static", "unity-2017.2.0-mbe\msvc\libmono-static.vcxproj", "{C7195939-673F-4744-8D6F-CDD4596C69AF}"
EndProject
Project("{8BC9CEB8-8B4A-11D0-8D11-00A0C91BC942}") = "libmonoutils", "unity-2017.2.0-mbe\msvc\libmonoutils.vcxproj", "{62CF302A-D075-4583-8B13-489F63B65574}"
EndProject
Project("{2150E333-8FDC-42A3-9474-1A3956D46DE8}") = "unity-2017.2.1-mbe", "unity-2017.2.1-mbe", "{E48C5488-560B-40B8-B201-DF6DD1E5C80D}"
EndProject
Project("{8BC9CEB8-8B4A-11D0-8D11-00A0C91BC942}") = "build-init", "unity-2017.2.1-mbe\msvc\build-init.vcxproj", "{E0CAC678-321B-4486-876F-994118CFA412}"
EndProject
Project("{8BC9CEB8-8B4A-11D0-8D11-00A0C91BC942}") = "eglib", "unity-2017.2.1-mbe\msvc\eglib.vcxproj", "{2FE84676-9EA3-474C-B5D9-236F05DC0FA2}"
EndProject
Project("{8BC9CEB8-8B4A-11D0-8D11-00A0C91BC942}") = "genmdesc", "unity-2017.2.1-mbe\msvc\genmdesc.vcxproj", "{DE457200-CBE1-4F4D-98E1-3D832508018B}"
EndProject
Project("{8BC9CEB8-8B4A-11D0-8D11-00A0C91BC942}") = "libgcbdwgc", "unity-2017.2.1-mbe\msvc\libgcbdwgc.vcxproj", "{B25C5437-E9CE-4062-97C2-74301DD5DED8}"
EndProject
Project("{8BC9CEB8-8B4A-11D0-8D11-00A0C91BC942}") = "libmono", "unity-2017.2.1-mbe\msvc\libmono.vcxproj", "{30DE695A-61EE-472C-B75D-3EC9D4673A7B}"
EndProject
Project("{8BC9CEB8-8B4A-11D0-8D11-00A0C91BC942}") = "libmonoruntime", "unity-2017.2.1-mbe\msvc\libmonoruntime.vcxproj", "{5042633A-9FC9-4723-B6DB-9A6926AF9674}"
EndProject
Project("{8BC9CEB8-8B4A-11D0-8D11-00A0C91BC942}") = "libmono-static", "unity-2017.2.1-mbe\msvc\libmono-static.vcxproj", "{5F7926A8-6DC2-4C52-AB42-5BB38135C0BB}"
EndProject
Project("{8BC9CEB8-8B4A-11D0-8D11-00A0C91BC942}") = "libmonoutils", "unity-2017.2.1-mbe\msvc\libmonoutils.vcxproj", "{8259EA20-B934-4848-91AC-8579C7D3B8A5}"
EndProject
Project("{2150E333-8FDC-42A3-9474-1A3956D46DE8}") = "unity-2017.2.2-mbe", "unity-2017.2.2-mbe", "{8D77AEA2-4952-4195-958C-984815910CE3}"
EndProject
Project("{8BC9CEB8-8B4A-11D0-8D11-00A0C91BC942}") = "build-init", "unity-2017.2.2-mbe\msvc\build-init.vcxproj", "{2583D444-D0BA-4F15-8576-468C835BB693}"
EndProject
Project("{8BC9CEB8-8B4A-11D0-8D11-00A0C91BC942}") = "eglib", "unity-2017.2.2-mbe\msvc\eglib.vcxproj", "{2D0A51AE-8A8C-4E78-84D4-E6990DF53453}"
EndProject
Project("{8BC9CEB8-8B4A-11D0-8D11-00A0C91BC942}") = "genmdesc", "unity-2017.2.2-mbe\msvc\genmdesc.vcxproj", "{D51A3B8F-45D8-49F8-BB96-0D00B63F7A2A}"
EndProject
Project("{8BC9CEB8-8B4A-11D0-8D11-00A0C91BC942}") = "libgcbdwgc", "unity-2017.2.2-mbe\msvc\libgcbdwgc.vcxproj", "{8B777A68-AD4E-4EBB-9461-123575D2FE9C}"
EndProject
Project("{8BC9CEB8-8B4A-11D0-8D11-00A0C91BC942}") = "libmono", "unity-2017.2.2-mbe\msvc\libmono.vcxproj", "{8E348C27-14EF-4796-B86D-B895C7FF2C74}"
EndProject
Project("{8BC9CEB8-8B4A-11D0-8D11-00A0C91BC942}") = "libmonoruntime", "unity-2017.2.2-mbe\msvc\libmonoruntime.vcxproj", "{42702337-625D-418E-9167-59D0E2DDD3D9}"
EndProject
Project("{8BC9CEB8-8B4A-11D0-8D11-00A0C91BC942}") = "libmono-static", "unity-2017.2.2-mbe\msvc\libmono-static.vcxproj", "{1B7B4259-3C17-405A-9361-139CFC109914}"
EndProject
Project("{8BC9CEB8-8B4A-11D0-8D11-00A0C91BC942}") = "libmonoutils", "unity-2017.2.2-mbe\msvc\libmonoutils.vcxproj", "{D955254D-5918-42D3-889B-29C19E1AEBB6}"
EndProject
Project("{2150E333-8FDC-42A3-9474-1A3956D46DE8}") = "unity-2017.2.3-mbe", "unity-2017.2.3-mbe", "{42A601B6-3539-482A-8331-07A5518A99FC}"
EndProject
Project("{8BC9CEB8-8B4A-11D0-8D11-00A0C91BC942}") = "build-init", "unity-2017.2.3-mbe\msvc\build-init.vcxproj", "{FCCB66A3-2107-4D69-876F-AE9FE4EDC70E}"
EndProject
Project("{8BC9CEB8-8B4A-11D0-8D11-00A0C91BC942}") = "eglib", "unity-2017.2.3-mbe\msvc\eglib.vcxproj", "{867A73B6-761F-4B82-AE61-2172C6628219}"
EndProject
Project("{8BC9CEB8-8B4A-11D0-8D11-00A0C91BC942}") = "genmdesc", "unity-2017.2.3-mbe\msvc\genmdesc.vcxproj", "{C4FD4C39-2FDA-4A8D-90D9-E4C26D072EEA}"
EndProject
Project("{8BC9CEB8-8B4A-11D0-8D11-00A0C91BC942}") = "libgcbdwgc", "unity-2017.2.3-mbe\msvc\libgcbdwgc.vcxproj", "{07AB1567-935B-450D-BA7A-1E48839907A9}"
EndProject
Project("{8BC9CEB8-8B4A-11D0-8D11-00A0C91BC942}") = "libmono", "unity-2017.2.3-mbe\msvc\libmono.vcxproj", "{19FBF3D9-FFB2-4325-A576-278ADA292AC5}"
EndProject
Project("{8BC9CEB8-8B4A-11D0-8D11-00A0C91BC942}") = "libmonoruntime", "unity-2017.2.3-mbe\msvc\libmonoruntime.vcxproj", "{77A69B0D-6EF3-44FF-AB48-98D53A24D766}"
EndProject
Project("{8BC9CEB8-8B4A-11D0-8D11-00A0C91BC942}") = "libmono-static", "unity-2017.2.3-mbe\msvc\libmono-static.vcxproj", "{36023F75-8A1D-47FC-917C-3E2B6990AD14}"
EndProject
Project("{8BC9CEB8-8B4A-11D0-8D11-00A0C91BC942}") = "libmonoutils", "unity-2017.2.3-mbe\msvc\libmonoutils.vcxproj", "{294E7FF0-04FE-496A-8C0B-3D96772D44DF}"
EndProject
Global
	GlobalSection(SolutionConfigurationPlatforms) = preSolution
		Debug|x64 = Debug|x64
		Debug|x86 = Debug|x86
		Release|x64 = Release|x64
		Release|x86 = Release|x86
	EndGlobalSection
	GlobalSection(ProjectConfigurationPlatforms) = postSolution
		{56D66E5F-1D99-4D1C-ACAF-37615C17CD19}.Debug|x64.ActiveCfg = Debug|x64
		{56D66E5F-1D99-4D1C-ACAF-37615C17CD19}.Debug|x64.Build.0 = Debug|x64
		{56D66E5F-1D99-4D1C-ACAF-37615C17CD19}.Debug|x86.ActiveCfg = Debug|Win32
		{56D66E5F-1D99-4D1C-ACAF-37615C17CD19}.Debug|x86.Build.0 = Debug|Win32
		{56D66E5F-1D99-4D1C-ACAF-37615C17CD19}.Release|x64.ActiveCfg = Release|x64
		{56D66E5F-1D99-4D1C-ACAF-37615C17CD19}.Release|x64.Build.0 = Release|x64
		{56D66E5F-1D99-4D1C-ACAF-37615C17CD19}.Release|x86.ActiveCfg = Release|Win32
		{56D66E5F-1D99-4D1C-ACAF-37615C17CD19}.Release|x86.Build.0 = Release|Win32
		{A08BF267-4549-46A5-9486-572E89F06438}.Debug|x64.ActiveCfg = Debug|x64
		{A08BF267-4549-46A5-9486-572E89F06438}.Debug|x64.Build.0 = Debug|x64
		{A08BF267-4549-46A5-9486-572E89F06438}.Debug|x86.ActiveCfg = Debug|Win32
		{A08BF267-4549-46A5-9486-572E89F06438}.Debug|x86.Build.0 = Debug|Win32
		{A08BF267-4549-46A5-9486-572E89F06438}.Release|x64.ActiveCfg = Release|x64
		{A08BF267-4549-46A5-9486-572E89F06438}.Release|x64.Build.0 = Release|x64
		{A08BF267-4549-46A5-9486-572E89F06438}.Release|x86.ActiveCfg = Release|Win32
		{A08BF267-4549-46A5-9486-572E89F06438}.Release|x86.Build.0 = Release|Win32
		{0A86CA15-7FAD-44D6-B899-9C8495F30F26}.Debug|x64.ActiveCfg = Debug|x64
		{0A86CA15-7FAD-44D6-B899-9C8495F30F26}.Debug|x64.Build.0 = Debug|x64
		{0A86CA15-7FAD-44D6-B899-9C8495F30F26}.Debug|x86.ActiveCfg = Debug|Win32
		{0A86CA15-7FAD-44D6-B899-9C8495F30F26}.Debug|x86.Build.0 = Debug|Win32
		{0A86CA15-7FAD-44D6-B899-9C8495F30F26}.Release|x64.ActiveCfg = Release|x64
		{0A86CA15-7FAD-44D6-B899-9C8495F30F26}.Release|x64.Build.0 = Release|x64
		{0A86CA15-7FAD-44D6-B899-9C8495F30F26}.Release|x86.ActiveCfg = Release|Win32
		{0A86CA15-7FAD-44D6-B899-9C8495F30F26}.Release|x86.Build.0 = Release|Win32
		{3AB90CCC-30A5-4A97-82CB-D4AC52B24896}.Debug|x64.ActiveCfg = Debug|x64
		{3AB90CCC-30A5-4A97-82CB-D4AC52B24896}.Debug|x64.Build.0 = Debug|x64
		{3AB90CCC-30A5-4A97-82CB-D4AC52B24896}.Debug|x86.ActiveCfg = Debug|Win32
		{3AB90CCC-30A5-4A97-82CB-D4AC52B24896}.Debug|x86.Build.0 = Debug|Win32
		{3AB90CCC-30A5-4A97-82CB-D4AC52B24896}.Release|x64.ActiveCfg = Release|x64
		{3AB90CCC-30A5-4A97-82CB-D4AC52B24896}.Release|x64.Build.0 = Release|x64
		{3AB90CCC-30A5-4A97-82CB-D4AC52B24896}.Release|x86.ActiveCfg = Release|Win32
		{3AB90CCC-30A5-4A97-82CB-D4AC52B24896}.Release|x86.Build.0 = Release|Win32
		{2F9232CE-1386-4AAB-98F3-B844311FECA5}.Debug|x64.ActiveCfg = Debug|x64
		{2F9232CE-1386-4AAB-98F3-B844311FECA5}.Debug|x64.Build.0 = Debug|x64
		{2F9232CE-1386-4AAB-98F3-B844311FECA5}.Debug|x86.ActiveCfg = Debug|Win32
		{2F9232CE-1386-4AAB-98F3-B844311FECA5}.Debug|x86.Build.0 = Debug|Win32
		{2F9232CE-1386-4AAB-98F3-B844311FECA5}.Release|x64.ActiveCfg = Release|x64
		{2F9232CE-1386-4AAB-98F3-B844311FECA5}.Release|x64.Build.0 = Release|x64
		{2F9232CE-1386-4AAB-98F3-B844311FECA5}.Release|x86.ActiveCfg = Release|Win32
		{2F9232CE-1386-4AAB-98F3-B844311FECA5}.Release|x86.Build.0 = Release|Win32
		{2B0F26B2-2012-4DE8-9644-30DEB5C84DC5}.Debug|x64.ActiveCfg = Debug|x64
		{2B0F26B2-2012-4DE8-9644-30DEB5C84DC5}.Debug|x64.Build.0 = Debug|x64
		{2B0F26B2-2012-4DE8-9644-30DEB5C84DC5}.Debug|x86.ActiveCfg = Debug|Win32
		{2B0F26B2-2012-4DE8-9644-30DEB5C84DC5}.Debug|x86.Build.0 = Debug|Win32
		{2B0F26B2-2012-4DE8-9644-30DEB5C84DC5}.Release|x64.ActiveCfg = Release|x64
		{2B0F26B2-2012-4DE8-9644-30DEB5C84DC5}.Release|x64.Build.0 = Release|x64
		{2B0F26B2-2012-4DE8-9644-30DEB5C84DC5}.Release|x86.ActiveCfg = Release|Win32
		{2B0F26B2-2012-4DE8-9644-30DEB5C84DC5}.Release|x86.Build.0 = Release|Win32
		{4A0FFA29-801A-4C40-82B5-543CCF7E1D01}.Debug|x64.ActiveCfg = Debug|x64
		{4A0FFA29-801A-4C40-82B5-543CCF7E1D01}.Debug|x64.Build.0 = Debug|x64
		{4A0FFA29-801A-4C40-82B5-543CCF7E1D01}.Debug|x86.ActiveCfg = Debug|Win32
		{4A0FFA29-801A-4C40-82B5-543CCF7E1D01}.Debug|x86.Build.0 = Debug|Win32
		{4A0FFA29-801A-4C40-82B5-543CCF7E1D01}.Release|x64.ActiveCfg = Release|x64
		{4A0FFA29-801A-4C40-82B5-543CCF7E1D01}.Release|x64.Build.0 = Release|x64
		{4A0FFA29-801A-4C40-82B5-543CCF7E1D01}.Release|x86.ActiveCfg = Release|Win32
		{4A0FFA29-801A-4C40-82B5-543CCF7E1D01}.Release|x86.Build.0 = Release|Win32
		{659A1675-0D9B-46CB-A2F3-5ECE076FB46F}.Debug|x64.ActiveCfg = Debug|x64
		{659A1675-0D9B-46CB-A2F3-5ECE076FB46F}.Debug|x64.Build.0 = Debug|x64
		{659A1675-0D9B-46CB-A2F3-5ECE076FB46F}.Debug|x86.ActiveCfg = Debug|Win32
		{659A1675-0D9B-46CB-A2F3-5ECE076FB46F}.Debug|x86.Build.0 = Debug|Win32
		{659A1675-0D9B-46CB-A2F3-5ECE076FB46F}.Release|x64.ActiveCfg = Release|x64
		{659A1675-0D9B-46CB-A2F3-5ECE076FB46F}.Release|x64.Build.0 = Release|x64
		{659A1675-0D9B-46CB-A2F3-5ECE076FB46F}.Release|x86.ActiveCfg = Release|Win32
		{659A1675-0D9B-46CB-A2F3-5ECE076FB46F}.Release|x86.Build.0 = Release|Win32
		{1527CB3B-4B0F-486D-8FC4-A8C54EA06B65}.Debug|x64.ActiveCfg = Debug|x64
		{1527CB3B-4B0F-486D-8FC4-A8C54EA06B65}.Debug|x64.Build.0 = Debug|x64
		{1527CB3B-4B0F-486D-8FC4-A8C54EA06B65}.Debug|x86.ActiveCfg = Debug|Win32
		{1527CB3B-4B0F-486D-8FC4-A8C54EA06B65}.Debug|x86.Build.0 = Debug|Win32
		{1527CB3B-4B0F-486D-8FC4-A8C54EA06B65}.Release|x64.ActiveCfg = Release|x64
		{1527CB3B-4B0F-486D-8FC4-A8C54EA06B65}.Release|x64.Build.0 = Release|x64
		{1527CB3B-4B0F-486D-8FC4-A8C54EA06B65}.Release|x86.ActiveCfg = Release|Win32
		{1527CB3B-4B0F-486D-8FC4-A8C54EA06B65}.Release|x86.Build.0 = Release|Win32
		{E69E7F37-FB84-4285-A706-0A2949518F63}.Debug|x64.ActiveCfg = Debug|x64
		{E69E7F37-FB84-4285-A706-0A2949518F63}.Debug|x64.Build.0 = Debug|x64
		{E69E7F37-FB84-4285-A706-0A2949518F63}.Debug|x86.ActiveCfg = Debug|Win32
		{E69E7F37-FB84-4285-A706-0A2949518F63}.Debug|x86.Build.0 = Debug|Win32
		{E69E7F37-FB84-4285-A706-0A2949518F63}.Release|x64.ActiveCfg = Release|x64
		{E69E7F37-FB84-4285-A706-0A2949518F63}.Release|x64.Build.0 = Release|x64
		{E69E7F37-FB84-4285-A706-0A2949518F63}.Release|x86.ActiveCfg = Release|Win32
		{E69E7F37-FB84-4285-A706-0A2949518F63}.Release|x86.Build.0 = Release|Win32
		{38F1D31F-EB03-4ECC-A75A-7C115A9841AC}.Debug|x64.ActiveCfg = Debug|x64
		{38F1D31F-EB03-4ECC-A75A-7C115A9841AC}.Debug|x64.Build.0 = Debug|x64
		{38F1D31F-EB03-4ECC-A75A-7C115A9841AC}.Debug|x86.ActiveCfg = Debug|Win32
		{38F1D31F-EB03-4ECC-A75A-7C115A9841AC}.Debug|x86.Build.0 = Debug|Win32
		{38F1D31F-EB03-4ECC-A75A-7C115A9841AC}.Release|x64.ActiveCfg = Release|x64
		{38F1D31F-EB03-4ECC-A75A-7C115A9841AC}.Release|x64.Build.0 = Release|x64
		{38F1D31F-EB03-4ECC-A75A-7C115A9841AC}.Release|x86.ActiveCfg = Release|Win32
		{38F1D31F-EB03-4ECC-A75A-7C115A9841AC}.Release|x86.Build.0 = Release|Win32
		{69E77B41-21FB-463E-A7A1-087C59EA9698}.Debug|x64.ActiveCfg = Debug|x64
		{69E77B41-21FB-463E-A7A1-087C59EA9698}.Debug|x64.Build.0 = Debug|x64
		{69E77B41-21FB-463E-A7A1-087C59EA9698}.Debug|x86.ActiveCfg = Debug|Win32
		{69E77B41-21FB-463E-A7A1-087C59EA9698}.Debug|x86.Build.0 = Debug|Win32
		{69E77B41-21FB-463E-A7A1-087C59EA9698}.Release|x64.ActiveCfg = Release|x64
		{69E77B41-21FB-463E-A7A1-087C59EA9698}.Release|x64.Build.0 = Release|x64
		{69E77B41-21FB-463E-A7A1-087C59EA9698}.Release|x86.ActiveCfg = Release|Win32
		{69E77B41-21FB-463E-A7A1-087C59EA9698}.Release|x86.Build.0 = Release|Win32
		{177426E7-580C-4B31-8ED9-32491C1062F0}.Debug|x64.ActiveCfg = Debug|x64
		{177426E7-580C-4B31-8ED9-32491C1062F0}.Debug|x64.Build.0 = Debug|x64
		{177426E7-580C-4B31-8ED9-32491C1062F0}.Debug|x86.ActiveCfg = Debug|Win32
		{177426E7-580C-4B31-8ED9-32491C1062F0}.Debug|x86.Build.0 = Debug|Win32
		{177426E7-580C-4B31-8ED9-32491C1062F0}.Release|x64.ActiveCfg = Release|x64
		{177426E7-580C-4B31-8ED9-32491C1062F0}.Release|x64.Build.0 = Release|x64
		{177426E7-580C-4B31-8ED9-32491C1062F0}.Release|x86.ActiveCfg = Release|Win32
		{177426E7-580C-4B31-8ED9-32491C1062F0}.Release|x86.Build.0 = Release|Win32
		{2820B03D-6C6C-47E5-9DF3-2CFFDDA8B554}.Debug|x64.ActiveCfg = Debug|x64
		{2820B03D-6C6C-47E5-9DF3-2CFFDDA8B554}.Debug|x64.Build.0 = Debug|x64
		{2820B03D-6C6C-47E5-9DF3-2CFFDDA8B554}.Debug|x86.ActiveCfg = Debug|Win32
		{2820B03D-6C6C-47E5-9DF3-2CFFDDA8B554}.Debug|x86.Build.0 = Debug|Win32
		{2820B03D-6C6C-47E5-9DF3-2CFFDDA8B554}.Release|x64.ActiveCfg = Release|x64
		{2820B03D-6C6C-47E5-9DF3-2CFFDDA8B554}.Release|x64.Build.0 = Release|x64
		{2820B03D-6C6C-47E5-9DF3-2CFFDDA8B554}.Release|x86.ActiveCfg = Release|Win32
		{2820B03D-6C6C-47E5-9DF3-2CFFDDA8B554}.Release|x86.Build.0 = Release|Win32
		{D5FBCA4D-FFDF-4A92-A5DE-E6EB4178560A}.Debug|x64.ActiveCfg = Debug|x64
		{D5FBCA4D-FFDF-4A92-A5DE-E6EB4178560A}.Debug|x64.Build.0 = Debug|x64
		{D5FBCA4D-FFDF-4A92-A5DE-E6EB4178560A}.Debug|x86.ActiveCfg = Debug|Win32
		{D5FBCA4D-FFDF-4A92-A5DE-E6EB4178560A}.Debug|x86.Build.0 = Debug|Win32
		{D5FBCA4D-FFDF-4A92-A5DE-E6EB4178560A}.Release|x64.ActiveCfg = Release|x64
		{D5FBCA4D-FFDF-4A92-A5DE-E6EB4178560A}.Release|x64.Build.0 = Release|x64
		{D5FBCA4D-FFDF-4A92-A5DE-E6EB4178560A}.Release|x86.ActiveCfg = Release|Win32
		{D5FBCA4D-FFDF-4A92-A5DE-E6EB4178560A}.Release|x86.Build.0 = Release|Win32
		{E47E8420-8628-43FF-89F7-068A60384151}.Debug|x64.ActiveCfg = Debug|x64
		{E47E8420-8628-43FF-89F7-068A60384151}.Debug|x64.Build.0 = Debug|x64
		{E47E8420-8628-43FF-89F7-068A60384151}.Debug|x86.ActiveCfg = Debug|Win32
		{E47E8420-8628-43FF-89F7-068A60384151}.Debug|x86.Build.0 = Debug|Win32
		{E47E8420-8628-43FF-89F7-068A60384151}.Release|x64.ActiveCfg = Release|x64
		{E47E8420-8628-43FF-89F7-068A60384151}.Release|x64.Build.0 = Release|x64
		{E47E8420-8628-43FF-89F7-068A60384151}.Release|x86.ActiveCfg = Release|Win32
		{E47E8420-8628-43FF-89F7-068A60384151}.Release|x86.Build.0 = Release|Win32
		{2060E545-CD4A-4BDE-8C5B-D3E550770651}.Debug|x64.ActiveCfg = Debug|x64
		{2060E545-CD4A-4BDE-8C5B-D3E550770651}.Debug|x64.Build.0 = Debug|x64
		{2060E545-CD4A-4BDE-8C5B-D3E550770651}.Debug|x86.ActiveCfg = Debug|Win32
		{2060E545-CD4A-4BDE-8C5B-D3E550770651}.Debug|x86.Build.0 = Debug|Win32
		{2060E545-CD4A-4BDE-8C5B-D3E550770651}.Release|x64.ActiveCfg = Release|x64
		{2060E545-CD4A-4BDE-8C5B-D3E550770651}.Release|x64.Build.0 = Release|x64
		{2060E545-CD4A-4BDE-8C5B-D3E550770651}.Release|x86.ActiveCfg = Release|Win32
		{2060E545-CD4A-4BDE-8C5B-D3E550770651}.Release|x86.Build.0 = Release|Win32
		{A1E5B16F-EBBE-427E-8139-AFBBB558E223}.Debug|x64.ActiveCfg = Debug|x64
		{A1E5B16F-EBBE-427E-8139-AFBBB558E223}.Debug|x64.Build.0 = Debug|x64
		{A1E5B16F-EBBE-427E-8139-AFBBB558E223}.Debug|x86.ActiveCfg = Debug|Win32
		{A1E5B16F-EBBE-427E-8139-AFBBB558E223}.Debug|x86.Build.0 = Debug|Win32
		{A1E5B16F-EBBE-427E-8139-AFBBB558E223}.Release|x64.ActiveCfg = Release|x64
		{A1E5B16F-EBBE-427E-8139-AFBBB558E223}.Release|x64.Build.0 = Release|x64
		{A1E5B16F-EBBE-427E-8139-AFBBB558E223}.Release|x86.ActiveCfg = Release|Win32
		{A1E5B16F-EBBE-427E-8139-AFBBB558E223}.Release|x86.Build.0 = Release|Win32
		{33076772-2255-4613-9D06-CD2708318E53}.Debug|x64.ActiveCfg = Debug|x64
		{33076772-2255-4613-9D06-CD2708318E53}.Debug|x64.Build.0 = Debug|x64
		{33076772-2255-4613-9D06-CD2708318E53}.Debug|x86.ActiveCfg = Debug|Win32
		{33076772-2255-4613-9D06-CD2708318E53}.Debug|x86.Build.0 = Debug|Win32
		{33076772-2255-4613-9D06-CD2708318E53}.Release|x64.ActiveCfg = Release|x64
		{33076772-2255-4613-9D06-CD2708318E53}.Release|x64.Build.0 = Release|x64
		{33076772-2255-4613-9D06-CD2708318E53}.Release|x86.ActiveCfg = Release|Win32
		{33076772-2255-4613-9D06-CD2708318E53}.Release|x86.Build.0 = Release|Win32
		{B18FB933-30FA-4F11-B31D-D13F0F70F783}.Debug|x64.ActiveCfg = Debug|x64
		{B18FB933-30FA-4F11-B31D-D13F0F70F783}.Debug|x64.Build.0 = Debug|x64
		{B18FB933-30FA-4F11-B31D-D13F0F70F783}.Debug|x86.ActiveCfg = Debug|Win32
		{B18FB933-30FA-4F11-B31D-D13F0F70F783}.Debug|x86.Build.0 = Debug|Win32
		{B18FB933-30FA-4F11-B31D-D13F0F70F783}.Release|x64.ActiveCfg = Release|x64
		{B18FB933-30FA-4F11-B31D-D13F0F70F783}.Release|x64.Build.0 = Release|x64
		{B18FB933-30FA-4F11-B31D-D13F0F70F783}.Release|x86.ActiveCfg = Release|Win32
		{B18FB933-30FA-4F11-B31D-D13F0F70F783}.Release|x86.Build.0 = Release|Win32
		{6830D8A1-6BEE-4586-908A-C4A8D489F9AA}.Debug|x64.ActiveCfg = Debug|x64
		{6830D8A1-6BEE-4586-908A-C4A8D489F9AA}.Debug|x64.Build.0 = Debug|x64
		{6830D8A1-6BEE-4586-908A-C4A8D489F9AA}.Debug|x86.ActiveCfg = Debug|Win32
		{6830D8A1-6BEE-4586-908A-C4A8D489F9AA}.Debug|x86.Build.0 = Debug|Win32
		{6830D8A1-6BEE-4586-908A-C4A8D489F9AA}.Release|x64.ActiveCfg = Release|x64
		{6830D8A1-6BEE-4586-908A-C4A8D489F9AA}.Release|x64.Build.0 = Release|x64
		{6830D8A1-6BEE-4586-908A-C4A8D489F9AA}.Release|x86.ActiveCfg = Release|Win32
		{6830D8A1-6BEE-4586-908A-C4A8D489F9AA}.Release|x86.Build.0 = Release|Win32
		{B29C2EE1-85FD-4426-A0C4-4C9F5BFE408C}.Debug|x64.ActiveCfg = Debug|x64
		{B29C2EE1-85FD-4426-A0C4-4C9F5BFE408C}.Debug|x64.Build.0 = Debug|x64
		{B29C2EE1-85FD-4426-A0C4-4C9F5BFE408C}.Debug|x86.ActiveCfg = Debug|Win32
		{B29C2EE1-85FD-4426-A0C4-4C9F5BFE408C}.Debug|x86.Build.0 = Debug|Win32
		{B29C2EE1-85FD-4426-A0C4-4C9F5BFE408C}.Release|x64.ActiveCfg = Release|x64
		{B29C2EE1-85FD-4426-A0C4-4C9F5BFE408C}.Release|x64.Build.0 = Release|x64
		{B29C2EE1-85FD-4426-A0C4-4C9F5BFE408C}.Release|x86.ActiveCfg = Release|Win32
		{B29C2EE1-85FD-4426-A0C4-4C9F5BFE408C}.Release|x86.Build.0 = Release|Win32
		{C23B3524-F56C-4203-AD50-E730718B9D71}.Debug|x64.ActiveCfg = Debug|x64
		{C23B3524-F56C-4203-AD50-E730718B9D71}.Debug|x64.Build.0 = Debug|x64
		{C23B3524-F56C-4203-AD50-E730718B9D71}.Debug|x86.ActiveCfg = Debug|Win32
		{C23B3524-F56C-4203-AD50-E730718B9D71}.Debug|x86.Build.0 = Debug|Win32
		{C23B3524-F56C-4203-AD50-E730718B9D71}.Release|x64.ActiveCfg = Release|x64
		{C23B3524-F56C-4203-AD50-E730718B9D71}.Release|x64.Build.0 = Release|x64
		{C23B3524-F56C-4203-AD50-E730718B9D71}.Release|x86.ActiveCfg = Release|Win32
		{C23B3524-F56C-4203-AD50-E730718B9D71}.Release|x86.Build.0 = Release|Win32
		{F4B7E269-8D96-4739-83E9-8750F56A91E0}.Debug|x64.ActiveCfg = Debug|x64
		{F4B7E269-8D96-4739-83E9-8750F56A91E0}.Debug|x64.Build.0 = Debug|x64
		{F4B7E269-8D96-4739-83E9-8750F56A91E0}.Debug|x86.ActiveCfg = Debug|Win32
		{F4B7E269-8D96-4739-83E9-8750F56A91E0}.Debug|x86.Build.0 = Debug|Win32
		{F4B7E269-8D96-4739-83E9-8750F56A91E0}.Release|x64.ActiveCfg = Release|x64
		{F4B7E269-8D96-4739-83E9-8750F56A91E0}.Release|x64.Build.0 = Release|x64
		{F4B7E269-8D96-4739-83E9-8750F56A91E0}.Release|x86.ActiveCfg = Release|Win32
		{F4B7E269-8D96-4739-83E9-8750F56A91E0}.Release|x86.Build.0 = Release|Win32
		{74498D46-F348-4D57-A2CA-0892A91C9EE5}.Debug|x64.ActiveCfg = Debug|x64
		{74498D46-F348-4D57-A2CA-0892A91C9EE5}.Debug|x64.Build.0 = Debug|x64
		{74498D46-F348-4D57-A2CA-0892A91C9EE5}.Debug|x86.ActiveCfg = Debug|Win32
		{74498D46-F348-4D57-A2CA-0892A91C9EE5}.Debug|x86.Build.0 = Debug|Win32
		{74498D46-F348-4D57-A2CA-0892A91C9EE5}.Release|x64.ActiveCfg = Release|x64
		{74498D46-F348-4D57-A2CA-0892A91C9EE5}.Release|x64.Build.0 = Release|x64
		{74498D46-F348-4D57-A2CA-0892A91C9EE5}.Release|x86.ActiveCfg = Release|Win32
		{74498D46-F348-4D57-A2CA-0892A91C9EE5}.Release|x86.Build.0 = Release|Win32
		{14A073BE-B8EB-4DF0-B64E-14A5288721A7}.Debug|x64.ActiveCfg = Debug|x64
		{14A073BE-B8EB-4DF0-B64E-14A5288721A7}.Debug|x64.Build.0 = Debug|x64
		{14A073BE-B8EB-4DF0-B64E-14A5288721A7}.Debug|x86.ActiveCfg = Debug|Win32
		{14A073BE-B8EB-4DF0-B64E-14A5288721A7}.Debug|x86.Build.0 = Debug|Win32
		{14A073BE-B8EB-4DF0-B64E-14A5288721A7}.Release|x64.ActiveCfg = Release|x64
		{14A073BE-B8EB-4DF0-B64E-14A5288721A7}.Release|x64.Build.0 = Release|x64
		{14A073BE-B8EB-4DF0-B64E-14A5288721A7}.Release|x86.ActiveCfg = Release|Win32
		{14A073BE-B8EB-4DF0-B64E-14A5288721A7}.Release|x86.Build.0 = Release|Win32
		{897AB4CD-055D-40FA-ADB0-E6E576BE733C}.Debug|x64.ActiveCfg = Debug|x64
		{897AB4CD-055D-40FA-ADB0-E6E576BE733C}.Debug|x64.Build.0 = Debug|x64
		{897AB4CD-055D-40FA-ADB0-E6E576BE733C}.Debug|x86.ActiveCfg = Debug|Win32
		{897AB4CD-055D-40FA-ADB0-E6E576BE733C}.Debug|x86.Build.0 = Debug|Win32
		{897AB4CD-055D-40FA-ADB0-E6E576BE733C}.Release|x64.ActiveCfg = Release|x64
		{897AB4CD-055D-40FA-ADB0-E6E576BE733C}.Release|x64.Build.0 = Release|x64
		{897AB4CD-055D-40FA-ADB0-E6E576BE733C}.Release|x86.ActiveCfg = Release|Win32
		{897AB4CD-055D-40FA-ADB0-E6E576BE733C}.Release|x86.Build.0 = Release|Win32
		{8B8BADEC-05FA-4B5A-A6D9-EC85B08BFE63}.Debug|x64.ActiveCfg = Debug|x64
		{8B8BADEC-05FA-4B5A-A6D9-EC85B08BFE63}.Debug|x64.Build.0 = Debug|x64
		{8B8BADEC-05FA-4B5A-A6D9-EC85B08BFE63}.Debug|x86.ActiveCfg = Debug|Win32
		{8B8BADEC-05FA-4B5A-A6D9-EC85B08BFE63}.Debug|x86.Build.0 = Debug|Win32
		{8B8BADEC-05FA-4B5A-A6D9-EC85B08BFE63}.Release|x64.ActiveCfg = Release|x64
		{8B8BADEC-05FA-4B5A-A6D9-EC85B08BFE63}.Release|x64.Build.0 = Release|x64
		{8B8BADEC-05FA-4B5A-A6D9-EC85B08BFE63}.Release|x86.ActiveCfg = Release|Win32
		{8B8BADEC-05FA-4B5A-A6D9-EC85B08BFE63}.Release|x86.Build.0 = Release|Win32
		{7AF81838-B1EE-4577-B006-566C1598A94D}.Debug|x64.ActiveCfg = Debug|x64
		{7AF81838-B1EE-4577-B006-566C1598A94D}.Debug|x64.Build.0 = Debug|x64
		{7AF81838-B1EE-4577-B006-566C1598A94D}.Debug|x86.ActiveCfg = Debug|Win32
		{7AF81838-B1EE-4577-B006-566C1598A94D}.Debug|x86.Build.0 = Debug|Win32
		{7AF81838-B1EE-4577-B006-566C1598A94D}.Release|x64.ActiveCfg = Release|x64
		{7AF81838-B1EE-4577-B006-566C1598A94D}.Release|x64.Build.0 = Release|x64
		{7AF81838-B1EE-4577-B006-566C1598A94D}.Release|x86.ActiveCfg = Release|Win32
		{7AF81838-B1EE-4577-B006-566C1598A94D}.Release|x86.Build.0 = Release|Win32
		{C7061B95-229B-4BC1-90C2-D2E939D096B7}.Debug|x64.ActiveCfg = Debug|x64
		{C7061B95-229B-4BC1-90C2-D2E939D096B7}.Debug|x64.Build.0 = Debug|x64
		{C7061B95-229B-4BC1-90C2-D2E939D096B7}.Debug|x86.ActiveCfg = Debug|Win32
		{C7061B95-229B-4BC1-90C2-D2E939D096B7}.Debug|x86.Build.0 = Debug|Win32
		{C7061B95-229B-4BC1-90C2-D2E939D096B7}.Release|x64.ActiveCfg = Release|x64
		{C7061B95-229B-4BC1-90C2-D2E939D096B7}.Release|x64.Build.0 = Release|x64
		{C7061B95-229B-4BC1-90C2-D2E939D096B7}.Release|x86.ActiveCfg = Release|Win32
		{C7061B95-229B-4BC1-90C2-D2E939D096B7}.Release|x86.Build.0 = Release|Win32
		{8C3E66F5-53D8-47D6-9C3F-0B0E56AE73C6}.Debug|x64.ActiveCfg = Debug|x64
		{8C3E66F5-53D8-47D6-9C3F-0B0E56AE73C6}.Debug|x64.Build.0 = Debug|x64
		{8C3E66F5-53D8-47D6-9C3F-0B0E56AE73C6}.Debug|x86.ActiveCfg = Debug|Win32
		{8C3E66F5-53D8-47D6-9C3F-0B0E56AE73C6}.Debug|x86.Build.0 = Debug|Win32
		{8C3E66F5-53D8-47D6-9C3F-0B0E56AE73C6}.Release|x64.ActiveCfg = Release|x64
		{8C3E66F5-53D8-47D6-9C3F-0B0E56AE73C6}.Release|x64.Build.0 = Release|x64
		{8C3E66F5-53D8-47D6-9C3F-0B0E56AE73C6}.Release|x86.ActiveCfg = Release|Win32
		{8C3E66F5-53D8-47D6-9C3F-0B0E56AE73C6}.Release|x86.Build.0 = Release|Win32
		{9D1078F2-13D9-4D66-9653-949AAEC1D430}.Debug|x64.ActiveCfg = Debug|x64
		{9D1078F2-13D9-4D66-9653-949AAEC1D430}.Debug|x64.Build.0 = Debug|x64
		{9D1078F2-13D9-4D66-9653-949AAEC1D430}.Debug|x86.ActiveCfg = Debug|Win32
		{9D1078F2-13D9-4D66-9653-949AAEC1D430}.Debug|x86.Build.0 = Debug|Win32
		{9D1078F2-13D9-4D66-9653-949AAEC1D430}.Release|x64.ActiveCfg = Release|x64
		{9D1078F2-13D9-4D66-9653-949AAEC1D430}.Release|x64.Build.0 = Release|x64
		{9D1078F2-13D9-4D66-9653-949AAEC1D430}.Release|x86.ActiveCfg = Release|Win32
		{9D1078F2-13D9-4D66-9653-949AAEC1D430}.Release|x86.Build.0 = Release|Win32
		{087D3619-7988-4EF2-ACA1-21A8E99B5CC7}.Debug|x64.ActiveCfg = Debug|x64
		{087D3619-7988-4EF2-ACA1-21A8E99B5CC7}.Debug|x64.Build.0 = Debug|x64
		{087D3619-7988-4EF2-ACA1-21A8E99B5CC7}.Debug|x86.ActiveCfg = Debug|Win32
		{087D3619-7988-4EF2-ACA1-21A8E99B5CC7}.Debug|x86.Build.0 = Debug|Win32
		{087D3619-7988-4EF2-ACA1-21A8E99B5CC7}.Release|x64.ActiveCfg = Release|x64
		{087D3619-7988-4EF2-ACA1-21A8E99B5CC7}.Release|x64.Build.0 = Release|x64
		{087D3619-7988-4EF2-ACA1-21A8E99B5CC7}.Release|x86.ActiveCfg = Release|Win32
		{087D3619-7988-4EF2-ACA1-21A8E99B5CC7}.Release|x86.Build.0 = Release|Win32
		{C9911C39-BA13-4938-B3A3-881A002ED260}.Debug|x64.ActiveCfg = Debug|x64
		{C9911C39-BA13-4938-B3A3-881A002ED260}.Debug|x64.Build.0 = Debug|x64
		{C9911C39-BA13-4938-B3A3-881A002ED260}.Debug|x86.ActiveCfg = Debug|Win32
		{C9911C39-BA13-4938-B3A3-881A002ED260}.Debug|x86.Build.0 = Debug|Win32
		{C9911C39-BA13-4938-B3A3-881A002ED260}.Release|x64.ActiveCfg = Release|x64
		{C9911C39-BA13-4938-B3A3-881A002ED260}.Release|x64.Build.0 = Release|x64
		{C9911C39-BA13-4938-B3A3-881A002ED260}.Release|x86.ActiveCfg = Release|Win32
		{C9911C39-BA13-4938-B3A3-881A002ED260}.Release|x86.Build.0 = Release|Win32
		{154743C7-FE42-4B67-8490-181BF208A577}.Debug|x64.ActiveCfg = Debug|x64
		{154743C7-FE42-4B67-8490-181BF208A577}.Debug|x64.Build.0 = Debug|x64
		{154743C7-FE42-4B67-8490-181BF208A577}.Debug|x86.ActiveCfg = Debug|Win32
		{154743C7-FE42-4B67-8490-181BF208A577}.Debug|x86.Build.0 = Debug|Win32
		{154743C7-FE42-4B67-8490-181BF208A577}.Release|x64.ActiveCfg = Release|x64
		{154743C7-FE42-4B67-8490-181BF208A577}.Release|x64.Build.0 = Release|x64
		{154743C7-FE42-4B67-8490-181BF208A577}.Release|x86.ActiveCfg = Release|Win32
		{154743C7-FE42-4B67-8490-181BF208A577}.Release|x86.Build.0 = Release|Win32
		{780CC24C-8C13-4900-8968-1F15C8D5BF4B}.Debug|x64.ActiveCfg = Debug|x64
		{780CC24C-8C13-4900-8968-1F15C8D5BF4B}.Debug|x64.Build.0 = Debug|x64
		{780CC24C-8C13-4900-8968-1F15C8D5BF4B}.Debug|x86.ActiveCfg = Debug|Win32
		{780CC24C-8C13-4900-8968-1F15C8D5BF4B}.Debug|x86.Build.0 = Debug|Win32
		{780CC24C-8C13-4900-8968-1F15C8D5BF4B}.Release|x64.ActiveCfg = Release|x64
		{780CC24C-8C13-4900-8968-1F15C8D5BF4B}.Release|x64.Build.0 = Release|x64
		{780CC24C-8C13-4900-8968-1F15C8D5BF4B}.Release|x86.ActiveCfg = Release|Win32
		{780CC24C-8C13-4900-8968-1F15C8D5BF4B}.Release|x86.Build.0 = Release|Win32
		{98D82780-365D-4EBA-8D78-3C5DA1AE0090}.Debug|x64.ActiveCfg = Debug|x64
		{98D82780-365D-4EBA-8D78-3C5DA1AE0090}.Debug|x64.Build.0 = Debug|x64
		{98D82780-365D-4EBA-8D78-3C5DA1AE0090}.Debug|x86.ActiveCfg = Debug|Win32
		{98D82780-365D-4EBA-8D78-3C5DA1AE0090}.Debug|x86.Build.0 = Debug|Win32
		{98D82780-365D-4EBA-8D78-3C5DA1AE0090}.Release|x64.ActiveCfg = Release|x64
		{98D82780-365D-4EBA-8D78-3C5DA1AE0090}.Release|x64.Build.0 = Release|x64
		{98D82780-365D-4EBA-8D78-3C5DA1AE0090}.Release|x86.ActiveCfg = Release|Win32
		{98D82780-365D-4EBA-8D78-3C5DA1AE0090}.Release|x86.Build.0 = Release|Win32
		{889B15AA-B3B0-4A97-9B41-B476FADEE57B}.Debug|x64.ActiveCfg = Debug|x64
		{889B15AA-B3B0-4A97-9B41-B476FADEE57B}.Debug|x64.Build.0 = Debug|x64
		{889B15AA-B3B0-4A97-9B41-B476FADEE57B}.Debug|x86.ActiveCfg = Debug|Win32
		{889B15AA-B3B0-4A97-9B41-B476FADEE57B}.Debug|x86.Build.0 = Debug|Win32
		{889B15AA-B3B0-4A97-9B41-B476FADEE57B}.Release|x64.ActiveCfg = Release|x64
		{889B15AA-B3B0-4A97-9B41-B476FADEE57B}.Release|x64.Build.0 = Release|x64
		{889B15AA-B3B0-4A97-9B41-B476FADEE57B}.Release|x86.ActiveCfg = Release|Win32
		{889B15AA-B3B0-4A97-9B41-B476FADEE57B}.Release|x86.Build.0 = Release|Win32
		{F4A4A324-BAF1-4037-80F7-600B2E955809}.Debug|x64.ActiveCfg = Debug|x64
		{F4A4A324-BAF1-4037-80F7-600B2E955809}.Debug|x64.Build.0 = Debug|x64
		{F4A4A324-BAF1-4037-80F7-600B2E955809}.Debug|x86.ActiveCfg = Debug|Win32
		{F4A4A324-BAF1-4037-80F7-600B2E955809}.Debug|x86.Build.0 = Debug|Win32
		{F4A4A324-BAF1-4037-80F7-600B2E955809}.Release|x64.ActiveCfg = Release|x64
		{F4A4A324-BAF1-4037-80F7-600B2E955809}.Release|x64.Build.0 = Release|x64
		{F4A4A324-BAF1-4037-80F7-600B2E955809}.Release|x86.ActiveCfg = Release|Win32
		{F4A4A324-BAF1-4037-80F7-600B2E955809}.Release|x86.Build.0 = Release|Win32
		{8D8C037E-FAEB-4FD3-A166-443778881069}.Debug|x64.ActiveCfg = Debug|x64
		{8D8C037E-FAEB-4FD3-A166-443778881069}.Debug|x64.Build.0 = Debug|x64
		{8D8C037E-FAEB-4FD3-A166-443778881069}.Debug|x86.ActiveCfg = Debug|Win32
		{8D8C037E-FAEB-4FD3-A166-443778881069}.Debug|x86.Build.0 = Debug|Win32
		{8D8C037E-FAEB-4FD3-A166-443778881069}.Release|x64.ActiveCfg = Release|x64
		{8D8C037E-FAEB-4FD3-A166-443778881069}.Release|x64.Build.0 = Release|x64
		{8D8C037E-FAEB-4FD3-A166-443778881069}.Release|x86.ActiveCfg = Release|Win32
		{8D8C037E-FAEB-4FD3-A166-443778881069}.Release|x86.Build.0 = Release|Win32
		{9F7242E4-A1ED-4B82-B9CA-5971CE7AB05D}.Debug|x64.ActiveCfg = Debug|x64
		{9F7242E4-A1ED-4B82-B9CA-5971CE7AB05D}.Debug|x64.Build.0 = Debug|x64
		{9F7242E4-A1ED-4B82-B9CA-5971CE7AB05D}.Debug|x86.ActiveCfg = Debug|Win32
		{9F7242E4-A1ED-4B82-B9CA-5971CE7AB05D}.Debug|x86.Build.0 = Debug|Win32
		{9F7242E4-A1ED-4B82-B9CA-5971CE7AB05D}.Release|x64.ActiveCfg = Release|x64
		{9F7242E4-A1ED-4B82-B9CA-5971CE7AB05D}.Release|x64.Build.0 = Release|x64
		{9F7242E4-A1ED-4B82-B9CA-5971CE7AB05D}.Release|x86.ActiveCfg = Release|Win32
		{9F7242E4-A1ED-4B82-B9CA-5971CE7AB05D}.Release|x86.Build.0 = Release|Win32
		{D1FA5C77-2140-4B5C-8B7A-B920F46975ED}.Debug|x64.ActiveCfg = Debug|x64
		{D1FA5C77-2140-4B5C-8B7A-B920F46975ED}.Debug|x64.Build.0 = Debug|x64
		{D1FA5C77-2140-4B5C-8B7A-B920F46975ED}.Debug|x86.ActiveCfg = Debug|Win32
		{D1FA5C77-2140-4B5C-8B7A-B920F46975ED}.Debug|x86.Build.0 = Debug|Win32
		{D1FA5C77-2140-4B5C-8B7A-B920F46975ED}.Release|x64.ActiveCfg = Release|x64
		{D1FA5C77-2140-4B5C-8B7A-B920F46975ED}.Release|x64.Build.0 = Release|x64
		{D1FA5C77-2140-4B5C-8B7A-B920F46975ED}.Release|x86.ActiveCfg = Release|Win32
		{D1FA5C77-2140-4B5C-8B7A-B920F46975ED}.Release|x86.Build.0 = Release|Win32
		{E1C44D60-1626-4C39-B228-65BC88568B6C}.Debug|x64.ActiveCfg = Debug|x64
		{E1C44D60-1626-4C39-B228-65BC88568B6C}.Debug|x64.Build.0 = Debug|x64
		{E1C44D60-1626-4C39-B228-65BC88568B6C}.Debug|x86.ActiveCfg = Debug|Win32
		{E1C44D60-1626-4C39-B228-65BC88568B6C}.Debug|x86.Build.0 = Debug|Win32
		{E1C44D60-1626-4C39-B228-65BC88568B6C}.Release|x64.ActiveCfg = Release|x64
		{E1C44D60-1626-4C39-B228-65BC88568B6C}.Release|x64.Build.0 = Release|x64
		{E1C44D60-1626-4C39-B228-65BC88568B6C}.Release|x86.ActiveCfg = Release|Win32
		{E1C44D60-1626-4C39-B228-65BC88568B6C}.Release|x86.Build.0 = Release|Win32
		{B0887CBC-2046-4AE6-BB9F-6240188FF380}.Debug|x64.ActiveCfg = Debug|x64
		{B0887CBC-2046-4AE6-BB9F-6240188FF380}.Debug|x64.Build.0 = Debug|x64
		{B0887CBC-2046-4AE6-BB9F-6240188FF380}.Debug|x86.ActiveCfg = Debug|Win32
		{B0887CBC-2046-4AE6-BB9F-6240188FF380}.Debug|x86.Build.0 = Debug|Win32
		{B0887CBC-2046-4AE6-BB9F-6240188FF380}.Release|x64.ActiveCfg = Release|x64
		{B0887CBC-2046-4AE6-BB9F-6240188FF380}.Release|x64.Build.0 = Release|x64
		{B0887CBC-2046-4AE6-BB9F-6240188FF380}.Release|x86.ActiveCfg = Release|Win32
		{B0887CBC-2046-4AE6-BB9F-6240188FF380}.Release|x86.Build.0 = Release|Win32
		{1F1D38BA-A6DB-4F59-925E-612D6B8FBDE3}.Debug|x64.ActiveCfg = Debug|x64
		{1F1D38BA-A6DB-4F59-925E-612D6B8FBDE3}.Debug|x64.Build.0 = Debug|x64
		{1F1D38BA-A6DB-4F59-925E-612D6B8FBDE3}.Debug|x86.ActiveCfg = Debug|Win32
		{1F1D38BA-A6DB-4F59-925E-612D6B8FBDE3}.Debug|x86.Build.0 = Debug|Win32
		{1F1D38BA-A6DB-4F59-925E-612D6B8FBDE3}.Release|x64.ActiveCfg = Release|x64
		{1F1D38BA-A6DB-4F59-925E-612D6B8FBDE3}.Release|x64.Build.0 = Release|x64
		{1F1D38BA-A6DB-4F59-925E-612D6B8FBDE3}.Release|x86.ActiveCfg = Release|Win32
		{1F1D38BA-A6DB-4F59-925E-612D6B8FBDE3}.Release|x86.Build.0 = Release|Win32
		{0D6DF20E-69A0-40F8-9E0E-D1B68B735CB2}.Debug|x64.ActiveCfg = Debug|x64
		{0D6DF20E-69A0-40F8-9E0E-D1B68B735CB2}.Debug|x64.Build.0 = Debug|x64
		{0D6DF20E-69A0-40F8-9E0E-D1B68B735CB2}.Debug|x86.ActiveCfg = Debug|Win32
		{0D6DF20E-69A0-40F8-9E0E-D1B68B735CB2}.Debug|x86.Build.0 = Debug|Win32
		{0D6DF20E-69A0-40F8-9E0E-D1B68B735CB2}.Release|x64.ActiveCfg = Release|x64
		{0D6DF20E-69A0-40F8-9E0E-D1B68B735CB2}.Release|x64.Build.0 = Release|x64
		{0D6DF20E-69A0-40F8-9E0E-D1B68B735CB2}.Release|x86.ActiveCfg = Release|Win32
		{0D6DF20E-69A0-40F8-9E0E-D1B68B735CB2}.Release|x86.Build.0 = Release|Win32
		{2F256318-A289-4612-A588-D813DE3EB620}.Debug|x64.ActiveCfg = Debug|x64
		{2F256318-A289-4612-A588-D813DE3EB620}.Debug|x64.Build.0 = Debug|x64
		{2F256318-A289-4612-A588-D813DE3EB620}.Debug|x86.ActiveCfg = Debug|Win32
		{2F256318-A289-4612-A588-D813DE3EB620}.Debug|x86.Build.0 = Debug|Win32
		{2F256318-A289-4612-A588-D813DE3EB620}.Release|x64.ActiveCfg = Release|x64
		{2F256318-A289-4612-A588-D813DE3EB620}.Release|x64.Build.0 = Release|x64
		{2F256318-A289-4612-A588-D813DE3EB620}.Release|x86.ActiveCfg = Release|Win32
		{2F256318-A289-4612-A588-D813DE3EB620}.Release|x86.Build.0 = Release|Win32
		{FBF17960-BAF1-4236-89F8-B8EDE1AC0D1E}.Debug|x64.ActiveCfg = Debug|x64
		{FBF17960-BAF1-4236-89F8-B8EDE1AC0D1E}.Debug|x64.Build.0 = Debug|x64
		{FBF17960-BAF1-4236-89F8-B8EDE1AC0D1E}.Debug|x86.ActiveCfg = Debug|Win32
		{FBF17960-BAF1-4236-89F8-B8EDE1AC0D1E}.Debug|x86.Build.0 = Debug|Win32
		{FBF17960-BAF1-4236-89F8-B8EDE1AC0D1E}.Release|x64.ActiveCfg = Release|x64
		{FBF17960-BAF1-4236-89F8-B8EDE1AC0D1E}.Release|x64.Build.0 = Release|x64
		{FBF17960-BAF1-4236-89F8-B8EDE1AC0D1E}.Release|x86.ActiveCfg = Release|Win32
		{FBF17960-BAF1-4236-89F8-B8EDE1AC0D1E}.Release|x86.Build.0 = Release|Win32
		{6A2BCCEA-3A21-448B-9421-6DAEFE3EA975}.Debug|x64.ActiveCfg = Debug|x64
		{6A2BCCEA-3A21-448B-9421-6DAEFE3EA975}.Debug|x64.Build.0 = Debug|x64
		{6A2BCCEA-3A21-448B-9421-6DAEFE3EA975}.Debug|x86.ActiveCfg = Debug|Win32
		{6A2BCCEA-3A21-448B-9421-6DAEFE3EA975}.Debug|x86.Build.0 = Debug|Win32
		{6A2BCCEA-3A21-448B-9421-6DAEFE3EA975}.Release|x64.ActiveCfg = Release|x64
		{6A2BCCEA-3A21-448B-9421-6DAEFE3EA975}.Release|x64.Build.0 = Release|x64
		{6A2BCCEA-3A21-448B-9421-6DAEFE3EA975}.Release|x86.ActiveCfg = Release|Win32
		{6A2BCCEA-3A21-448B-9421-6DAEFE3EA975}.Release|x86.Build.0 = Release|Win32
		{9113FAFD-8F51-42D0-8F96-BFE8D5638C14}.Debug|x64.ActiveCfg = Debug|x64
		{9113FAFD-8F51-42D0-8F96-BFE8D5638C14}.Debug|x64.Build.0 = Debug|x64
		{9113FAFD-8F51-42D0-8F96-BFE8D5638C14}.Debug|x86.ActiveCfg = Debug|Win32
		{9113FAFD-8F51-42D0-8F96-BFE8D5638C14}.Debug|x86.Build.0 = Debug|Win32
		{9113FAFD-8F51-42D0-8F96-BFE8D5638C14}.Release|x64.ActiveCfg = Release|x64
		{9113FAFD-8F51-42D0-8F96-BFE8D5638C14}.Release|x64.Build.0 = Release|x64
		{9113FAFD-8F51-42D0-8F96-BFE8D5638C14}.Release|x86.ActiveCfg = Release|Win32
		{9113FAFD-8F51-42D0-8F96-BFE8D5638C14}.Release|x86.Build.0 = Release|Win32
		{91ED2D12-0441-46EB-9537-FD9B375253D7}.Debug|x64.ActiveCfg = Debug|x64
		{91ED2D12-0441-46EB-9537-FD9B375253D7}.Debug|x64.Build.0 = Debug|x64
		{91ED2D12-0441-46EB-9537-FD9B375253D7}.Debug|x86.ActiveCfg = Debug|Win32
		{91ED2D12-0441-46EB-9537-FD9B375253D7}.Debug|x86.Build.0 = Debug|Win32
		{91ED2D12-0441-46EB-9537-FD9B375253D7}.Release|x64.ActiveCfg = Release|x64
		{91ED2D12-0441-46EB-9537-FD9B375253D7}.Release|x64.Build.0 = Release|x64
		{91ED2D12-0441-46EB-9537-FD9B375253D7}.Release|x86.ActiveCfg = Release|Win32
		{91ED2D12-0441-46EB-9537-FD9B375253D7}.Release|x86.Build.0 = Release|Win32
		{C6D5A60C-79E3-4206-9535-CB6FD52D38C6}.Debug|x64.ActiveCfg = Debug|x64
		{C6D5A60C-79E3-4206-9535-CB6FD52D38C6}.Debug|x64.Build.0 = Debug|x64
		{C6D5A60C-79E3-4206-9535-CB6FD52D38C6}.Debug|x86.ActiveCfg = Debug|Win32
		{C6D5A60C-79E3-4206-9535-CB6FD52D38C6}.Debug|x86.Build.0 = Debug|Win32
		{C6D5A60C-79E3-4206-9535-CB6FD52D38C6}.Release|x64.ActiveCfg = Release|x64
		{C6D5A60C-79E3-4206-9535-CB6FD52D38C6}.Release|x64.Build.0 = Release|x64
		{C6D5A60C-79E3-4206-9535-CB6FD52D38C6}.Release|x86.ActiveCfg = Release|Win32
		{C6D5A60C-79E3-4206-9535-CB6FD52D38C6}.Release|x86.Build.0 = Release|Win32
		{157233D6-F313-40FC-9753-A2A3EE1F5D02}.Debug|x64.ActiveCfg = Debug|x64
		{157233D6-F313-40FC-9753-A2A3EE1F5D02}.Debug|x64.Build.0 = Debug|x64
		{157233D6-F313-40FC-9753-A2A3EE1F5D02}.Debug|x86.ActiveCfg = Debug|Win32
		{157233D6-F313-40FC-9753-A2A3EE1F5D02}.Debug|x86.Build.0 = Debug|Win32
		{157233D6-F313-40FC-9753-A2A3EE1F5D02}.Release|x64.ActiveCfg = Release|x64
		{157233D6-F313-40FC-9753-A2A3EE1F5D02}.Release|x64.Build.0 = Release|x64
		{157233D6-F313-40FC-9753-A2A3EE1F5D02}.Release|x86.ActiveCfg = Release|Win32
		{157233D6-F313-40FC-9753-A2A3EE1F5D02}.Release|x86.Build.0 = Release|Win32
		{338E797E-3E2F-4987-8BD6-769834CB3C39}.Debug|x64.ActiveCfg = Debug|x64
		{338E797E-3E2F-4987-8BD6-769834CB3C39}.Debug|x64.Build.0 = Debug|x64
		{338E797E-3E2F-4987-8BD6-769834CB3C39}.Debug|x86.ActiveCfg = Debug|Win32
		{338E797E-3E2F-4987-8BD6-769834CB3C39}.Debug|x86.Build.0 = Debug|Win32
		{338E797E-3E2F-4987-8BD6-769834CB3C39}.Release|x64.ActiveCfg = Release|x64
		{338E797E-3E2F-4987-8BD6-769834CB3C39}.Release|x64.Build.0 = Release|x64
		{338E797E-3E2F-4987-8BD6-769834CB3C39}.Release|x86.ActiveCfg = Release|Win32
		{338E797E-3E2F-4987-8BD6-769834CB3C39}.Release|x86.Build.0 = Release|Win32
		{C7195939-673F-4744-8D6F-CDD4596C69AF}.Debug|x64.ActiveCfg = Debug|x64
		{C7195939-673F-4744-8D6F-CDD4596C69AF}.Debug|x64.Build.0 = Debug|x64
		{C7195939-673F-4744-8D6F-CDD4596C69AF}.Debug|x86.ActiveCfg = Debug|Win32
		{C7195939-673F-4744-8D6F-CDD4596C69AF}.Debug|x86.Build.0 = Debug|Win32
		{C7195939-673F-4744-8D6F-CDD4596C69AF}.Release|x64.ActiveCfg = Release|x64
		{C7195939-673F-4744-8D6F-CDD4596C69AF}.Release|x64.Build.0 = Release|x64
		{C7195939-673F-4744-8D6F-CDD4596C69AF}.Release|x86.ActiveCfg = Release|Win32
		{C7195939-673F-4744-8D6F-CDD4596C69AF}.Release|x86.Build.0 = Release|Win32
		{62CF302A-D075-4583-8B13-489F63B65574}.Debug|x64.ActiveCfg = Debug|x64
		{62CF302A-D075-4583-8B13-489F63B65574}.Debug|x64.Build.0 = Debug|x64
		{62CF302A-D075-4583-8B13-489F63B65574}.Debug|x86.ActiveCfg = Debug|Win32
		{62CF302A-D075-4583-8B13-489F63B65574}.Debug|x86.Build.0 = Debug|Win32
		{62CF302A-D075-4583-8B13-489F63B65574}.Release|x64.ActiveCfg = Release|x64
		{62CF302A-D075-4583-8B13-489F63B65574}.Release|x64.Build.0 = Release|x64
		{62CF302A-D075-4583-8B13-489F63B65574}.Release|x86.ActiveCfg = Release|Win32
		{62CF302A-D075-4583-8B13-489F63B65574}.Release|x86.Build.0 = Release|Win32
		{E0CAC678-321B-4486-876F-994118CFA412}.Debug|x64.ActiveCfg = Debug|x64
		{E0CAC678-321B-4486-876F-994118CFA412}.Debug|x64.Build.0 = Debug|x64
		{E0CAC678-321B-4486-876F-994118CFA412}.Debug|x86.ActiveCfg = Debug|Win32
		{E0CAC678-321B-4486-876F-994118CFA412}.Debug|x86.Build.0 = Debug|Win32
		{E0CAC678-321B-4486-876F-994118CFA412}.Release|x64.ActiveCfg = Release|x64
		{E0CAC678-321B-4486-876F-994118CFA412}.Release|x64.Build.0 = Release|x64
		{E0CAC678-321B-4486-876F-994118CFA412}.Release|x86.ActiveCfg = Release|Win32
		{E0CAC678-321B-4486-876F-994118CFA412}.Release|x86.Build.0 = Release|Win32
		{2FE84676-9EA3-474C-B5D9-236F05DC0FA2}.Debug|x64.ActiveCfg = Debug|x64
		{2FE84676-9EA3-474C-B5D9-236F05DC0FA2}.Debug|x64.Build.0 = Debug|x64
		{2FE84676-9EA3-474C-B5D9-236F05DC0FA2}.Debug|x86.ActiveCfg = Debug|Win32
		{2FE84676-9EA3-474C-B5D9-236F05DC0FA2}.Debug|x86.Build.0 = Debug|Win32
		{2FE84676-9EA3-474C-B5D9-236F05DC0FA2}.Release|x64.ActiveCfg = Release|x64
		{2FE84676-9EA3-474C-B5D9-236F05DC0FA2}.Release|x64.Build.0 = Release|x64
		{2FE84676-9EA3-474C-B5D9-236F05DC0FA2}.Release|x86.ActiveCfg = Release|Win32
		{2FE84676-9EA3-474C-B5D9-236F05DC0FA2}.Release|x86.Build.0 = Release|Win32
		{DE457200-CBE1-4F4D-98E1-3D832508018B}.Debug|x64.ActiveCfg = Debug|x64
		{DE457200-CBE1-4F4D-98E1-3D832508018B}.Debug|x64.Build.0 = Debug|x64
		{DE457200-CBE1-4F4D-98E1-3D832508018B}.Debug|x86.ActiveCfg = Debug|Win32
		{DE457200-CBE1-4F4D-98E1-3D832508018B}.Debug|x86.Build.0 = Debug|Win32
		{DE457200-CBE1-4F4D-98E1-3D832508018B}.Release|x64.ActiveCfg = Release|x64
		{DE457200-CBE1-4F4D-98E1-3D832508018B}.Release|x64.Build.0 = Release|x64
		{DE457200-CBE1-4F4D-98E1-3D832508018B}.Release|x86.ActiveCfg = Release|Win32
		{DE457200-CBE1-4F4D-98E1-3D832508018B}.Release|x86.Build.0 = Release|Win32
		{B25C5437-E9CE-4062-97C2-74301DD5DED8}.Debug|x64.ActiveCfg = Debug|x64
		{B25C5437-E9CE-4062-97C2-74301DD5DED8}.Debug|x64.Build.0 = Debug|x64
		{B25C5437-E9CE-4062-97C2-74301DD5DED8}.Debug|x86.ActiveCfg = Debug|Win32
		{B25C5437-E9CE-4062-97C2-74301DD5DED8}.Debug|x86.Build.0 = Debug|Win32
		{B25C5437-E9CE-4062-97C2-74301DD5DED8}.Release|x64.ActiveCfg = Release|x64
		{B25C5437-E9CE-4062-97C2-74301DD5DED8}.Release|x64.Build.0 = Release|x64
		{B25C5437-E9CE-4062-97C2-74301DD5DED8}.Release|x86.ActiveCfg = Release|Win32
		{B25C5437-E9CE-4062-97C2-74301DD5DED8}.Release|x86.Build.0 = Release|Win32
		{30DE695A-61EE-472C-B75D-3EC9D4673A7B}.Debug|x64.ActiveCfg = Debug|x64
		{30DE695A-61EE-472C-B75D-3EC9D4673A7B}.Debug|x64.Build.0 = Debug|x64
		{30DE695A-61EE-472C-B75D-3EC9D4673A7B}.Debug|x86.ActiveCfg = Debug|Win32
		{30DE695A-61EE-472C-B75D-3EC9D4673A7B}.Debug|x86.Build.0 = Debug|Win32
		{30DE695A-61EE-472C-B75D-3EC9D4673A7B}.Release|x64.ActiveCfg = Release|x64
		{30DE695A-61EE-472C-B75D-3EC9D4673A7B}.Release|x64.Build.0 = Release|x64
		{30DE695A-61EE-472C-B75D-3EC9D4673A7B}.Release|x86.ActiveCfg = Release|Win32
		{30DE695A-61EE-472C-B75D-3EC9D4673A7B}.Release|x86.Build.0 = Release|Win32
		{5042633A-9FC9-4723-B6DB-9A6926AF9674}.Debug|x64.ActiveCfg = Debug|x64
		{5042633A-9FC9-4723-B6DB-9A6926AF9674}.Debug|x64.Build.0 = Debug|x64
		{5042633A-9FC9-4723-B6DB-9A6926AF9674}.Debug|x86.ActiveCfg = Debug|Win32
		{5042633A-9FC9-4723-B6DB-9A6926AF9674}.Debug|x86.Build.0 = Debug|Win32
		{5042633A-9FC9-4723-B6DB-9A6926AF9674}.Release|x64.ActiveCfg = Release|x64
		{5042633A-9FC9-4723-B6DB-9A6926AF9674}.Release|x64.Build.0 = Release|x64
		{5042633A-9FC9-4723-B6DB-9A6926AF9674}.Release|x86.ActiveCfg = Release|Win32
		{5042633A-9FC9-4723-B6DB-9A6926AF9674}.Release|x86.Build.0 = Release|Win32
		{5F7926A8-6DC2-4C52-AB42-5BB38135C0BB}.Debug|x64.ActiveCfg = Debug|x64
		{5F7926A8-6DC2-4C52-AB42-5BB38135C0BB}.Debug|x64.Build.0 = Debug|x64
		{5F7926A8-6DC2-4C52-AB42-5BB38135C0BB}.Debug|x86.ActiveCfg = Debug|Win32
		{5F7926A8-6DC2-4C52-AB42-5BB38135C0BB}.Debug|x86.Build.0 = Debug|Win32
		{5F7926A8-6DC2-4C52-AB42-5BB38135C0BB}.Release|x64.ActiveCfg = Release|x64
		{5F7926A8-6DC2-4C52-AB42-5BB38135C0BB}.Release|x64.Build.0 = Release|x64
		{5F7926A8-6DC2-4C52-AB42-5BB38135C0BB}.Release|x86.ActiveCfg = Release|Win32
		{5F7926A8-6DC2-4C52-AB42-5BB38135C0BB}.Release|x86.Build.0 = Release|Win32
		{8259EA20-B934-4848-91AC-8579C7D3B8A5}.Debug|x64.ActiveCfg = Debug|x64
		{8259EA20-B934-4848-91AC-8579C7D3B8A5}.Debug|x64.Build.0 = Debug|x64
		{8259EA20-B934-4848-91AC-8579C7D3B8A5}.Debug|x86.ActiveCfg = Debug|Win32
		{8259EA20-B934-4848-91AC-8579C7D3B8A5}.Debug|x86.Build.0 = Debug|Win32
		{8259EA20-B934-4848-91AC-8579C7D3B8A5}.Release|x64.ActiveCfg = Release|x64
		{8259EA20-B934-4848-91AC-8579C7D3B8A5}.Release|x64.Build.0 = Release|x64
		{8259EA20-B934-4848-91AC-8579C7D3B8A5}.Release|x86.ActiveCfg = Release|Win32
		{8259EA20-B934-4848-91AC-8579C7D3B8A5}.Release|x86.Build.0 = Release|Win32
		{2583D444-D0BA-4F15-8576-468C835BB693}.Debug|x64.ActiveCfg = Debug|x64
		{2583D444-D0BA-4F15-8576-468C835BB693}.Debug|x64.Build.0 = Debug|x64
		{2583D444-D0BA-4F15-8576-468C835BB693}.Debug|x86.ActiveCfg = Debug|Win32
		{2583D444-D0BA-4F15-8576-468C835BB693}.Debug|x86.Build.0 = Debug|Win32
		{2583D444-D0BA-4F15-8576-468C835BB693}.Release|x64.ActiveCfg = Release|x64
		{2583D444-D0BA-4F15-8576-468C835BB693}.Release|x64.Build.0 = Release|x64
		{2583D444-D0BA-4F15-8576-468C835BB693}.Release|x86.ActiveCfg = Release|Win32
		{2583D444-D0BA-4F15-8576-468C835BB693}.Release|x86.Build.0 = Release|Win32
		{2D0A51AE-8A8C-4E78-84D4-E6990DF53453}.Debug|x64.ActiveCfg = Debug|x64
		{2D0A51AE-8A8C-4E78-84D4-E6990DF53453}.Debug|x64.Build.0 = Debug|x64
		{2D0A51AE-8A8C-4E78-84D4-E6990DF53453}.Debug|x86.ActiveCfg = Debug|Win32
		{2D0A51AE-8A8C-4E78-84D4-E6990DF53453}.Debug|x86.Build.0 = Debug|Win32
		{2D0A51AE-8A8C-4E78-84D4-E6990DF53453}.Release|x64.ActiveCfg = Release|x64
		{2D0A51AE-8A8C-4E78-84D4-E6990DF53453}.Release|x64.Build.0 = Release|x64
		{2D0A51AE-8A8C-4E78-84D4-E6990DF53453}.Release|x86.ActiveCfg = Release|Win32
		{2D0A51AE-8A8C-4E78-84D4-E6990DF53453}.Release|x86.Build.0 = Release|Win32
		{D51A3B8F-45D8-49F8-BB96-0D00B63F7A2A}.Debug|x64.ActiveCfg = Debug|x64
		{D51A3B8F-45D8-49F8-BB96-0D00B63F7A2A}.Debug|x64.Build.0 = Debug|x64
		{D51A3B8F-45D8-49F8-BB96-0D00B63F7A2A}.Debug|x86.ActiveCfg = Debug|Win32
		{D51A3B8F-45D8-49F8-BB96-0D00B63F7A2A}.Debug|x86.Build.0 = Debug|Win32
		{D51A3B8F-45D8-49F8-BB96-0D00B63F7A2A}.Release|x64.ActiveCfg = Release|x64
		{D51A3B8F-45D8-49F8-BB96-0D00B63F7A2A}.Release|x64.Build.0 = Release|x64
		{D51A3B8F-45D8-49F8-BB96-0D00B63F7A2A}.Release|x86.ActiveCfg = Release|Win32
		{D51A3B8F-45D8-49F8-BB96-0D00B63F7A2A}.Release|x86.Build.0 = Release|Win32
		{8B777A68-AD4E-4EBB-9461-123575D2FE9C}.Debug|x64.ActiveCfg = Debug|x64
		{8B777A68-AD4E-4EBB-9461-123575D2FE9C}.Debug|x64.Build.0 = Debug|x64
		{8B777A68-AD4E-4EBB-9461-123575D2FE9C}.Debug|x86.ActiveCfg = Debug|Win32
		{8B777A68-AD4E-4EBB-9461-123575D2FE9C}.Debug|x86.Build.0 = Debug|Win32
		{8B777A68-AD4E-4EBB-9461-123575D2FE9C}.Release|x64.ActiveCfg = Release|x64
		{8B777A68-AD4E-4EBB-9461-123575D2FE9C}.Release|x64.Build.0 = Release|x64
		{8B777A68-AD4E-4EBB-9461-123575D2FE9C}.Release|x86.ActiveCfg = Release|Win32
		{8B777A68-AD4E-4EBB-9461-123575D2FE9C}.Release|x86.Build.0 = Release|Win32
		{8E348C27-14EF-4796-B86D-B895C7FF2C74}.Debug|x64.ActiveCfg = Debug|x64
		{8E348C27-14EF-4796-B86D-B895C7FF2C74}.Debug|x64.Build.0 = Debug|x64
		{8E348C27-14EF-4796-B86D-B895C7FF2C74}.Debug|x86.ActiveCfg = Debug|Win32
		{8E348C27-14EF-4796-B86D-B895C7FF2C74}.Debug|x86.Build.0 = Debug|Win32
		{8E348C27-14EF-4796-B86D-B895C7FF2C74}.Release|x64.ActiveCfg = Release|x64
		{8E348C27-14EF-4796-B86D-B895C7FF2C74}.Release|x64.Build.0 = Release|x64
		{8E348C27-14EF-4796-B86D-B895C7FF2C74}.Release|x86.ActiveCfg = Release|Win32
		{8E348C27-14EF-4796-B86D-B895C7FF2C74}.Release|x86.Build.0 = Release|Win32
		{42702337-625D-418E-9167-59D0E2DDD3D9}.Debug|x64.ActiveCfg = Debug|x64
		{42702337-625D-418E-9167-59D0E2DDD3D9}.Debug|x64.Build.0 = Debug|x64
		{42702337-625D-418E-9167-59D0E2DDD3D9}.Debug|x86.ActiveCfg = Debug|Win32
		{42702337-625D-418E-9167-59D0E2DDD3D9}.Debug|x86.Build.0 = Debug|Win32
		{42702337-625D-418E-9167-59D0E2DDD3D9}.Release|x64.ActiveCfg = Release|x64
		{42702337-625D-418E-9167-59D0E2DDD3D9}.Release|x64.Build.0 = Release|x64
		{42702337-625D-418E-9167-59D0E2DDD3D9}.Release|x86.ActiveCfg = Release|Win32
		{42702337-625D-418E-9167-59D0E2DDD3D9}.Release|x86.Build.0 = Release|Win32
		{1B7B4259-3C17-405A-9361-139CFC109914}.Debug|x64.ActiveCfg = Debug|x64
		{1B7B4259-3C17-405A-9361-139CFC109914}.Debug|x64.Build.0 = Debug|x64
		{1B7B4259-3C17-405A-9361-139CFC109914}.Debug|x86.ActiveCfg = Debug|Win32
		{1B7B4259-3C17-405A-9361-139CFC109914}.Debug|x86.Build.0 = Debug|Win32
		{1B7B4259-3C17-405A-9361-139CFC109914}.Release|x64.ActiveCfg = Release|x64
		{1B7B4259-3C17-405A-9361-139CFC109914}.Release|x64.Build.0 = Release|x64
		{1B7B4259-3C17-405A-9361-139CFC109914}.Release|x86.ActiveCfg = Release|Win32
		{1B7B4259-3C17-405A-9361-139CFC109914}.Release|x86.Build.0 = Release|Win32
		{D955254D-5918-42D3-889B-29C19E1AEBB6}.Debug|x64.ActiveCfg = Debug|x64
		{D955254D-5918-42D3-889B-29C19E1AEBB6}.Debug|x64.Build.0 = Debug|x64
		{D955254D-5918-42D3-889B-29C19E1AEBB6}.Debug|x86.ActiveCfg = Debug|Win32
		{D955254D-5918-42D3-889B-29C19E1AEBB6}.Debug|x86.Build.0 = Debug|Win32
		{D955254D-5918-42D3-889B-29C19E1AEBB6}.Release|x64.ActiveCfg = Release|x64
		{D955254D-5918-42D3-889B-29C19E1AEBB6}.Release|x64.Build.0 = Release|x64
		{D955254D-5918-42D3-889B-29C19E1AEBB6}.Release|x86.ActiveCfg = Release|Win32
		{D955254D-5918-42D3-889B-29C19E1AEBB6}.Release|x86.Build.0 = Release|Win32
		{FCCB66A3-2107-4D69-876F-AE9FE4EDC70E}.Debug|x64.ActiveCfg = Debug|x64
		{FCCB66A3-2107-4D69-876F-AE9FE4EDC70E}.Debug|x64.Build.0 = Debug|x64
		{FCCB66A3-2107-4D69-876F-AE9FE4EDC70E}.Debug|x86.ActiveCfg = Debug|Win32
		{FCCB66A3-2107-4D69-876F-AE9FE4EDC70E}.Debug|x86.Build.0 = Debug|Win32
		{FCCB66A3-2107-4D69-876F-AE9FE4EDC70E}.Release|x64.ActiveCfg = Release|x64
		{FCCB66A3-2107-4D69-876F-AE9FE4EDC70E}.Release|x64.Build.0 = Release|x64
		{FCCB66A3-2107-4D69-876F-AE9FE4EDC70E}.Release|x86.ActiveCfg = Release|Win32
		{FCCB66A3-2107-4D69-876F-AE9FE4EDC70E}.Release|x86.Build.0 = Release|Win32
		{867A73B6-761F-4B82-AE61-2172C6628219}.Debug|x64.ActiveCfg = Debug|x64
		{867A73B6-761F-4B82-AE61-2172C6628219}.Debug|x64.Build.0 = Debug|x64
		{867A73B6-761F-4B82-AE61-2172C6628219}.Debug|x86.ActiveCfg = Debug|Win32
		{867A73B6-761F-4B82-AE61-2172C6628219}.Debug|x86.Build.0 = Debug|Win32
		{867A73B6-761F-4B82-AE61-2172C6628219}.Release|x64.ActiveCfg = Release|x64
		{867A73B6-761F-4B82-AE61-2172C6628219}.Release|x64.Build.0 = Release|x64
		{867A73B6-761F-4B82-AE61-2172C6628219}.Release|x86.ActiveCfg = Release|Win32
		{867A73B6-761F-4B82-AE61-2172C6628219}.Release|x86.Build.0 = Release|Win32
		{C4FD4C39-2FDA-4A8D-90D9-E4C26D072EEA}.Debug|x64.ActiveCfg = Debug|x64
		{C4FD4C39-2FDA-4A8D-90D9-E4C26D072EEA}.Debug|x64.Build.0 = Debug|x64
		{C4FD4C39-2FDA-4A8D-90D9-E4C26D072EEA}.Debug|x86.ActiveCfg = Debug|Win32
		{C4FD4C39-2FDA-4A8D-90D9-E4C26D072EEA}.Debug|x86.Build.0 = Debug|Win32
		{C4FD4C39-2FDA-4A8D-90D9-E4C26D072EEA}.Release|x64.ActiveCfg = Release|x64
		{C4FD4C39-2FDA-4A8D-90D9-E4C26D072EEA}.Release|x64.Build.0 = Release|x64
		{C4FD4C39-2FDA-4A8D-90D9-E4C26D072EEA}.Release|x86.ActiveCfg = Release|Win32
		{C4FD4C39-2FDA-4A8D-90D9-E4C26D072EEA}.Release|x86.Build.0 = Release|Win32
		{07AB1567-935B-450D-BA7A-1E48839907A9}.Debug|x64.ActiveCfg = Debug|x64
		{07AB1567-935B-450D-BA7A-1E48839907A9}.Debug|x64.Build.0 = Debug|x64
		{07AB1567-935B-450D-BA7A-1E48839907A9}.Debug|x86.ActiveCfg = Debug|Win32
		{07AB1567-935B-450D-BA7A-1E48839907A9}.Debug|x86.Build.0 = Debug|Win32
		{07AB1567-935B-450D-BA7A-1E48839907A9}.Release|x64.ActiveCfg = Release|x64
		{07AB1567-935B-450D-BA7A-1E48839907A9}.Release|x64.Build.0 = Release|x64
		{07AB1567-935B-450D-BA7A-1E48839907A9}.Release|x86.ActiveCfg = Release|Win32
		{07AB1567-935B-450D-BA7A-1E48839907A9}.Release|x86.Build.0 = Release|Win32
		{19FBF3D9-FFB2-4325-A576-278ADA292AC5}.Debug|x64.ActiveCfg = Debug|x64
		{19FBF3D9-FFB2-4325-A576-278ADA292AC5}.Debug|x64.Build.0 = Debug|x64
		{19FBF3D9-FFB2-4325-A576-278ADA292AC5}.Debug|x86.ActiveCfg = Debug|Win32
		{19FBF3D9-FFB2-4325-A576-278ADA292AC5}.Debug|x86.Build.0 = Debug|Win32
		{19FBF3D9-FFB2-4325-A576-278ADA292AC5}.Release|x64.ActiveCfg = Release|x64
		{19FBF3D9-FFB2-4325-A576-278ADA292AC5}.Release|x64.Build.0 = Release|x64
		{19FBF3D9-FFB2-4325-A576-278ADA292AC5}.Release|x86.ActiveCfg = Release|Win32
		{19FBF3D9-FFB2-4325-A576-278ADA292AC5}.Release|x86.Build.0 = Release|Win32
		{77A69B0D-6EF3-44FF-AB48-98D53A24D766}.Debug|x64.ActiveCfg = Debug|x64
		{77A69B0D-6EF3-44FF-AB48-98D53A24D766}.Debug|x64.Build.0 = Debug|x64
		{77A69B0D-6EF3-44FF-AB48-98D53A24D766}.Debug|x86.ActiveCfg = Debug|Win32
		{77A69B0D-6EF3-44FF-AB48-98D53A24D766}.Debug|x86.Build.0 = Debug|Win32
		{77A69B0D-6EF3-44FF-AB48-98D53A24D766}.Release|x64.ActiveCfg = Release|x64
		{77A69B0D-6EF3-44FF-AB48-98D53A24D766}.Release|x64.Build.0 = Release|x64
		{77A69B0D-6EF3-44FF-AB48-98D53A24D766}.Release|x86.ActiveCfg = Release|Win32
		{77A69B0D-6EF3-44FF-AB48-98D53A24D766}.Release|x86.Build.0 = Release|Win32
		{36023F75-8A1D-47FC-917C-3E2B6990AD14}.Debug|x64.ActiveCfg = Debug|x64
		{36023F75-8A1D-47FC-917C-3E2B6990AD14}.Debug|x64.Build.0 = Debug|x64
		{36023F75-8A1D-47FC-917C-3E2B6990AD14}.Debug|x86.ActiveCfg = Debug|Win32
		{36023F75-8A1D-47FC-917C-3E2B6990AD14}.Debug|x86.Build.0 = Debug|Win32
		{36023F75-8A1D-47FC-917C-3E2B6990AD14}.Release|x64.ActiveCfg = Release|x64
		{36023F75-8A1D-47FC-917C-3E2B6990AD14}.Release|x64.Build.0 = Release|x64
		{36023F75-8A1D-47FC-917C-3E2B6990AD14}.Release|x86.ActiveCfg = Release|Win32
		{36023F75-8A1D-47FC-917C-3E2B6990AD14}.Release|x86.Build.0 = Release|Win32
		{294E7FF0-04FE-496A-8C0B-3D96772D44DF}.Debug|x64.ActiveCfg = Debug|x64
		{294E7FF0-04FE-496A-8C0B-3D96772D44DF}.Debug|x64.Build.0 = Debug|x64
		{294E7FF0-04FE-496A-8C0B-3D96772D44DF}.Debug|x86.ActiveCfg = Debug|Win32
		{294E7FF0-04FE-496A-8C0B-3D96772D44DF}.Debug|x86.Build.0 = Debug|Win32
		{294E7FF0-04FE-496A-8C0B-3D96772D44DF}.Release|x64.ActiveCfg = Release|x64
		{294E7FF0-04FE-496A-8C0B-3D96772D44DF}.Release|x64.Build.0 = Release|x64
		{294E7FF0-04FE-496A-8C0B-3D96772D44DF}.Release|x86.ActiveCfg = Release|Win32
		{294E7FF0-04FE-496A-8C0B-3D96772D44DF}.Release|x86.Build.0 = Release|Win32
	EndGlobalSection
	GlobalSection(SolutionProperties) = preSolution
		HideSolutionNode = FALSE
	EndGlobalSection
	GlobalSection(NestedProjects) = preSolution
		{56D66E5F-1D99-4D1C-ACAF-37615C17CD19} = {F44EEFE0-E70A-4960-AB3E-303B6A6EBFE5}
		{A08BF267-4549-46A5-9486-572E89F06438} = {F44EEFE0-E70A-4960-AB3E-303B6A6EBFE5}
		{0A86CA15-7FAD-44D6-B899-9C8495F30F26} = {F44EEFE0-E70A-4960-AB3E-303B6A6EBFE5}
		{3AB90CCC-30A5-4A97-82CB-D4AC52B24896} = {F44EEFE0-E70A-4960-AB3E-303B6A6EBFE5}
		{2F9232CE-1386-4AAB-98F3-B844311FECA5} = {F44EEFE0-E70A-4960-AB3E-303B6A6EBFE5}
		{2B0F26B2-2012-4DE8-9644-30DEB5C84DC5} = {F44EEFE0-E70A-4960-AB3E-303B6A6EBFE5}
		{4A0FFA29-801A-4C40-82B5-543CCF7E1D01} = {F44EEFE0-E70A-4960-AB3E-303B6A6EBFE5}
		{659A1675-0D9B-46CB-A2F3-5ECE076FB46F} = {F44EEFE0-E70A-4960-AB3E-303B6A6EBFE5}
		{1527CB3B-4B0F-486D-8FC4-A8C54EA06B65} = {871170EA-B237-49ED-BE46-1504104A065A}
		{E69E7F37-FB84-4285-A706-0A2949518F63} = {871170EA-B237-49ED-BE46-1504104A065A}
		{38F1D31F-EB03-4ECC-A75A-7C115A9841AC} = {871170EA-B237-49ED-BE46-1504104A065A}
		{69E77B41-21FB-463E-A7A1-087C59EA9698} = {871170EA-B237-49ED-BE46-1504104A065A}
		{177426E7-580C-4B31-8ED9-32491C1062F0} = {871170EA-B237-49ED-BE46-1504104A065A}
		{2820B03D-6C6C-47E5-9DF3-2CFFDDA8B554} = {871170EA-B237-49ED-BE46-1504104A065A}
		{D5FBCA4D-FFDF-4A92-A5DE-E6EB4178560A} = {871170EA-B237-49ED-BE46-1504104A065A}
		{E47E8420-8628-43FF-89F7-068A60384151} = {871170EA-B237-49ED-BE46-1504104A065A}
		{2060E545-CD4A-4BDE-8C5B-D3E550770651} = {A9CFE1B7-CF42-4739-8AC5-B40FF63A0605}
		{A1E5B16F-EBBE-427E-8139-AFBBB558E223} = {A9CFE1B7-CF42-4739-8AC5-B40FF63A0605}
		{33076772-2255-4613-9D06-CD2708318E53} = {A9CFE1B7-CF42-4739-8AC5-B40FF63A0605}
		{B18FB933-30FA-4F11-B31D-D13F0F70F783} = {A9CFE1B7-CF42-4739-8AC5-B40FF63A0605}
		{6830D8A1-6BEE-4586-908A-C4A8D489F9AA} = {A9CFE1B7-CF42-4739-8AC5-B40FF63A0605}
		{B29C2EE1-85FD-4426-A0C4-4C9F5BFE408C} = {A9CFE1B7-CF42-4739-8AC5-B40FF63A0605}
		{C23B3524-F56C-4203-AD50-E730718B9D71} = {A9CFE1B7-CF42-4739-8AC5-B40FF63A0605}
		{F4B7E269-8D96-4739-83E9-8750F56A91E0} = {A9CFE1B7-CF42-4739-8AC5-B40FF63A0605}
		{74498D46-F348-4D57-A2CA-0892A91C9EE5} = {EC4529BA-298B-4E21-8FF4-E90C616B5F24}
		{14A073BE-B8EB-4DF0-B64E-14A5288721A7} = {EC4529BA-298B-4E21-8FF4-E90C616B5F24}
		{897AB4CD-055D-40FA-ADB0-E6E576BE733C} = {EC4529BA-298B-4E21-8FF4-E90C616B5F24}
		{8B8BADEC-05FA-4B5A-A6D9-EC85B08BFE63} = {EC4529BA-298B-4E21-8FF4-E90C616B5F24}
		{7AF81838-B1EE-4577-B006-566C1598A94D} = {EC4529BA-298B-4E21-8FF4-E90C616B5F24}
		{C7061B95-229B-4BC1-90C2-D2E939D096B7} = {EC4529BA-298B-4E21-8FF4-E90C616B5F24}
		{8C3E66F5-53D8-47D6-9C3F-0B0E56AE73C6} = {EC4529BA-298B-4E21-8FF4-E90C616B5F24}
		{9D1078F2-13D9-4D66-9653-949AAEC1D430} = {EC4529BA-298B-4E21-8FF4-E90C616B5F24}
		{087D3619-7988-4EF2-ACA1-21A8E99B5CC7} = {6335F579-B7D9-49CA-8970-CAE10A612A0E}
		{C9911C39-BA13-4938-B3A3-881A002ED260} = {6335F579-B7D9-49CA-8970-CAE10A612A0E}
		{154743C7-FE42-4B67-8490-181BF208A577} = {6335F579-B7D9-49CA-8970-CAE10A612A0E}
		{780CC24C-8C13-4900-8968-1F15C8D5BF4B} = {6335F579-B7D9-49CA-8970-CAE10A612A0E}
		{98D82780-365D-4EBA-8D78-3C5DA1AE0090} = {6335F579-B7D9-49CA-8970-CAE10A612A0E}
		{889B15AA-B3B0-4A97-9B41-B476FADEE57B} = {6335F579-B7D9-49CA-8970-CAE10A612A0E}
		{F4A4A324-BAF1-4037-80F7-600B2E955809} = {6335F579-B7D9-49CA-8970-CAE10A612A0E}
		{8D8C037E-FAEB-4FD3-A166-443778881069} = {6335F579-B7D9-49CA-8970-CAE10A612A0E}
		{9F7242E4-A1ED-4B82-B9CA-5971CE7AB05D} = {62D1173E-F95E-4BEE-9EC3-A0DF9F79E75F}
		{D1FA5C77-2140-4B5C-8B7A-B920F46975ED} = {62D1173E-F95E-4BEE-9EC3-A0DF9F79E75F}
		{E1C44D60-1626-4C39-B228-65BC88568B6C} = {62D1173E-F95E-4BEE-9EC3-A0DF9F79E75F}
		{B0887CBC-2046-4AE6-BB9F-6240188FF380} = {62D1173E-F95E-4BEE-9EC3-A0DF9F79E75F}
		{1F1D38BA-A6DB-4F59-925E-612D6B8FBDE3} = {62D1173E-F95E-4BEE-9EC3-A0DF9F79E75F}
		{0D6DF20E-69A0-40F8-9E0E-D1B68B735CB2} = {62D1173E-F95E-4BEE-9EC3-A0DF9F79E75F}
		{2F256318-A289-4612-A588-D813DE3EB620} = {62D1173E-F95E-4BEE-9EC3-A0DF9F79E75F}
		{FBF17960-BAF1-4236-89F8-B8EDE1AC0D1E} = {62D1173E-F95E-4BEE-9EC3-A0DF9F79E75F}
		{6A2BCCEA-3A21-448B-9421-6DAEFE3EA975} = {6DB237B1-A27D-4EA6-BA55-C66EBFFF05B7}
		{9113FAFD-8F51-42D0-8F96-BFE8D5638C14} = {6DB237B1-A27D-4EA6-BA55-C66EBFFF05B7}
		{91ED2D12-0441-46EB-9537-FD9B375253D7} = {6DB237B1-A27D-4EA6-BA55-C66EBFFF05B7}
		{C6D5A60C-79E3-4206-9535-CB6FD52D38C6} = {6DB237B1-A27D-4EA6-BA55-C66EBFFF05B7}
		{157233D6-F313-40FC-9753-A2A3EE1F5D02} = {6DB237B1-A27D-4EA6-BA55-C66EBFFF05B7}
		{338E797E-3E2F-4987-8BD6-769834CB3C39} = {6DB237B1-A27D-4EA6-BA55-C66EBFFF05B7}
		{C7195939-673F-4744-8D6F-CDD4596C69AF} = {6DB237B1-A27D-4EA6-BA55-C66EBFFF05B7}
		{62CF302A-D075-4583-8B13-489F63B65574} = {6DB237B1-A27D-4EA6-BA55-C66EBFFF05B7}
		{E0CAC678-321B-4486-876F-994118CFA412} = {E48C5488-560B-40B8-B201-DF6DD1E5C80D}
		{2FE84676-9EA3-474C-B5D9-236F05DC0FA2} = {E48C5488-560B-40B8-B201-DF6DD1E5C80D}
		{DE457200-CBE1-4F4D-98E1-3D832508018B} = {E48C5488-560B-40B8-B201-DF6DD1E5C80D}
		{B25C5437-E9CE-4062-97C2-74301DD5DED8} = {E48C5488-560B-40B8-B201-DF6DD1E5C80D}
		{30DE695A-61EE-472C-B75D-3EC9D4673A7B} = {E48C5488-560B-40B8-B201-DF6DD1E5C80D}
		{5042633A-9FC9-4723-B6DB-9A6926AF9674} = {E48C5488-560B-40B8-B201-DF6DD1E5C80D}
		{5F7926A8-6DC2-4C52-AB42-5BB38135C0BB} = {E48C5488-560B-40B8-B201-DF6DD1E5C80D}
		{8259EA20-B934-4848-91AC-8579C7D3B8A5} = {E48C5488-560B-40B8-B201-DF6DD1E5C80D}
		{2583D444-D0BA-4F15-8576-468C835BB693} = {8D77AEA2-4952-4195-958C-984815910CE3}
		{2D0A51AE-8A8C-4E78-84D4-E6990DF53453} = {8D77AEA2-4952-4195-958C-984815910CE3}
		{D51A3B8F-45D8-49F8-BB96-0D00B63F7A2A} = {8D77AEA2-4952-4195-958C-984815910CE3}
		{8B777A68-AD4E-4EBB-9461-123575D2FE9C} = {8D77AEA2-4952-4195-958C-984815910CE3}
		{8E348C27-14EF-4796-B86D-B895C7FF2C74} = {8D77AEA2-4952-4195-958C-984815910CE3}
		{42702337-625D-418E-9167-59D0E2DDD3D9} = {8D77AEA2-4952-4195-958C-984815910CE3}
		{1B7B4259-3C17-405A-9361-139CFC109914} = {8D77AEA2-4952-4195-958C-984815910CE3}
		{D955254D-5918-42D3-889B-29C19E1AEBB6} = {8D77AEA2-4952-4195-958C-984815910CE3}
		{FCCB66A3-2107-4D69-876F-AE9FE4EDC70E} = {42A601B6-3539-482A-8331-07A5518A99FC}
		{867A73B6-761F-4B82-AE61-2172C6628219} = {42A601B6-3539-482A-8331-07A5518A99FC}
		{C4FD4C39-2FDA-4A8D-90D9-E4C26D072EEA} = {42A601B6-3539-482A-8331-07A5518A99FC}
		{07AB1567-935B-450D-BA7A-1E48839907A9} = {42A601B6-3539-482A-8331-07A5518A99FC}
		{19FBF3D9-FFB2-4325-A576-278ADA292AC5} = {42A601B6-3539-482A-8331-07A5518A99FC}
		{77A69B0D-6EF3-44FF-AB48-98D53A24D766} = {42A601B6-3539-482A-8331-07A5518A99FC}
		{36023F75-8A1D-47FC-917C-3E2B6990AD14} = {42A601B6-3539-482A-8331-07A5518A99FC}
		{294E7FF0-04FE-496A-8C0B-3D96772D44DF} = {42A601B6-3539-482A-8331-07A5518A99FC}
	EndGlobalSection
	GlobalSection(ExtensibilityGlobals) = postSolution
		SolutionGuid = {8FF3AFA1-AF3B-4A69-8F7D-B6E6EADAD5CE}
	EndGlobalSection
EndGlobal
