<?xml version="1.0" encoding="utf-8"?>
<Project ToolsVersion="4.0" xmlns="http://schemas.microsoft.com/developer/msbuild/2003">
  <ItemGroup>
    <Filter Include="Source Files">
      <UniqueIdentifier>{eec164c4-a8c5-459c-a068-27c8dbb4cc47}</UniqueIdentifier>
      <Extensions>cpp;c;cxx;rc;def;r;odl;idl;hpj;bat</Extensions>
    </Filter>
  </ItemGroup>
  <ItemGroup>
    <ClCompile Include="..\mono\mini\genmdesc.c">
      <Filter>Source Files</Filter>
    </ClCompile>
    <ClCompile Include="..\mono\mini\helpers.c">
      <Filter>Source Files</Filter>
    </ClCompile>
    <ClCompile Include="..\mono\utils\monobitset.c">
      <Filter>Source Files</Filter>
    </ClCompile>
    <ClCompile Include="..\mono\metadata\opcodes.c">
      <Filter>Source Files</Filter>
    </ClCompile>
  </ItemGroup>
</Project>